// !$*UTF8*$!
{
	archiveVersion = 1;
	classes = {
	};
	objectVersion = 46;
	objects = {

/* Begin PBXBuildFile section */
		0108CED013BB1B4F0000ECE1 /* Account.m in Sources */ = {isa = PBXBuildFile; fileRef = 0108CECF13BB1B4F0000ECE1 /* Account.m */; };
		0108CED313BB1EC00000ECE1 /* BasecampAccount.m in Sources */ = {isa = PBXBuildFile; fileRef = 0108CED213BB1EC00000ECE1 /* BasecampAccount.m */; };
		0108CEDD13BB8CB90000ECE1 /* Security.framework in Frameworks */ = {isa = PBXBuildFile; fileRef = 0108CEDC13BB8CB80000ECE1 /* Security.framework */; };
		0108CEE013BBA3AC0000ECE1 /* NSString+Base64.m in Sources */ = {isa = PBXBuildFile; fileRef = 0108CEDF13BBA3AC0000ECE1 /* NSString+Base64.m */; };
		0117B30613AD27CB0018AB7C /* NSArray+Linqish.m in Sources */ = {isa = PBXBuildFile; fileRef = 0117B30513AD27CB0018AB7C /* NSArray+Linqish.m */; };
		0125C6CD13C7C8B10006BB1A /* NSView+PrintHierarchy.m in Sources */ = {isa = PBXBuildFile; fileRef = 0125C6CC13C7C8B10006BB1A /* NSView+PrintHierarchy.m */; };
		012734BE15DFFB4E00512361 /* RSSAtomAccount.m in Sources */ = {isa = PBXBuildFile; fileRef = 012734BD15DFFB4E00512361 /* RSSAtomAccount.m */; };
		0133CEA61530974B00CF6647 /* NSAlert+Foreground.m in Sources */ = {isa = PBXBuildFile; fileRef = 0133CEA21530973E00CF6647 /* NSAlert+Foreground.m */; };
		013B1AA815E703F3008E9ACB /* NSDate+InternetDateTime.m in Sources */ = {isa = PBXBuildFile; fileRef = 013B1AA615E703F3008E9ACB /* NSDate+InternetDateTime.m */; };
		013B1AB615E83BAC008E9ACB /* StatusItem.png in Resources */ = {isa = PBXBuildFile; fileRef = 013B1AAE15E83BAC008E9ACB /* StatusItem.png */; };
		013B1AB715E83BAC008E9ACB /* StatusItem@2x.png in Resources */ = {isa = PBXBuildFile; fileRef = 013B1AAF15E83BAC008E9ACB /* StatusItem@2x.png */; };
		013B1AB815E83BAC008E9ACB /* StatusItemInactive.png in Resources */ = {isa = PBXBuildFile; fileRef = 013B1AB015E83BAC008E9ACB /* StatusItemInactive.png */; };
		013B1AB915E83BAC008E9ACB /* StatusItemInactive@2x.png in Resources */ = {isa = PBXBuildFile; fileRef = 013B1AB115E83BAC008E9ACB /* StatusItemInactive@2x.png */; };
		013B1ABA15E83BAC008E9ACB /* StatusItemSelected.png in Resources */ = {isa = PBXBuildFile; fileRef = 013B1AB215E83BAC008E9ACB /* StatusItemSelected.png */; };
		013B1ABB15E83BAC008E9ACB /* StatusItemSelected@2x.png in Resources */ = {isa = PBXBuildFile; fileRef = 013B1AB315E83BAC008E9ACB /* StatusItemSelected@2x.png */; };
		013B1ABC15E83BAC008E9ACB /* StatusItemUnread.png in Resources */ = {isa = PBXBuildFile; fileRef = 013B1AB415E83BAC008E9ACB /* StatusItemUnread.png */; };
		013B1ABD15E83BAC008E9ACB /* StatusItemUnread@2x.png in Resources */ = {isa = PBXBuildFile; fileRef = 013B1AB515E83BAC008E9ACB /* StatusItemUnread@2x.png */; };
		013B1AC015E83BBB008E9ACB /* Unread.png in Resources */ = {isa = PBXBuildFile; fileRef = 013B1ABE15E83BBB008E9ACB /* Unread.png */; };
		013B1AC115E83BBB008E9ACB /* Unread@2x.png in Resources */ = {isa = PBXBuildFile; fileRef = 013B1ABF15E83BBB008E9ACB /* Unread@2x.png */; };
		013B1AC515E843BD008E9ACB /* AlertCautionIcon.icns in Resources */ = {isa = PBXBuildFile; fileRef = 013B1AC415E843BD008E9ACB /* AlertCautionIcon.icns */; };
		013B1AC815E84490008E9ACB /* Accounts.icns in Resources */ = {isa = PBXBuildFile; fileRef = 013B1AC615E84490008E9ACB /* Accounts.icns */; };
		013B1AC915E84490008E9ACB /* General.icns in Resources */ = {isa = PBXBuildFile; fileRef = 013B1AC715E84490008E9ACB /* General.icns */; };
		013B1B0D15E8451D008E9ACB /* Basecamp.png in Resources */ = {isa = PBXBuildFile; fileRef = 013B1ACA15E8451D008E9ACB /* Basecamp.png */; };
		013B1B0E15E8451D008E9ACB /* Basecamp@2x.png in Resources */ = {isa = PBXBuildFile; fileRef = 013B1ACB15E8451D008E9ACB /* Basecamp@2x.png */; };
		013B1B0F15E8451D008E9ACB /* BasecampAccount.png in Resources */ = {isa = PBXBuildFile; fileRef = 013B1ACC15E8451D008E9ACB /* BasecampAccount.png */; };
		013B1B1015E8451D008E9ACB /* BasecampAccount@2x.png in Resources */ = {isa = PBXBuildFile; fileRef = 013B1ACD15E8451D008E9ACB /* BasecampAccount@2x.png */; };
		013B1B1115E8451D008E9ACB /* BasecampNotify.png in Resources */ = {isa = PBXBuildFile; fileRef = 013B1ACE15E8451D008E9ACB /* BasecampNotify.png */; };
		013B1B1215E8451D008E9ACB /* BasecampNotify@2x.png in Resources */ = {isa = PBXBuildFile; fileRef = 013B1ACF15E8451D008E9ACB /* BasecampNotify@2x.png */; };
		013B1B1315E8451D008E9ACB /* Beanstalk.png in Resources */ = {isa = PBXBuildFile; fileRef = 013B1AD015E8451D008E9ACB /* Beanstalk.png */; };
		013B1B1415E8451D008E9ACB /* Beanstalk@2x.png in Resources */ = {isa = PBXBuildFile; fileRef = 013B1AD115E8451D008E9ACB /* Beanstalk@2x.png */; };
		013B1B1515E8451D008E9ACB /* BeanstalkAccount.png in Resources */ = {isa = PBXBuildFile; fileRef = 013B1AD215E8451D008E9ACB /* BeanstalkAccount.png */; };
		013B1B1615E8451D008E9ACB /* BeanstalkAccount@2x.png in Resources */ = {isa = PBXBuildFile; fileRef = 013B1AD315E8451D008E9ACB /* BeanstalkAccount@2x.png */; };
		013B1B1715E8451D008E9ACB /* BeanstalkNotify.png in Resources */ = {isa = PBXBuildFile; fileRef = 013B1AD415E8451D008E9ACB /* BeanstalkNotify.png */; };
		013B1B1815E8451D008E9ACB /* BeanstalkNotify@2x.png in Resources */ = {isa = PBXBuildFile; fileRef = 013B1AD515E8451D008E9ACB /* BeanstalkNotify@2x.png */; };
		013B1B1915E8451D008E9ACB /* Default.png in Resources */ = {isa = PBXBuildFile; fileRef = 013B1AD615E8451D008E9ACB /* Default.png */; };
		013B1B1A15E8451D008E9ACB /* Dribbble.png in Resources */ = {isa = PBXBuildFile; fileRef = 013B1AD715E8451D008E9ACB /* Dribbble.png */; };
		013B1B1B15E8451D008E9ACB /* Dribbble@2x.png in Resources */ = {isa = PBXBuildFile; fileRef = 013B1AD815E8451D008E9ACB /* Dribbble@2x.png */; };
		013B1B1C15E8451D008E9ACB /* DribbbleAccount.png in Resources */ = {isa = PBXBuildFile; fileRef = 013B1AD915E8451D008E9ACB /* DribbbleAccount.png */; };
		013B1B1D15E8451D008E9ACB /* DribbbleAccount@2x.png in Resources */ = {isa = PBXBuildFile; fileRef = 013B1ADA15E8451D008E9ACB /* DribbbleAccount@2x.png */; };
		013B1B1E15E8451D008E9ACB /* DribbbleNotify.png in Resources */ = {isa = PBXBuildFile; fileRef = 013B1ADB15E8451D008E9ACB /* DribbbleNotify.png */; };
		013B1B1F15E8451D008E9ACB /* DribbbleNotify@2x.png in Resources */ = {isa = PBXBuildFile; fileRef = 013B1ADC15E8451D008E9ACB /* DribbbleNotify@2x.png */; };
		013B1B2015E8451D008E9ACB /* Dropmark.png in Resources */ = {isa = PBXBuildFile; fileRef = 013B1ADD15E8451D008E9ACB /* Dropmark.png */; };
		013B1B2115E8451D008E9ACB /* Dropmark@2x.png in Resources */ = {isa = PBXBuildFile; fileRef = 013B1ADE15E8451D008E9ACB /* Dropmark@2x.png */; };
		013B1B2215E8451D008E9ACB /* DropmarkAccount.png in Resources */ = {isa = PBXBuildFile; fileRef = 013B1ADF15E8451D008E9ACB /* DropmarkAccount.png */; };
		013B1B2315E8451D008E9ACB /* DropmarkAccount@2x.png in Resources */ = {isa = PBXBuildFile; fileRef = 013B1AE015E8451D008E9ACB /* DropmarkAccount@2x.png */; };
		013B1B2415E8451D008E9ACB /* DropmarkNotify.png in Resources */ = {isa = PBXBuildFile; fileRef = 013B1AE115E8451D008E9ACB /* DropmarkNotify.png */; };
		013B1B2515E8451D008E9ACB /* DropmarkNotify@2x.png in Resources */ = {isa = PBXBuildFile; fileRef = 013B1AE215E8451D008E9ACB /* DropmarkNotify@2x.png */; };
		013B1B2615E8451D008E9ACB /* Github.png in Resources */ = {isa = PBXBuildFile; fileRef = 013B1AE315E8451D008E9ACB /* Github.png */; };
		013B1B2715E8451D008E9ACB /* Github@2x.png in Resources */ = {isa = PBXBuildFile; fileRef = 013B1AE415E8451D008E9ACB /* Github@2x.png */; };
		013B1B2815E8451D008E9ACB /* GithubAccount.png in Resources */ = {isa = PBXBuildFile; fileRef = 013B1AE515E8451D008E9ACB /* GithubAccount.png */; };
		013B1B2915E8451D008E9ACB /* GithubAccount@2x.png in Resources */ = {isa = PBXBuildFile; fileRef = 013B1AE615E8451D008E9ACB /* GithubAccount@2x.png */; };
		013B1B2A15E8451D008E9ACB /* GithubNotify.png in Resources */ = {isa = PBXBuildFile; fileRef = 013B1AE715E8451D008E9ACB /* GithubNotify.png */; };
		013B1B2B15E8451D008E9ACB /* GithubNotify@2x.png in Resources */ = {isa = PBXBuildFile; fileRef = 013B1AE815E8451D008E9ACB /* GithubNotify@2x.png */; };
		013B1B2C15E8451D008E9ACB /* Highrise.png in Resources */ = {isa = PBXBuildFile; fileRef = 013B1AE915E8451D008E9ACB /* Highrise.png */; };
		013B1B2D15E8451D008E9ACB /* Highrise@2x.png in Resources */ = {isa = PBXBuildFile; fileRef = 013B1AEA15E8451D008E9ACB /* Highrise@2x.png */; };
		013B1B2E15E8451D008E9ACB /* HighriseAccount.png in Resources */ = {isa = PBXBuildFile; fileRef = 013B1AEB15E8451D008E9ACB /* HighriseAccount.png */; };
		013B1B2F15E8451D008E9ACB /* HighriseAccount@2x.png in Resources */ = {isa = PBXBuildFile; fileRef = 013B1AEC15E8451D008E9ACB /* HighriseAccount@2x.png */; };
		013B1B3015E8451D008E9ACB /* HighriseNotify.png in Resources */ = {isa = PBXBuildFile; fileRef = 013B1AED15E8451D008E9ACB /* HighriseNotify.png */; };
		013B1B3115E8451D008E9ACB /* HighriseNotify@2x.png in Resources */ = {isa = PBXBuildFile; fileRef = 013B1AEE15E8451D008E9ACB /* HighriseNotify@2x.png */; };
		013B1B3215E8451D008E9ACB /* PivotalTracker.png in Resources */ = {isa = PBXBuildFile; fileRef = 013B1AEF15E8451D008E9ACB /* PivotalTracker.png */; };
		013B1B3315E8451D008E9ACB /* PivotalTracker@2x.png in Resources */ = {isa = PBXBuildFile; fileRef = 013B1AF015E8451D008E9ACB /* PivotalTracker@2x.png */; };
		013B1B3415E8451D008E9ACB /* PivotalTrackerAccount.png in Resources */ = {isa = PBXBuildFile; fileRef = 013B1AF115E8451D008E9ACB /* PivotalTrackerAccount.png */; };
		013B1B3515E8451D008E9ACB /* PivotalTrackerAccount@2x.png in Resources */ = {isa = PBXBuildFile; fileRef = 013B1AF215E8451D008E9ACB /* PivotalTrackerAccount@2x.png */; };
		013B1B3615E8451D008E9ACB /* PivotalTrackerNotify.png in Resources */ = {isa = PBXBuildFile; fileRef = 013B1AF315E8451D008E9ACB /* PivotalTrackerNotify.png */; };
		013B1B3715E8451D008E9ACB /* PivotalTrackerNotify@2x.png in Resources */ = {isa = PBXBuildFile; fileRef = 013B1AF415E8451D008E9ACB /* PivotalTrackerNotify@2x.png */; };
		013B1B3815E8451D008E9ACB /* RSSAtom.png in Resources */ = {isa = PBXBuildFile; fileRef = 013B1AF515E8451D008E9ACB /* RSSAtom.png */; };
		013B1B3915E8451D008E9ACB /* RSSAtom@2x.png in Resources */ = {isa = PBXBuildFile; fileRef = 013B1AF615E8451D008E9ACB /* RSSAtom@2x.png */; };
		013B1B3A15E8451D008E9ACB /* RSSAtomAccount.png in Resources */ = {isa = PBXBuildFile; fileRef = 013B1AF715E8451D008E9ACB /* RSSAtomAccount.png */; };
		013B1B3B15E8451D008E9ACB /* RSSAtomAccount@2x.png in Resources */ = {isa = PBXBuildFile; fileRef = 013B1AF815E8451D008E9ACB /* RSSAtomAccount@2x.png */; };
		013B1B3C15E8451D008E9ACB /* RSSAtomNotify.png in Resources */ = {isa = PBXBuildFile; fileRef = 013B1AF915E8451D008E9ACB /* RSSAtomNotify.png */; };
		013B1B3D15E8451D008E9ACB /* RSSAtomNotify@2x.png in Resources */ = {isa = PBXBuildFile; fileRef = 013B1AFA15E8451D008E9ACB /* RSSAtomNotify@2x.png */; };
		013B1B3E15E8451D008E9ACB /* Trello.png in Resources */ = {isa = PBXBuildFile; fileRef = 013B1AFB15E8451D008E9ACB /* Trello.png */; };
		013B1B3F15E8451D008E9ACB /* Trello@2x.png in Resources */ = {isa = PBXBuildFile; fileRef = 013B1AFC15E8451D008E9ACB /* Trello@2x.png */; };
		013B1B4015E8451D008E9ACB /* TrelloAccount.png in Resources */ = {isa = PBXBuildFile; fileRef = 013B1AFD15E8451D008E9ACB /* TrelloAccount.png */; };
		013B1B4115E8451D008E9ACB /* TrelloAccount@2x.png in Resources */ = {isa = PBXBuildFile; fileRef = 013B1AFE15E8451D008E9ACB /* TrelloAccount@2x.png */; };
		013B1B4215E8451D008E9ACB /* TrelloNotify.png in Resources */ = {isa = PBXBuildFile; fileRef = 013B1AFF15E8451D008E9ACB /* TrelloNotify.png */; };
		013B1B4315E8451D008E9ACB /* TrelloNotify@2x.png in Resources */ = {isa = PBXBuildFile; fileRef = 013B1B0015E8451D008E9ACB /* TrelloNotify@2x.png */; };
		013B1B4415E8451D008E9ACB /* UserVoice.png in Resources */ = {isa = PBXBuildFile; fileRef = 013B1B0115E8451D008E9ACB /* UserVoice.png */; };
		013B1B4515E8451D008E9ACB /* UserVoice@2x.png in Resources */ = {isa = PBXBuildFile; fileRef = 013B1B0215E8451D008E9ACB /* UserVoice@2x.png */; };
		013B1B4615E8451D008E9ACB /* UserVoiceAccount.png in Resources */ = {isa = PBXBuildFile; fileRef = 013B1B0315E8451D008E9ACB /* UserVoiceAccount.png */; };
		013B1B4715E8451D008E9ACB /* UserVoiceAccount@2x.png in Resources */ = {isa = PBXBuildFile; fileRef = 013B1B0415E8451D008E9ACB /* UserVoiceAccount@2x.png */; };
		013B1B4815E8451D008E9ACB /* UserVoiceNotify.png in Resources */ = {isa = PBXBuildFile; fileRef = 013B1B0515E8451D008E9ACB /* UserVoiceNotify.png */; };
		013B1B4915E8451D008E9ACB /* UserVoiceNotify@2x.png in Resources */ = {isa = PBXBuildFile; fileRef = 013B1B0615E8451D008E9ACB /* UserVoiceNotify@2x.png */; };
		013B1B4A15E8451D008E9ACB /* Zendesk.png in Resources */ = {isa = PBXBuildFile; fileRef = 013B1B0715E8451D008E9ACB /* Zendesk.png */; };
		013B1B4B15E8451D008E9ACB /* Zendesk@2x.png in Resources */ = {isa = PBXBuildFile; fileRef = 013B1B0815E8451D008E9ACB /* Zendesk@2x.png */; };
		013B1B4C15E8451D008E9ACB /* ZendeskAccount.png in Resources */ = {isa = PBXBuildFile; fileRef = 013B1B0915E8451D008E9ACB /* ZendeskAccount.png */; };
		013B1B4D15E8451D008E9ACB /* ZendeskAccount@2x.png in Resources */ = {isa = PBXBuildFile; fileRef = 013B1B0A15E8451D008E9ACB /* ZendeskAccount@2x.png */; };
		013B1B4E15E8451D008E9ACB /* ZendeskNotify.png in Resources */ = {isa = PBXBuildFile; fileRef = 013B1B0B15E8451D008E9ACB /* ZendeskNotify.png */; };
		013B1B4F15E8451D008E9ACB /* ZendeskNotify@2x.png in Resources */ = {isa = PBXBuildFile; fileRef = 013B1B0C15E8451D008E9ACB /* ZendeskNotify@2x.png */; };
		013BE6ED15E14F7E0002F51E /* DDFileLogger.m in Sources */ = {isa = PBXBuildFile; fileRef = 013BE6E515E14F7E0002F51E /* DDFileLogger.m */; };
		013BE6EE15E14F7E0002F51E /* DDLog.m in Sources */ = {isa = PBXBuildFile; fileRef = 013BE6E615E14F7E0002F51E /* DDLog.m */; };
		013BE6EF15E14F7E0002F51E /* DDTTYLogger.m in Sources */ = {isa = PBXBuildFile; fileRef = 013BE6E715E14F7E0002F51E /* DDTTYLogger.m */; };
		013BE6F015E14F7E0002F51E /* DDASLLogger.m in Sources */ = {isa = PBXBuildFile; fileRef = 013BE6E815E14F7E0002F51E /* DDASLLogger.m */; };
		014147A01486B019000D63E5 /* UserVoiceAccount.m in Sources */ = {isa = PBXBuildFile; fileRef = 0141479F1486B019000D63E5 /* UserVoiceAccount.m */; };
		014147AE1486B258000D63E5 /* TFHpple.m in Sources */ = {isa = PBXBuildFile; fileRef = 014147A91486B258000D63E5 /* TFHpple.m */; settings = {COMPILER_FLAGS = "-fno-objc-arc"; }; };
		014147AF1486B258000D63E5 /* TFHppleElement.m in Sources */ = {isa = PBXBuildFile; fileRef = 014147AB1486B258000D63E5 /* TFHppleElement.m */; settings = {COMPILER_FLAGS = "-fno-objc-arc"; }; };
		014147B01486B258000D63E5 /* XPathQuery.m in Sources */ = {isa = PBXBuildFile; fileRef = 014147AD1486B258000D63E5 /* XPathQuery.m */; settings = {COMPILER_FLAGS = "-fno-objc-arc"; }; };
		014147B31486B2BF000D63E5 /* libxml2.2.dylib in Frameworks */ = {isa = PBXBuildFile; fileRef = 014147B11486B27F000D63E5 /* libxml2.2.dylib */; };
		014147B81486B575000D63E5 /* NSString+English.m in Sources */ = {isa = PBXBuildFile; fileRef = 014147B71486B575000D63E5 /* NSString+English.m */; };
		014147BB1486BAB5000D63E5 /* ISO8601DateFormatter.m in Sources */ = {isa = PBXBuildFile; fileRef = 014147BA1486BAB5000D63E5 /* ISO8601DateFormatter.m */; settings = {COMPILER_FLAGS = "-fno-objc-arc"; }; };
		01518F7E13C54F480043AB98 /* CG+Geometry.m in Sources */ = {isa = PBXBuildFile; fileRef = 01518F7D13C54F480043AB98 /* CG+Geometry.m */; };
		01524F4514BFB45F00913D84 /* TrelloAccount.m in Sources */ = {isa = PBXBuildFile; fileRef = 01524F4414BFB45F00913D84 /* TrelloAccount.m */; };
		015D788F13C6394600BCD7C4 /* Popover.html in Resources */ = {isa = PBXBuildFile; fileRef = 015D788E13C6394600BCD7C4 /* Popover.html */; };
		015E0ED814475D2E000A611D /* AccountCell.m in Sources */ = {isa = PBXBuildFile; fileRef = 015E0ED714475D2E000A611D /* AccountCell.m */; };
		015E0EE614478DB6000A611D /* JSONKit.m in Sources */ = {isa = PBXBuildFile; fileRef = 015E0EE514478DB6000A611D /* JSONKit.m */; settings = {COMPILER_FLAGS = "-fno-objc-arc"; }; };
		0181D973152492D400D1E78B /* BasecampNextAccount.m in Sources */ = {isa = PBXBuildFile; fileRef = 0181D972152492D400D1E78B /* BasecampNextAccount.m */; };
		01937C8313A03F5000BCE1D4 /* Cocoa.framework in Frameworks */ = {isa = PBXBuildFile; fileRef = 01937C8213A03F5000BCE1D4 /* Cocoa.framework */; };
		01937C8D13A03F5000BCE1D4 /* InfoPlist.strings in Resources */ = {isa = PBXBuildFile; fileRef = 01937C8B13A03F5000BCE1D4 /* InfoPlist.strings */; };
		01937C9013A03F5000BCE1D4 /* main.m in Sources */ = {isa = PBXBuildFile; fileRef = 01937C8F13A03F5000BCE1D4 /* main.m */; };
		01937C9313A03F5000BCE1D4 /* Credits.rtf in Resources */ = {isa = PBXBuildFile; fileRef = 01937C9113A03F5000BCE1D4 /* Credits.rtf */; };
		01937C9613A03F5000BCE1D4 /* AppDelegate.m in Sources */ = {isa = PBXBuildFile; fileRef = 01937C9513A03F5000BCE1D4 /* AppDelegate.m */; };
		01937C9913A03F5000BCE1D4 /* App.xib in Resources */ = {isa = PBXBuildFile; fileRef = 01937C9713A03F5000BCE1D4 /* App.xib */; };
		01937CB013A05A3A00BCE1D4 /* SMWebRequest.m in Sources */ = {isa = PBXBuildFile; fileRef = 01937CAE13A05A3A00BCE1D4 /* SMWebRequest.m */; settings = {COMPILER_FLAGS = "-fno-objc-arc"; }; };
		01937CB613A05A6C00BCE1D4 /* SMXMLDocument.m in Sources */ = {isa = PBXBuildFile; fileRef = 01937CB413A05A6C00BCE1D4 /* SMXMLDocument.m */; settings = {COMPILER_FLAGS = "-fno-objc-arc"; }; };
		01937CB913A05B8700BCE1D4 /* Feed.m in Sources */ = {isa = PBXBuildFile; fileRef = 01937CB813A05B8700BCE1D4 /* Feed.m */; };
		019EE0C314701FA500B67B74 /* Growl.framework in Frameworks */ = {isa = PBXBuildFile; fileRef = 019EE0C214701FA500B67B74 /* Growl.framework */; };
		019EE0DC147023B800B67B74 /* DDHotKeyCenter.m in Sources */ = {isa = PBXBuildFile; fileRef = 019EE0CE147023B800B67B74 /* DDHotKeyCenter.m */; settings = {COMPILER_FLAGS = "-fno-objc-arc"; }; };
		019EE0E41470248600B67B74 /* Growl.framework in Copy Frameworks */ = {isa = PBXBuildFile; fileRef = 019EE0C214701FA500B67B74 /* Growl.framework */; };
		019EE0EE147034E400B67B74 /* ShortcutRecorder.framework in Frameworks */ = {isa = PBXBuildFile; fileRef = 019EE0ED147034E400B67B74 /* ShortcutRecorder.framework */; };
		019EE0EF147034FD00B67B74 /* ShortcutRecorder.framework in Copy Frameworks */ = {isa = PBXBuildFile; fileRef = 019EE0ED147034E400B67B74 /* ShortcutRecorder.framework */; };
		019EE0F2147044CA00B67B74 /* LoginItems.m in Sources */ = {isa = PBXBuildFile; fileRef = 019EE0F1147044CA00B67B74 /* LoginItems.m */; };
		01A93AAE1652B36A00B96B79 /* NSString+EmailValidation.m in Sources */ = {isa = PBXBuildFile; fileRef = 01A93AAD1652B36A00B96B79 /* NSString+EmailValidation.m */; };
		01B2BE7313C4BBE900304D6A /* NSString+Truncated.m in Sources */ = {isa = PBXBuildFile; fileRef = 01B2BE7213C4BBE900304D6A /* NSString+Truncated.m */; };
		01B2BE7713C4C39B00304D6A /* DribbbleAccount.m in Sources */ = {isa = PBXBuildFile; fileRef = 01B2BE7613C4C39B00304D6A /* DribbbleAccount.m */; };
		01B2BE7A13C4E76400304D6A /* GithubAccount.m in Sources */ = {isa = PBXBuildFile; fileRef = 01B2BE7913C4E76400304D6A /* GithubAccount.m */; };
		01B7FBE313FDB60200ACC29B /* ApplicationIcon.icns in Resources */ = {isa = PBXBuildFile; fileRef = 01B7FBE213FDB60200ACC29B /* ApplicationIcon.icns */; };
		01BD35E2154D985200170BDD /* ZendeskAccount.m in Sources */ = {isa = PBXBuildFile; fileRef = 01BD35E1154D985200170BDD /* ZendeskAccount.m */; };
		01C359B113C4B6C400D803BD /* HighriseAccount.m in Sources */ = {isa = PBXBuildFile; fileRef = 01C359B013C4B6C400D803BD /* HighriseAccount.m */; };
		01C4F93513C597C000DB0CCB /* WebKit.framework in Frameworks */ = {isa = PBXBuildFile; fileRef = 01C4F93213C597AC00DB0CCB /* WebKit.framework */; };
		01D4A3BC13C434B400CE07CC /* NSURLRequest+Authorization.m in Sources */ = {isa = PBXBuildFile; fileRef = 01D4A3BB13C434B400CE07CC /* NSURLRequest+Authorization.m */; };
		01D7CB8013AFDFCD001B133A /* Carbon.framework in Frameworks */ = {isa = PBXBuildFile; fileRef = 01D7CB7E13AFDFBE001B133A /* Carbon.framework */; };
		01D7CB8C13B02F4A001B133A /* NewAccountController.m in Sources */ = {isa = PBXBuildFile; fileRef = 01D7CB8B13B02F4A001B133A /* NewAccountController.m */; };
		01D7CB8E13B02F62001B133A /* NewAccountController.xib in Resources */ = {isa = PBXBuildFile; fileRef = 01D7CB8D13B02F62001B133A /* NewAccountController.xib */; };
		01D84E1B152F33FA00267C15 /* OAuth2Token.m in Sources */ = {isa = PBXBuildFile; fileRef = 01D84E1A152F33FA00267C15 /* OAuth2Token.m */; };
		01D84E2A152F442900267C15 /* NSString+URLArgument.m in Sources */ = {isa = PBXBuildFile; fileRef = 01D84E29152F42EE00267C15 /* NSString+URLArgument.m */; };
		01D84E3A153018D100267C15 /* DropmarkAccount.m in Sources */ = {isa = PBXBuildFile; fileRef = 01D84E39153018D100267C15 /* DropmarkAccount.m */; };
		01D84E3E15308E3900267C15 /* Popover.css in Resources */ = {isa = PBXBuildFile; fileRef = 01D84E3D15308E3900267C15 /* Popover.css */; };
		01EB9C3913C4F26E00A9C131 /* RegexKitLite.m in Sources */ = {isa = PBXBuildFile; fileRef = 01EB9C3713C4F26E00A9C131 /* RegexKitLite.m */; };
		01EB9C3D13C4F36E00A9C131 /* libicucore.dylib in Frameworks */ = {isa = PBXBuildFile; fileRef = 01EB9C3B13C4F35A00A9C131 /* libicucore.dylib */; };
		01F2ABB215E15FA400AE57F0 /* ErrorReport.txt in Resources */ = {isa = PBXBuildFile; fileRef = 01F2ABB115E15FA400AE57F0 /* ErrorReport.txt */; };
		01F2ABB615E176D500AE57F0 /* PivotalTrackerAccount.m in Sources */ = {isa = PBXBuildFile; fileRef = 01F2ABB515E176D500AE57F0 /* PivotalTrackerAccount.m */; };
		01F5D6C713B3B89600EA479D /* StatusItemView.m in Sources */ = {isa = PBXBuildFile; fileRef = 01F5D6C513B3B89600EA479D /* StatusItemView.m */; };
		01F616B313AD4EC800EBB24E /* Growl Registration Ticket.growlRegDict in Resources */ = {isa = PBXBuildFile; fileRef = 01F616B213AD4EC800EBB24E /* Growl Registration Ticket.growlRegDict */; };
		01F616B713AD502300EBB24E /* NSString+EntityDecoding.m in Sources */ = {isa = PBXBuildFile; fileRef = 01F616B613AD502300EBB24E /* NSString+EntityDecoding.m */; };
		01F616E613AE4F8D00EBB24E /* Reachability.m in Sources */ = {isa = PBXBuildFile; fileRef = 01F616E413AE4F8D00EBB24E /* Reachability.m */; };
		01F616E813AE504000EBB24E /* SystemConfiguration.framework in Frameworks */ = {isa = PBXBuildFile; fileRef = 01F616E713AE504000EBB24E /* SystemConfiguration.framework */; };
		01F616F213AEAA2700EBB24E /* PreferencesController.m in Sources */ = {isa = PBXBuildFile; fileRef = 01F616F013AEAA2500EBB24E /* PreferencesController.m */; };
		01F616F313AEAA2700EBB24E /* PreferencesController.xib in Resources */ = {isa = PBXBuildFile; fileRef = 01F616F113AEAA2600EBB24E /* PreferencesController.xib */; };
		01F64A2B14C2318B00AAABD7 /* BeanstalkAccount.m in Sources */ = {isa = PBXBuildFile; fileRef = 01F64A2A14C2318B00AAABD7 /* BeanstalkAccount.m */; };
		01F7120714F9551700A32AB9 /* NSDate+TimeAgo.m in Sources */ = {isa = PBXBuildFile; fileRef = 01F7120614F9498000A32AB9 /* NSDate+TimeAgo.m */; };
/* End PBXBuildFile section */

/* Begin PBXCopyFilesBuildPhase section */
		01F616A713AD4A5700EBB24E /* Copy Frameworks */ = {
			isa = PBXCopyFilesBuildPhase;
			buildActionMask = 2147483647;
			dstPath = "";
			dstSubfolderSpec = 10;
			files = (
				019EE0E41470248600B67B74 /* Growl.framework in Copy Frameworks */,
				019EE0EF147034FD00B67B74 /* ShortcutRecorder.framework in Copy Frameworks */,
			);
			name = "Copy Frameworks";
			runOnlyForDeploymentPostprocessing = 0;
		};
/* End PBXCopyFilesBuildPhase section */

/* Begin PBXFileReference section */
		0108CECE13BB1B4F0000ECE1 /* Account.h */ = {isa = PBXFileReference; fileEncoding = 4; lastKnownFileType = sourcecode.c.h; lineEnding = 0; path = Account.h; sourceTree = "<group>"; xcLanguageSpecificationIdentifier = xcode.lang.objcpp; };
		0108CECF13BB1B4F0000ECE1 /* Account.m */ = {isa = PBXFileReference; fileEncoding = 4; lastKnownFileType = sourcecode.c.objc; lineEnding = 0; path = Account.m; sourceTree = "<group>"; xcLanguageSpecificationIdentifier = xcode.lang.objc; };
		0108CED113BB1EC00000ECE1 /* BasecampAccount.h */ = {isa = PBXFileReference; fileEncoding = 4; lastKnownFileType = sourcecode.c.h; path = BasecampAccount.h; sourceTree = "<group>"; };
		0108CED213BB1EC00000ECE1 /* BasecampAccount.m */ = {isa = PBXFileReference; fileEncoding = 4; lastKnownFileType = sourcecode.c.objc; path = BasecampAccount.m; sourceTree = "<group>"; };
		0108CEDC13BB8CB80000ECE1 /* Security.framework */ = {isa = PBXFileReference; lastKnownFileType = wrapper.framework; name = Security.framework; path = System/Library/Frameworks/Security.framework; sourceTree = SDKROOT; };
		0108CEDE13BBA3AC0000ECE1 /* NSString+Base64.h */ = {isa = PBXFileReference; fileEncoding = 4; lastKnownFileType = sourcecode.c.h; path = "NSString+Base64.h"; sourceTree = "<group>"; };
		0108CEDF13BBA3AC0000ECE1 /* NSString+Base64.m */ = {isa = PBXFileReference; fileEncoding = 4; lastKnownFileType = sourcecode.c.objc; path = "NSString+Base64.m"; sourceTree = "<group>"; };
		0117B30413AD27CB0018AB7C /* NSArray+Linqish.h */ = {isa = PBXFileReference; fileEncoding = 4; lastKnownFileType = sourcecode.c.h; path = "NSArray+Linqish.h"; sourceTree = "<group>"; };
		0117B30513AD27CB0018AB7C /* NSArray+Linqish.m */ = {isa = PBXFileReference; fileEncoding = 4; lastKnownFileType = sourcecode.c.objc; path = "NSArray+Linqish.m"; sourceTree = "<group>"; };
		0125C6CB13C7C8B10006BB1A /* NSView+PrintHierarchy.h */ = {isa = PBXFileReference; fileEncoding = 4; lastKnownFileType = sourcecode.c.h; path = "NSView+PrintHierarchy.h"; sourceTree = "<group>"; };
		0125C6CC13C7C8B10006BB1A /* NSView+PrintHierarchy.m */ = {isa = PBXFileReference; fileEncoding = 4; lastKnownFileType = sourcecode.c.objc; path = "NSView+PrintHierarchy.m"; sourceTree = "<group>"; };
		012734BC15DFFB4E00512361 /* RSSAtomAccount.h */ = {isa = PBXFileReference; fileEncoding = 4; lastKnownFileType = sourcecode.c.h; path = RSSAtomAccount.h; sourceTree = "<group>"; };
		012734BD15DFFB4E00512361 /* RSSAtomAccount.m */ = {isa = PBXFileReference; fileEncoding = 4; lastKnownFileType = sourcecode.c.objc; path = RSSAtomAccount.m; sourceTree = "<group>"; };
		0133CEA11530973E00CF6647 /* NSAlert+Foreground.h */ = {isa = PBXFileReference; lastKnownFileType = sourcecode.c.h; path = "NSAlert+Foreground.h"; sourceTree = "<group>"; };
		0133CEA21530973E00CF6647 /* NSAlert+Foreground.m */ = {isa = PBXFileReference; lastKnownFileType = sourcecode.c.objc; path = "NSAlert+Foreground.m"; sourceTree = "<group>"; };
		013B1AA615E703F3008E9ACB /* NSDate+InternetDateTime.m */ = {isa = PBXFileReference; fileEncoding = 4; lastKnownFileType = sourcecode.c.objc; path = "NSDate+InternetDateTime.m"; sourceTree = "<group>"; };
		013B1AA715E703F3008E9ACB /* NSDate+InternetDateTime.h */ = {isa = PBXFileReference; fileEncoding = 4; lastKnownFileType = sourcecode.c.h; path = "NSDate+InternetDateTime.h"; sourceTree = "<group>"; };
		013B1AAE15E83BAC008E9ACB /* StatusItem.png */ = {isa = PBXFileReference; lastKnownFileType = image.png; path = StatusItem.png; sourceTree = "<group>"; };
		013B1AAF15E83BAC008E9ACB /* StatusItem@2x.png */ = {isa = PBXFileReference; lastKnownFileType = image.png; path = "StatusItem@2x.png"; sourceTree = "<group>"; };
		013B1AB015E83BAC008E9ACB /* StatusItemInactive.png */ = {isa = PBXFileReference; lastKnownFileType = image.png; path = StatusItemInactive.png; sourceTree = "<group>"; };
		013B1AB115E83BAC008E9ACB /* StatusItemInactive@2x.png */ = {isa = PBXFileReference; lastKnownFileType = image.png; path = "StatusItemInactive@2x.png"; sourceTree = "<group>"; };
		013B1AB215E83BAC008E9ACB /* StatusItemSelected.png */ = {isa = PBXFileReference; lastKnownFileType = image.png; path = StatusItemSelected.png; sourceTree = "<group>"; };
		013B1AB315E83BAC008E9ACB /* StatusItemSelected@2x.png */ = {isa = PBXFileReference; lastKnownFileType = image.png; path = "StatusItemSelected@2x.png"; sourceTree = "<group>"; };
		013B1AB415E83BAC008E9ACB /* StatusItemUnread.png */ = {isa = PBXFileReference; lastKnownFileType = image.png; path = StatusItemUnread.png; sourceTree = "<group>"; };
		013B1AB515E83BAC008E9ACB /* StatusItemUnread@2x.png */ = {isa = PBXFileReference; lastKnownFileType = image.png; path = "StatusItemUnread@2x.png"; sourceTree = "<group>"; };
		013B1ABE15E83BBB008E9ACB /* Unread.png */ = {isa = PBXFileReference; lastKnownFileType = image.png; path = Unread.png; sourceTree = "<group>"; };
		013B1ABF15E83BBB008E9ACB /* Unread@2x.png */ = {isa = PBXFileReference; lastKnownFileType = image.png; path = "Unread@2x.png"; sourceTree = "<group>"; };
		013B1AC415E843BD008E9ACB /* AlertCautionIcon.icns */ = {isa = PBXFileReference; lastKnownFileType = image.icns; path = AlertCautionIcon.icns; sourceTree = "<group>"; };
		013B1AC615E84490008E9ACB /* Accounts.icns */ = {isa = PBXFileReference; lastKnownFileType = image.icns; path = Accounts.icns; sourceTree = "<group>"; };
		013B1AC715E84490008E9ACB /* General.icns */ = {isa = PBXFileReference; lastKnownFileType = image.icns; path = General.icns; sourceTree = "<group>"; };
		013B1ACA15E8451D008E9ACB /* Basecamp.png */ = {isa = PBXFileReference; lastKnownFileType = image.png; path = Basecamp.png; sourceTree = "<group>"; };
		013B1ACB15E8451D008E9ACB /* Basecamp@2x.png */ = {isa = PBXFileReference; lastKnownFileType = image.png; path = "Basecamp@2x.png"; sourceTree = "<group>"; };
		013B1ACC15E8451D008E9ACB /* BasecampAccount.png */ = {isa = PBXFileReference; lastKnownFileType = image.png; path = BasecampAccount.png; sourceTree = "<group>"; };
		013B1ACD15E8451D008E9ACB /* BasecampAccount@2x.png */ = {isa = PBXFileReference; lastKnownFileType = image.png; path = "BasecampAccount@2x.png"; sourceTree = "<group>"; };
		013B1ACE15E8451D008E9ACB /* BasecampNotify.png */ = {isa = PBXFileReference; lastKnownFileType = image.png; path = BasecampNotify.png; sourceTree = "<group>"; };
		013B1ACF15E8451D008E9ACB /* BasecampNotify@2x.png */ = {isa = PBXFileReference; lastKnownFileType = image.png; path = "BasecampNotify@2x.png"; sourceTree = "<group>"; };
		013B1AD015E8451D008E9ACB /* Beanstalk.png */ = {isa = PBXFileReference; lastKnownFileType = image.png; path = Beanstalk.png; sourceTree = "<group>"; };
		013B1AD115E8451D008E9ACB /* Beanstalk@2x.png */ = {isa = PBXFileReference; lastKnownFileType = image.png; path = "Beanstalk@2x.png"; sourceTree = "<group>"; };
		013B1AD215E8451D008E9ACB /* BeanstalkAccount.png */ = {isa = PBXFileReference; lastKnownFileType = image.png; path = BeanstalkAccount.png; sourceTree = "<group>"; };
		013B1AD315E8451D008E9ACB /* BeanstalkAccount@2x.png */ = {isa = PBXFileReference; lastKnownFileType = image.png; path = "BeanstalkAccount@2x.png"; sourceTree = "<group>"; };
		013B1AD415E8451D008E9ACB /* BeanstalkNotify.png */ = {isa = PBXFileReference; lastKnownFileType = image.png; path = BeanstalkNotify.png; sourceTree = "<group>"; };
		013B1AD515E8451D008E9ACB /* BeanstalkNotify@2x.png */ = {isa = PBXFileReference; lastKnownFileType = image.png; path = "BeanstalkNotify@2x.png"; sourceTree = "<group>"; };
		013B1AD615E8451D008E9ACB /* Default.png */ = {isa = PBXFileReference; lastKnownFileType = image.png; path = Default.png; sourceTree = "<group>"; };
		013B1AD715E8451D008E9ACB /* Dribbble.png */ = {isa = PBXFileReference; lastKnownFileType = image.png; path = Dribbble.png; sourceTree = "<group>"; };
		013B1AD815E8451D008E9ACB /* Dribbble@2x.png */ = {isa = PBXFileReference; lastKnownFileType = image.png; path = "Dribbble@2x.png"; sourceTree = "<group>"; };
		013B1AD915E8451D008E9ACB /* DribbbleAccount.png */ = {isa = PBXFileReference; lastKnownFileType = image.png; path = DribbbleAccount.png; sourceTree = "<group>"; };
		013B1ADA15E8451D008E9ACB /* DribbbleAccount@2x.png */ = {isa = PBXFileReference; lastKnownFileType = image.png; path = "DribbbleAccount@2x.png"; sourceTree = "<group>"; };
		013B1ADB15E8451D008E9ACB /* DribbbleNotify.png */ = {isa = PBXFileReference; lastKnownFileType = image.png; path = DribbbleNotify.png; sourceTree = "<group>"; };
		013B1ADC15E8451D008E9ACB /* DribbbleNotify@2x.png */ = {isa = PBXFileReference; lastKnownFileType = image.png; path = "DribbbleNotify@2x.png"; sourceTree = "<group>"; };
		013B1ADD15E8451D008E9ACB /* Dropmark.png */ = {isa = PBXFileReference; lastKnownFileType = image.png; path = Dropmark.png; sourceTree = "<group>"; };
		013B1ADE15E8451D008E9ACB /* Dropmark@2x.png */ = {isa = PBXFileReference; lastKnownFileType = image.png; path = "Dropmark@2x.png"; sourceTree = "<group>"; };
		013B1ADF15E8451D008E9ACB /* DropmarkAccount.png */ = {isa = PBXFileReference; lastKnownFileType = image.png; path = DropmarkAccount.png; sourceTree = "<group>"; };
		013B1AE015E8451D008E9ACB /* DropmarkAccount@2x.png */ = {isa = PBXFileReference; lastKnownFileType = image.png; path = "DropmarkAccount@2x.png"; sourceTree = "<group>"; };
		013B1AE115E8451D008E9ACB /* DropmarkNotify.png */ = {isa = PBXFileReference; lastKnownFileType = image.png; path = DropmarkNotify.png; sourceTree = "<group>"; };
		013B1AE215E8451D008E9ACB /* DropmarkNotify@2x.png */ = {isa = PBXFileReference; lastKnownFileType = image.png; path = "DropmarkNotify@2x.png"; sourceTree = "<group>"; };
		013B1AE315E8451D008E9ACB /* Github.png */ = {isa = PBXFileReference; lastKnownFileType = image.png; path = Github.png; sourceTree = "<group>"; };
		013B1AE415E8451D008E9ACB /* Github@2x.png */ = {isa = PBXFileReference; lastKnownFileType = image.png; path = "Github@2x.png"; sourceTree = "<group>"; };
		013B1AE515E8451D008E9ACB /* GithubAccount.png */ = {isa = PBXFileReference; lastKnownFileType = image.png; path = GithubAccount.png; sourceTree = "<group>"; };
		013B1AE615E8451D008E9ACB /* GithubAccount@2x.png */ = {isa = PBXFileReference; lastKnownFileType = image.png; path = "GithubAccount@2x.png"; sourceTree = "<group>"; };
		013B1AE715E8451D008E9ACB /* GithubNotify.png */ = {isa = PBXFileReference; lastKnownFileType = image.png; path = GithubNotify.png; sourceTree = "<group>"; };
		013B1AE815E8451D008E9ACB /* GithubNotify@2x.png */ = {isa = PBXFileReference; lastKnownFileType = image.png; path = "GithubNotify@2x.png"; sourceTree = "<group>"; };
		013B1AE915E8451D008E9ACB /* Highrise.png */ = {isa = PBXFileReference; lastKnownFileType = image.png; path = Highrise.png; sourceTree = "<group>"; };
		013B1AEA15E8451D008E9ACB /* Highrise@2x.png */ = {isa = PBXFileReference; lastKnownFileType = image.png; path = "Highrise@2x.png"; sourceTree = "<group>"; };
		013B1AEB15E8451D008E9ACB /* HighriseAccount.png */ = {isa = PBXFileReference; lastKnownFileType = image.png; path = HighriseAccount.png; sourceTree = "<group>"; };
		013B1AEC15E8451D008E9ACB /* HighriseAccount@2x.png */ = {isa = PBXFileReference; lastKnownFileType = image.png; path = "HighriseAccount@2x.png"; sourceTree = "<group>"; };
		013B1AED15E8451D008E9ACB /* HighriseNotify.png */ = {isa = PBXFileReference; lastKnownFileType = image.png; path = HighriseNotify.png; sourceTree = "<group>"; };
		013B1AEE15E8451D008E9ACB /* HighriseNotify@2x.png */ = {isa = PBXFileReference; lastKnownFileType = image.png; path = "HighriseNotify@2x.png"; sourceTree = "<group>"; };
		013B1AEF15E8451D008E9ACB /* PivotalTracker.png */ = {isa = PBXFileReference; lastKnownFileType = image.png; path = PivotalTracker.png; sourceTree = "<group>"; };
		013B1AF015E8451D008E9ACB /* PivotalTracker@2x.png */ = {isa = PBXFileReference; lastKnownFileType = image.png; path = "PivotalTracker@2x.png"; sourceTree = "<group>"; };
		013B1AF115E8451D008E9ACB /* PivotalTrackerAccount.png */ = {isa = PBXFileReference; lastKnownFileType = image.png; path = PivotalTrackerAccount.png; sourceTree = "<group>"; };
		013B1AF215E8451D008E9ACB /* PivotalTrackerAccount@2x.png */ = {isa = PBXFileReference; lastKnownFileType = image.png; path = "PivotalTrackerAccount@2x.png"; sourceTree = "<group>"; };
		013B1AF315E8451D008E9ACB /* PivotalTrackerNotify.png */ = {isa = PBXFileReference; lastKnownFileType = image.png; path = PivotalTrackerNotify.png; sourceTree = "<group>"; };
		013B1AF415E8451D008E9ACB /* PivotalTrackerNotify@2x.png */ = {isa = PBXFileReference; lastKnownFileType = image.png; path = "PivotalTrackerNotify@2x.png"; sourceTree = "<group>"; };
		013B1AF515E8451D008E9ACB /* RSSAtom.png */ = {isa = PBXFileReference; lastKnownFileType = image.png; path = RSSAtom.png; sourceTree = "<group>"; };
		013B1AF615E8451D008E9ACB /* RSSAtom@2x.png */ = {isa = PBXFileReference; lastKnownFileType = image.png; path = "RSSAtom@2x.png"; sourceTree = "<group>"; };
		013B1AF715E8451D008E9ACB /* RSSAtomAccount.png */ = {isa = PBXFileReference; lastKnownFileType = image.png; path = RSSAtomAccount.png; sourceTree = "<group>"; };
		013B1AF815E8451D008E9ACB /* RSSAtomAccount@2x.png */ = {isa = PBXFileReference; lastKnownFileType = image.png; path = "RSSAtomAccount@2x.png"; sourceTree = "<group>"; };
		013B1AF915E8451D008E9ACB /* RSSAtomNotify.png */ = {isa = PBXFileReference; lastKnownFileType = image.png; path = RSSAtomNotify.png; sourceTree = "<group>"; };
		013B1AFA15E8451D008E9ACB /* RSSAtomNotify@2x.png */ = {isa = PBXFileReference; lastKnownFileType = image.png; path = "RSSAtomNotify@2x.png"; sourceTree = "<group>"; };
		013B1AFB15E8451D008E9ACB /* Trello.png */ = {isa = PBXFileReference; lastKnownFileType = image.png; path = Trello.png; sourceTree = "<group>"; };
		013B1AFC15E8451D008E9ACB /* Trello@2x.png */ = {isa = PBXFileReference; lastKnownFileType = image.png; path = "Trello@2x.png"; sourceTree = "<group>"; };
		013B1AFD15E8451D008E9ACB /* TrelloAccount.png */ = {isa = PBXFileReference; lastKnownFileType = image.png; path = TrelloAccount.png; sourceTree = "<group>"; };
		013B1AFE15E8451D008E9ACB /* TrelloAccount@2x.png */ = {isa = PBXFileReference; lastKnownFileType = image.png; path = "TrelloAccount@2x.png"; sourceTree = "<group>"; };
		013B1AFF15E8451D008E9ACB /* TrelloNotify.png */ = {isa = PBXFileReference; lastKnownFileType = image.png; path = TrelloNotify.png; sourceTree = "<group>"; };
		013B1B0015E8451D008E9ACB /* TrelloNotify@2x.png */ = {isa = PBXFileReference; lastKnownFileType = image.png; path = "TrelloNotify@2x.png"; sourceTree = "<group>"; };
		013B1B0115E8451D008E9ACB /* UserVoice.png */ = {isa = PBXFileReference; lastKnownFileType = image.png; path = UserVoice.png; sourceTree = "<group>"; };
		013B1B0215E8451D008E9ACB /* UserVoice@2x.png */ = {isa = PBXFileReference; lastKnownFileType = image.png; path = "UserVoice@2x.png"; sourceTree = "<group>"; };
		013B1B0315E8451D008E9ACB /* UserVoiceAccount.png */ = {isa = PBXFileReference; lastKnownFileType = image.png; path = UserVoiceAccount.png; sourceTree = "<group>"; };
		013B1B0415E8451D008E9ACB /* UserVoiceAccount@2x.png */ = {isa = PBXFileReference; lastKnownFileType = image.png; path = "UserVoiceAccount@2x.png"; sourceTree = "<group>"; };
		013B1B0515E8451D008E9ACB /* UserVoiceNotify.png */ = {isa = PBXFileReference; lastKnownFileType = image.png; path = UserVoiceNotify.png; sourceTree = "<group>"; };
		013B1B0615E8451D008E9ACB /* UserVoiceNotify@2x.png */ = {isa = PBXFileReference; lastKnownFileType = image.png; path = "UserVoiceNotify@2x.png"; sourceTree = "<group>"; };
		013B1B0715E8451D008E9ACB /* Zendesk.png */ = {isa = PBXFileReference; lastKnownFileType = image.png; path = Zendesk.png; sourceTree = "<group>"; };
		013B1B0815E8451D008E9ACB /* Zendesk@2x.png */ = {isa = PBXFileReference; lastKnownFileType = image.png; path = "Zendesk@2x.png"; sourceTree = "<group>"; };
		013B1B0915E8451D008E9ACB /* ZendeskAccount.png */ = {isa = PBXFileReference; lastKnownFileType = image.png; path = ZendeskAccount.png; sourceTree = "<group>"; };
		013B1B0A15E8451D008E9ACB /* ZendeskAccount@2x.png */ = {isa = PBXFileReference; lastKnownFileType = image.png; path = "ZendeskAccount@2x.png"; sourceTree = "<group>"; };
		013B1B0B15E8451D008E9ACB /* ZendeskNotify.png */ = {isa = PBXFileReference; lastKnownFileType = image.png; path = ZendeskNotify.png; sourceTree = "<group>"; };
		013B1B0C15E8451D008E9ACB /* ZendeskNotify@2x.png */ = {isa = PBXFileReference; lastKnownFileType = image.png; path = "ZendeskNotify@2x.png"; sourceTree = "<group>"; };
		013BE6E515E14F7E0002F51E /* DDFileLogger.m */ = {isa = PBXFileReference; fileEncoding = 4; lastKnownFileType = sourcecode.c.objc; name = DDFileLogger.m; path = Lumberjack/DDFileLogger.m; sourceTree = SOURCE_ROOT; };
		013BE6E615E14F7E0002F51E /* DDLog.m */ = {isa = PBXFileReference; fileEncoding = 4; lastKnownFileType = sourcecode.c.objc; name = DDLog.m; path = Lumberjack/DDLog.m; sourceTree = SOURCE_ROOT; };
		013BE6E715E14F7E0002F51E /* DDTTYLogger.m */ = {isa = PBXFileReference; fileEncoding = 4; lastKnownFileType = sourcecode.c.objc; name = DDTTYLogger.m; path = Lumberjack/DDTTYLogger.m; sourceTree = SOURCE_ROOT; };
		013BE6E815E14F7E0002F51E /* DDASLLogger.m */ = {isa = PBXFileReference; fileEncoding = 4; lastKnownFileType = sourcecode.c.objc; name = DDASLLogger.m; path = Lumberjack/DDASLLogger.m; sourceTree = SOURCE_ROOT; };
		013BE6E915E14F7E0002F51E /* DDASLLogger.h */ = {isa = PBXFileReference; fileEncoding = 4; lastKnownFileType = sourcecode.c.h; name = DDASLLogger.h; path = Lumberjack/DDASLLogger.h; sourceTree = SOURCE_ROOT; };
		013BE6EA15E14F7E0002F51E /* DDFileLogger.h */ = {isa = PBXFileReference; fileEncoding = 4; lastKnownFileType = sourcecode.c.h; name = DDFileLogger.h; path = Lumberjack/DDFileLogger.h; sourceTree = SOURCE_ROOT; };
		013BE6EB15E14F7E0002F51E /* DDLog.h */ = {isa = PBXFileReference; fileEncoding = 4; lastKnownFileType = sourcecode.c.h; name = DDLog.h; path = Lumberjack/DDLog.h; sourceTree = SOURCE_ROOT; };
		013BE6EC15E14F7E0002F51E /* DDTTYLogger.h */ = {isa = PBXFileReference; fileEncoding = 4; lastKnownFileType = sourcecode.c.h; name = DDTTYLogger.h; path = Lumberjack/DDTTYLogger.h; sourceTree = SOURCE_ROOT; };
		0141479E1486B019000D63E5 /* UserVoiceAccount.h */ = {isa = PBXFileReference; fileEncoding = 4; lastKnownFileType = sourcecode.c.h; path = UserVoiceAccount.h; sourceTree = "<group>"; };
		0141479F1486B019000D63E5 /* UserVoiceAccount.m */ = {isa = PBXFileReference; fileEncoding = 4; lastKnownFileType = sourcecode.c.objc; path = UserVoiceAccount.m; sourceTree = "<group>"; };
		014147A81486B258000D63E5 /* TFHpple.h */ = {isa = PBXFileReference; fileEncoding = 4; lastKnownFileType = sourcecode.c.h; path = TFHpple.h; sourceTree = "<group>"; };
		014147A91486B258000D63E5 /* TFHpple.m */ = {isa = PBXFileReference; fileEncoding = 4; lastKnownFileType = sourcecode.c.objc; path = TFHpple.m; sourceTree = "<group>"; };
		014147AA1486B258000D63E5 /* TFHppleElement.h */ = {isa = PBXFileReference; fileEncoding = 4; lastKnownFileType = sourcecode.c.h; path = TFHppleElement.h; sourceTree = "<group>"; };
		014147AB1486B258000D63E5 /* TFHppleElement.m */ = {isa = PBXFileReference; fileEncoding = 4; lastKnownFileType = sourcecode.c.objc; path = TFHppleElement.m; sourceTree = "<group>"; };
		014147AC1486B258000D63E5 /* XPathQuery.h */ = {isa = PBXFileReference; fileEncoding = 4; lastKnownFileType = sourcecode.c.h; path = XPathQuery.h; sourceTree = "<group>"; };
		014147AD1486B258000D63E5 /* XPathQuery.m */ = {isa = PBXFileReference; fileEncoding = 4; lastKnownFileType = sourcecode.c.objc; path = XPathQuery.m; sourceTree = "<group>"; };
		014147B11486B27F000D63E5 /* libxml2.2.dylib */ = {isa = PBXFileReference; lastKnownFileType = "compiled.mach-o.dylib"; name = libxml2.2.dylib; path = usr/lib/libxml2.2.dylib; sourceTree = SDKROOT; };
		014147B61486B575000D63E5 /* NSString+English.h */ = {isa = PBXFileReference; fileEncoding = 4; lastKnownFileType = sourcecode.c.h; path = "NSString+English.h"; sourceTree = "<group>"; };
		014147B71486B575000D63E5 /* NSString+English.m */ = {isa = PBXFileReference; fileEncoding = 4; lastKnownFileType = sourcecode.c.objc; path = "NSString+English.m"; sourceTree = "<group>"; };
		014147B91486BAB5000D63E5 /* ISO8601DateFormatter.h */ = {isa = PBXFileReference; fileEncoding = 4; lastKnownFileType = sourcecode.c.h; path = ISO8601DateFormatter.h; sourceTree = "<group>"; };
		014147BA1486BAB5000D63E5 /* ISO8601DateFormatter.m */ = {isa = PBXFileReference; fileEncoding = 4; lastKnownFileType = sourcecode.c.objc; path = ISO8601DateFormatter.m; sourceTree = "<group>"; };
		014C022A15ED43F100D5BD76 /* Feeds.entitlements */ = {isa = PBXFileReference; lastKnownFileType = text.xml; path = Feeds.entitlements; sourceTree = "<group>"; };
		01518F7C13C54F480043AB98 /* CG+Geometry.h */ = {isa = PBXFileReference; fileEncoding = 4; lastKnownFileType = sourcecode.c.h; path = "CG+Geometry.h"; sourceTree = "<group>"; };
		01518F7D13C54F480043AB98 /* CG+Geometry.m */ = {isa = PBXFileReference; fileEncoding = 4; lastKnownFileType = sourcecode.c.objc; path = "CG+Geometry.m"; sourceTree = "<group>"; };
		01524F4314BFB45F00913D84 /* TrelloAccount.h */ = {isa = PBXFileReference; fileEncoding = 4; lastKnownFileType = sourcecode.c.h; path = TrelloAccount.h; sourceTree = "<group>"; };
		01524F4414BFB45F00913D84 /* TrelloAccount.m */ = {isa = PBXFileReference; fileEncoding = 4; lastKnownFileType = sourcecode.c.objc; path = TrelloAccount.m; sourceTree = "<group>"; };
		015D788E13C6394600BCD7C4 /* Popover.html */ = {isa = PBXFileReference; fileEncoding = 4; lastKnownFileType = text.html; name = Popover.html; path = Popover/Popover.html; sourceTree = "<group>"; };
		015E0ED614475D2E000A611D /* AccountCell.h */ = {isa = PBXFileReference; fileEncoding = 4; lastKnownFileType = sourcecode.c.h; path = AccountCell.h; sourceTree = "<group>"; };
		015E0ED714475D2E000A611D /* AccountCell.m */ = {isa = PBXFileReference; fileEncoding = 4; lastKnownFileType = sourcecode.c.objc; path = AccountCell.m; sourceTree = "<group>"; };
		015E0EE414478DB6000A611D /* JSONKit.h */ = {isa = PBXFileReference; fileEncoding = 4; lastKnownFileType = sourcecode.c.h; path = JSONKit.h; sourceTree = "<group>"; };
		015E0EE514478DB6000A611D /* JSONKit.m */ = {isa = PBXFileReference; fileEncoding = 4; lastKnownFileType = sourcecode.c.objc; path = JSONKit.m; sourceTree = "<group>"; };
		0181D971152492D400D1E78B /* BasecampNextAccount.h */ = {isa = PBXFileReference; fileEncoding = 4; lastKnownFileType = sourcecode.c.h; path = BasecampNextAccount.h; sourceTree = "<group>"; };
		0181D972152492D400D1E78B /* BasecampNextAccount.m */ = {isa = PBXFileReference; fileEncoding = 4; lastKnownFileType = sourcecode.c.objc; lineEnding = 0; path = BasecampNextAccount.m; sourceTree = "<group>"; xcLanguageSpecificationIdentifier = xcode.lang.objc; };
		01937C7E13A03F5000BCE1D4 /* Feeds.app */ = {isa = PBXFileReference; explicitFileType = wrapper.application; includeInIndex = 0; path = Feeds.app; sourceTree = BUILT_PRODUCTS_DIR; };
		01937C8213A03F5000BCE1D4 /* Cocoa.framework */ = {isa = PBXFileReference; lastKnownFileType = wrapper.framework; name = Cocoa.framework; path = System/Library/Frameworks/Cocoa.framework; sourceTree = SDKROOT; };
		01937C8513A03F5000BCE1D4 /* AppKit.framework */ = {isa = PBXFileReference; lastKnownFileType = wrapper.framework; name = AppKit.framework; path = System/Library/Frameworks/AppKit.framework; sourceTree = SDKROOT; };
		01937C8613A03F5000BCE1D4 /* CoreData.framework */ = {isa = PBXFileReference; lastKnownFileType = wrapper.framework; name = CoreData.framework; path = System/Library/Frameworks/CoreData.framework; sourceTree = SDKROOT; };
		01937C8713A03F5000BCE1D4 /* Foundation.framework */ = {isa = PBXFileReference; lastKnownFileType = wrapper.framework; name = Foundation.framework; path = System/Library/Frameworks/Foundation.framework; sourceTree = SDKROOT; };
		01937C8A13A03F5000BCE1D4 /* Feeds-Info.plist */ = {isa = PBXFileReference; lastKnownFileType = text.plist.xml; path = "Feeds-Info.plist"; sourceTree = "<group>"; };
		01937C8C13A03F5000BCE1D4 /* en */ = {isa = PBXFileReference; lastKnownFileType = text.plist.strings; name = en; path = en.lproj/InfoPlist.strings; sourceTree = "<group>"; };
		01937C8E13A03F5000BCE1D4 /* Feeds-Prefix.pch */ = {isa = PBXFileReference; lastKnownFileType = sourcecode.c.h; path = "Feeds-Prefix.pch"; sourceTree = "<group>"; };
		01937C8F13A03F5000BCE1D4 /* main.m */ = {isa = PBXFileReference; lastKnownFileType = sourcecode.c.objc; path = main.m; sourceTree = "<group>"; };
		01937C9213A03F5000BCE1D4 /* en */ = {isa = PBXFileReference; lastKnownFileType = text.rtf; name = en; path = en.lproj/Credits.rtf; sourceTree = "<group>"; };
		01937C9413A03F5000BCE1D4 /* AppDelegate.h */ = {isa = PBXFileReference; lastKnownFileType = sourcecode.c.h; path = AppDelegate.h; sourceTree = "<group>"; };
		01937C9513A03F5000BCE1D4 /* AppDelegate.m */ = {isa = PBXFileReference; lastKnownFileType = sourcecode.c.objc; path = AppDelegate.m; sourceTree = "<group>"; };
		01937C9813A03F5000BCE1D4 /* en */ = {isa = PBXFileReference; lastKnownFileType = file.xib; name = en; path = en.lproj/App.xib; sourceTree = "<group>"; };
		01937CAE13A05A3A00BCE1D4 /* SMWebRequest.m */ = {isa = PBXFileReference; fileEncoding = 4; lastKnownFileType = sourcecode.c.objc; path = SMWebRequest.m; sourceTree = "<group>"; };
		01937CAF13A05A3A00BCE1D4 /* SMWebRequest.h */ = {isa = PBXFileReference; fileEncoding = 4; lastKnownFileType = sourcecode.c.h; path = SMWebRequest.h; sourceTree = "<group>"; };
		01937CB413A05A6C00BCE1D4 /* SMXMLDocument.m */ = {isa = PBXFileReference; fileEncoding = 4; lastKnownFileType = sourcecode.c.objc; path = SMXMLDocument.m; sourceTree = "<group>"; };
		01937CB513A05A6C00BCE1D4 /* SMXMLDocument.h */ = {isa = PBXFileReference; fileEncoding = 4; lastKnownFileType = sourcecode.c.h; path = SMXMLDocument.h; sourceTree = "<group>"; };
		01937CB713A05B8600BCE1D4 /* Feed.h */ = {isa = PBXFileReference; fileEncoding = 4; lastKnownFileType = sourcecode.c.h; lineEnding = 0; path = Feed.h; sourceTree = "<group>"; xcLanguageSpecificationIdentifier = xcode.lang.objcpp; };
		01937CB813A05B8700BCE1D4 /* Feed.m */ = {isa = PBXFileReference; fileEncoding = 4; lastKnownFileType = sourcecode.c.objc; lineEnding = 0; path = Feed.m; sourceTree = "<group>"; xcLanguageSpecificationIdentifier = xcode.lang.objc; };
		019EE0C214701FA500B67B74 /* Growl.framework */ = {isa = PBXFileReference; lastKnownFileType = wrapper.framework; path = Growl.framework; sourceTree = "<group>"; };
		019EE0CD147023B800B67B74 /* DDHotKeyCenter.h */ = {isa = PBXFileReference; fileEncoding = 4; lastKnownFileType = sourcecode.c.h; path = DDHotKeyCenter.h; sourceTree = "<group>"; };
		019EE0CE147023B800B67B74 /* DDHotKeyCenter.m */ = {isa = PBXFileReference; fileEncoding = 4; lastKnownFileType = sourcecode.c.objc; path = DDHotKeyCenter.m; sourceTree = "<group>"; };
		019EE0ED147034E400B67B74 /* ShortcutRecorder.framework */ = {isa = PBXFileReference; lastKnownFileType = wrapper.framework; path = ShortcutRecorder.framework; sourceTree = "<group>"; };
		019EE0F0147044CA00B67B74 /* LoginItems.h */ = {isa = PBXFileReference; fileEncoding = 4; lastKnownFileType = sourcecode.c.h; path = LoginItems.h; sourceTree = "<group>"; };
		019EE0F1147044CA00B67B74 /* LoginItems.m */ = {isa = PBXFileReference; fileEncoding = 4; lastKnownFileType = sourcecode.c.objc; path = LoginItems.m; sourceTree = "<group>"; };
		01A93AAC1652B36A00B96B79 /* NSString+EmailValidation.h */ = {isa = PBXFileReference; fileEncoding = 4; lastKnownFileType = sourcecode.c.h; path = "NSString+EmailValidation.h"; sourceTree = "<group>"; };
		01A93AAD1652B36A00B96B79 /* NSString+EmailValidation.m */ = {isa = PBXFileReference; fileEncoding = 4; lastKnownFileType = sourcecode.c.objc; path = "NSString+EmailValidation.m"; sourceTree = "<group>"; };
		01A93AB01652B62C00B96B79 /* Prefs.h */ = {isa = PBXFileReference; lastKnownFileType = sourcecode.c.h; path = Prefs.h; sourceTree = "<group>"; };
		01A93AB11652B63B00B96B79 /* PrefsExample.h */ = {isa = PBXFileReference; lastKnownFileType = sourcecode.c.h; path = PrefsExample.h; sourceTree = "<group>"; };
		01B2BE7113C4BBE900304D6A /* NSString+Truncated.h */ = {isa = PBXFileReference; fileEncoding = 4; lastKnownFileType = sourcecode.c.h; path = "NSString+Truncated.h"; sourceTree = "<group>"; };
		01B2BE7213C4BBE900304D6A /* NSString+Truncated.m */ = {isa = PBXFileReference; fileEncoding = 4; lastKnownFileType = sourcecode.c.objc; path = "NSString+Truncated.m"; sourceTree = "<group>"; };
		01B2BE7513C4C39A00304D6A /* DribbbleAccount.h */ = {isa = PBXFileReference; fileEncoding = 4; lastKnownFileType = sourcecode.c.h; path = DribbbleAccount.h; sourceTree = "<group>"; };
		01B2BE7613C4C39B00304D6A /* DribbbleAccount.m */ = {isa = PBXFileReference; fileEncoding = 4; lastKnownFileType = sourcecode.c.objc; path = DribbbleAccount.m; sourceTree = "<group>"; };
		01B2BE7813C4E76400304D6A /* GithubAccount.h */ = {isa = PBXFileReference; fileEncoding = 4; lastKnownFileType = sourcecode.c.h; path = GithubAccount.h; sourceTree = "<group>"; };
		01B2BE7913C4E76400304D6A /* GithubAccount.m */ = {isa = PBXFileReference; fileEncoding = 4; lastKnownFileType = sourcecode.c.objc; path = GithubAccount.m; sourceTree = "<group>"; };
		01B7FBE213FDB60200ACC29B /* ApplicationIcon.icns */ = {isa = PBXFileReference; lastKnownFileType = image.icns; name = ApplicationIcon.icns; path = ../ApplicationIcon.icns; sourceTree = "<group>"; };
		01BD35E0154D985200170BDD /* ZendeskAccount.h */ = {isa = PBXFileReference; fileEncoding = 4; lastKnownFileType = sourcecode.c.h; path = ZendeskAccount.h; sourceTree = "<group>"; };
		01BD35E1154D985200170BDD /* ZendeskAccount.m */ = {isa = PBXFileReference; fileEncoding = 4; lastKnownFileType = sourcecode.c.objc; path = ZendeskAccount.m; sourceTree = "<group>"; };
		01C359AF13C4B6C400D803BD /* HighriseAccount.h */ = {isa = PBXFileReference; fileEncoding = 4; lastKnownFileType = sourcecode.c.h; path = HighriseAccount.h; sourceTree = "<group>"; };
		01C359B013C4B6C400D803BD /* HighriseAccount.m */ = {isa = PBXFileReference; fileEncoding = 4; lastKnownFileType = sourcecode.c.objc; path = HighriseAccount.m; sourceTree = "<group>"; };
		01C4F93213C597AC00DB0CCB /* WebKit.framework */ = {isa = PBXFileReference; lastKnownFileType = wrapper.framework; name = WebKit.framework; path = System/Library/Frameworks/WebKit.framework; sourceTree = SDKROOT; };
		01D4A3BA13C434B400CE07CC /* NSURLRequest+Authorization.h */ = {isa = PBXFileReference; fileEncoding = 4; lastKnownFileType = sourcecode.c.h; lineEnding = 0; path = "NSURLRequest+Authorization.h"; sourceTree = "<group>"; xcLanguageSpecificationIdentifier = xcode.lang.objcpp; };
		01D4A3BB13C434B400CE07CC /* NSURLRequest+Authorization.m */ = {isa = PBXFileReference; fileEncoding = 4; lastKnownFileType = sourcecode.c.objc; lineEnding = 0; path = "NSURLRequest+Authorization.m"; sourceTree = "<group>"; xcLanguageSpecificationIdentifier = xcode.lang.objc; };
		01D7CB7E13AFDFBE001B133A /* Carbon.framework */ = {isa = PBXFileReference; lastKnownFileType = wrapper.framework; name = Carbon.framework; path = System/Library/Frameworks/Carbon.framework; sourceTree = SDKROOT; };
		01D7CB8A13B02F4A001B133A /* NewAccountController.h */ = {isa = PBXFileReference; fileEncoding = 4; lastKnownFileType = sourcecode.c.h; path = NewAccountController.h; sourceTree = "<group>"; };
		01D7CB8B13B02F4A001B133A /* NewAccountController.m */ = {isa = PBXFileReference; fileEncoding = 4; lastKnownFileType = sourcecode.c.objc; path = NewAccountController.m; sourceTree = "<group>"; };
		01D7CB8D13B02F62001B133A /* NewAccountController.xib */ = {isa = PBXFileReference; fileEncoding = 4; lastKnownFileType = file.xib; path = NewAccountController.xib; sourceTree = "<group>"; };
		01D84E19152F33F900267C15 /* OAuth2Token.h */ = {isa = PBXFileReference; fileEncoding = 4; lastKnownFileType = sourcecode.c.h; path = OAuth2Token.h; sourceTree = "<group>"; };
		01D84E1A152F33FA00267C15 /* OAuth2Token.m */ = {isa = PBXFileReference; fileEncoding = 4; lastKnownFileType = sourcecode.c.objc; path = OAuth2Token.m; sourceTree = "<group>"; };
		01D84E28152F42EE00267C15 /* NSString+URLArgument.h */ = {isa = PBXFileReference; lastKnownFileType = sourcecode.c.h; path = "NSString+URLArgument.h"; sourceTree = "<group>"; };
		01D84E29152F42EE00267C15 /* NSString+URLArgument.m */ = {isa = PBXFileReference; lastKnownFileType = sourcecode.c.objc; path = "NSString+URLArgument.m"; sourceTree = "<group>"; };
		01D84E38153018D100267C15 /* DropmarkAccount.h */ = {isa = PBXFileReference; fileEncoding = 4; lastKnownFileType = sourcecode.c.h; path = DropmarkAccount.h; sourceTree = "<group>"; };
		01D84E39153018D100267C15 /* DropmarkAccount.m */ = {isa = PBXFileReference; fileEncoding = 4; lastKnownFileType = sourcecode.c.objc; path = DropmarkAccount.m; sourceTree = "<group>"; };
		01D84E3D15308E3900267C15 /* Popover.css */ = {isa = PBXFileReference; fileEncoding = 4; lastKnownFileType = text.css; name = Popover.css; path = Popover/Popover.css; sourceTree = "<group>"; };
		01EB9C3713C4F26E00A9C131 /* RegexKitLite.m */ = {isa = PBXFileReference; fileEncoding = 4; lastKnownFileType = sourcecode.c.objc; path = RegexKitLite.m; sourceTree = "<group>"; };
		01EB9C3813C4F26E00A9C131 /* RegexKitLite.h */ = {isa = PBXFileReference; fileEncoding = 4; lastKnownFileType = sourcecode.c.h; path = RegexKitLite.h; sourceTree = "<group>"; };
		01EB9C3B13C4F35A00A9C131 /* libicucore.dylib */ = {isa = PBXFileReference; lastKnownFileType = "compiled.mach-o.dylib"; name = libicucore.dylib; path = usr/lib/libicucore.dylib; sourceTree = SDKROOT; };
		01F2ABB115E15FA400AE57F0 /* ErrorReport.txt */ = {isa = PBXFileReference; fileEncoding = 4; lastKnownFileType = text; path = ErrorReport.txt; sourceTree = "<group>"; };
		01F2ABB415E176D400AE57F0 /* PivotalTrackerAccount.h */ = {isa = PBXFileReference; fileEncoding = 4; lastKnownFileType = sourcecode.c.h; path = PivotalTrackerAccount.h; sourceTree = "<group>"; };
		01F2ABB515E176D500AE57F0 /* PivotalTrackerAccount.m */ = {isa = PBXFileReference; fileEncoding = 4; lastKnownFileType = sourcecode.c.objc; path = PivotalTrackerAccount.m; sourceTree = "<group>"; };
		01F5D6C513B3B89600EA479D /* StatusItemView.m */ = {isa = PBXFileReference; fileEncoding = 4; lastKnownFileType = sourcecode.c.objc; path = StatusItemView.m; sourceTree = "<group>"; };
		01F5D6C613B3B89600EA479D /* StatusItemView.h */ = {isa = PBXFileReference; fileEncoding = 4; lastKnownFileType = sourcecode.c.h; path = StatusItemView.h; sourceTree = "<group>"; };
		01F616B213AD4EC800EBB24E /* Growl Registration Ticket.growlRegDict */ = {isa = PBXFileReference; fileEncoding = 4; lastKnownFileType = text.xml; path = "Growl Registration Ticket.growlRegDict"; sourceTree = "<group>"; };
		01F616B513AD502300EBB24E /* NSString+EntityDecoding.h */ = {isa = PBXFileReference; fileEncoding = 4; lastKnownFileType = sourcecode.c.h; path = "NSString+EntityDecoding.h"; sourceTree = "<group>"; };
		01F616B613AD502300EBB24E /* NSString+EntityDecoding.m */ = {isa = PBXFileReference; fileEncoding = 4; lastKnownFileType = sourcecode.c.objc; path = "NSString+EntityDecoding.m"; sourceTree = "<group>"; };
		01F616E413AE4F8D00EBB24E /* Reachability.m */ = {isa = PBXFileReference; fileEncoding = 4; lastKnownFileType = sourcecode.c.objc; path = Reachability.m; sourceTree = "<group>"; };
		01F616E513AE4F8D00EBB24E /* Reachability.h */ = {isa = PBXFileReference; fileEncoding = 4; lastKnownFileType = sourcecode.c.h; path = Reachability.h; sourceTree = "<group>"; };
		01F616E713AE504000EBB24E /* SystemConfiguration.framework */ = {isa = PBXFileReference; lastKnownFileType = wrapper.framework; name = SystemConfiguration.framework; path = System/Library/Frameworks/SystemConfiguration.framework; sourceTree = SDKROOT; };
		01F616EF13AEAA2400EBB24E /* PreferencesController.h */ = {isa = PBXFileReference; fileEncoding = 4; lastKnownFileType = sourcecode.c.h; path = PreferencesController.h; sourceTree = "<group>"; };
		01F616F013AEAA2500EBB24E /* PreferencesController.m */ = {isa = PBXFileReference; fileEncoding = 4; lastKnownFileType = sourcecode.c.objc; path = PreferencesController.m; sourceTree = "<group>"; };
		01F616F113AEAA2600EBB24E /* PreferencesController.xib */ = {isa = PBXFileReference; fileEncoding = 4; lastKnownFileType = file.xib; name = PreferencesController.xib; path = en.lproj/PreferencesController.xib; sourceTree = "<group>"; };
		01F64A2914C2318B00AAABD7 /* BeanstalkAccount.h */ = {isa = PBXFileReference; fileEncoding = 4; lastKnownFileType = sourcecode.c.h; path = BeanstalkAccount.h; sourceTree = "<group>"; };
		01F64A2A14C2318B00AAABD7 /* BeanstalkAccount.m */ = {isa = PBXFileReference; fileEncoding = 4; lastKnownFileType = sourcecode.c.objc; lineEnding = 0; path = BeanstalkAccount.m; sourceTree = "<group>"; xcLanguageSpecificationIdentifier = xcode.lang.objc; };
		01F7120514F9498000A32AB9 /* NSDate+TimeAgo.h */ = {isa = PBXFileReference; lastKnownFileType = sourcecode.c.h; path = "NSDate+TimeAgo.h"; sourceTree = "<group>"; };
		01F7120614F9498000A32AB9 /* NSDate+TimeAgo.m */ = {isa = PBXFileReference; lastKnownFileType = sourcecode.c.objc; path = "NSDate+TimeAgo.m"; sourceTree = "<group>"; };
/* End PBXFileReference section */

/* Begin PBXFrameworksBuildPhase section */
		01937C7B13A03F5000BCE1D4 /* Frameworks */ = {
			isa = PBXFrameworksBuildPhase;
			buildActionMask = 2147483647;
			files = (
				014147B31486B2BF000D63E5 /* libxml2.2.dylib in Frameworks */,
				01C4F93513C597C000DB0CCB /* WebKit.framework in Frameworks */,
				01EB9C3D13C4F36E00A9C131 /* libicucore.dylib in Frameworks */,
				0108CEDD13BB8CB90000ECE1 /* Security.framework in Frameworks */,
				01937C8313A03F5000BCE1D4 /* Cocoa.framework in Frameworks */,
				01F616E813AE504000EBB24E /* SystemConfiguration.framework in Frameworks */,
				01D7CB8013AFDFCD001B133A /* Carbon.framework in Frameworks */,
				019EE0C314701FA500B67B74 /* Growl.framework in Frameworks */,
				019EE0EE147034E400B67B74 /* ShortcutRecorder.framework in Frameworks */,
			);
			runOnlyForDeploymentPostprocessing = 0;
		};
/* End PBXFrameworksBuildPhase section */

/* Begin PBXGroup section */
		0108CECC13BB1B080000ECE1 /* Accounts */ = {
			isa = PBXGroup;
			children = (
				012734BC15DFFB4E00512361 /* RSSAtomAccount.h */,
				012734BD15DFFB4E00512361 /* RSSAtomAccount.m */,
				0108CED113BB1EC00000ECE1 /* BasecampAccount.h */,
				0108CED213BB1EC00000ECE1 /* BasecampAccount.m */,
				01C359AF13C4B6C400D803BD /* HighriseAccount.h */,
				01C359B013C4B6C400D803BD /* HighriseAccount.m */,
				01B2BE7513C4C39A00304D6A /* DribbbleAccount.h */,
				01B2BE7613C4C39B00304D6A /* DribbbleAccount.m */,
				01B2BE7813C4E76400304D6A /* GithubAccount.h */,
				01B2BE7913C4E76400304D6A /* GithubAccount.m */,
				0141479E1486B019000D63E5 /* UserVoiceAccount.h */,
				0141479F1486B019000D63E5 /* UserVoiceAccount.m */,
				01524F4314BFB45F00913D84 /* TrelloAccount.h */,
				01524F4414BFB45F00913D84 /* TrelloAccount.m */,
				01F64A2914C2318B00AAABD7 /* BeanstalkAccount.h */,
				01F64A2A14C2318B00AAABD7 /* BeanstalkAccount.m */,
				0181D971152492D400D1E78B /* BasecampNextAccount.h */,
				0181D972152492D400D1E78B /* BasecampNextAccount.m */,
				01D84E38153018D100267C15 /* DropmarkAccount.h */,
				01D84E39153018D100267C15 /* DropmarkAccount.m */,
				01BD35E0154D985200170BDD /* ZendeskAccount.h */,
				01BD35E1154D985200170BDD /* ZendeskAccount.m */,
				01F2ABB415E176D400AE57F0 /* PivotalTrackerAccount.h */,
				01F2ABB515E176D500AE57F0 /* PivotalTrackerAccount.m */,
			);
			name = Accounts;
			sourceTree = "<group>";
		};
		0117B30313AD27640018AB7C /* Helpers */ = {
			isa = PBXGroup;
			children = (
				013B1AA715E703F3008E9ACB /* NSDate+InternetDateTime.h */,
				013B1AA615E703F3008E9ACB /* NSDate+InternetDateTime.m */,
				0117B30413AD27CB0018AB7C /* NSArray+Linqish.h */,
				0117B30513AD27CB0018AB7C /* NSArray+Linqish.m */,
				01F616B513AD502300EBB24E /* NSString+EntityDecoding.h */,
				01F616B613AD502300EBB24E /* NSString+EntityDecoding.m */,
				014147B61486B575000D63E5 /* NSString+English.h */,
				014147B71486B575000D63E5 /* NSString+English.m */,
				01F616E513AE4F8D00EBB24E /* Reachability.h */,
				01F616E413AE4F8D00EBB24E /* Reachability.m */,
				0108CEDE13BBA3AC0000ECE1 /* NSString+Base64.h */,
				0108CEDF13BBA3AC0000ECE1 /* NSString+Base64.m */,
				01D4A3BA13C434B400CE07CC /* NSURLRequest+Authorization.h */,
				01D4A3BB13C434B400CE07CC /* NSURLRequest+Authorization.m */,
				01B2BE7113C4BBE900304D6A /* NSString+Truncated.h */,
				01B2BE7213C4BBE900304D6A /* NSString+Truncated.m */,
				01EB9C3813C4F26E00A9C131 /* RegexKitLite.h */,
				01EB9C3713C4F26E00A9C131 /* RegexKitLite.m */,
				01518F7C13C54F480043AB98 /* CG+Geometry.h */,
				01518F7D13C54F480043AB98 /* CG+Geometry.m */,
				0125C6CB13C7C8B10006BB1A /* NSView+PrintHierarchy.h */,
				0125C6CC13C7C8B10006BB1A /* NSView+PrintHierarchy.m */,
				019EE0F0147044CA00B67B74 /* LoginItems.h */,
				019EE0F1147044CA00B67B74 /* LoginItems.m */,
				014147B91486BAB5000D63E5 /* ISO8601DateFormatter.h */,
				014147BA1486BAB5000D63E5 /* ISO8601DateFormatter.m */,
				01F7120514F9498000A32AB9 /* NSDate+TimeAgo.h */,
				01F7120614F9498000A32AB9 /* NSDate+TimeAgo.m */,
				01D84E28152F42EE00267C15 /* NSString+URLArgument.h */,
				01D84E29152F42EE00267C15 /* NSString+URLArgument.m */,
				0133CEA11530973E00CF6647 /* NSAlert+Foreground.h */,
				0133CEA21530973E00CF6647 /* NSAlert+Foreground.m */,
				01A93AAC1652B36A00B96B79 /* NSString+EmailValidation.h */,
				01A93AAD1652B36A00B96B79 /* NSString+EmailValidation.m */,
			);
			name = Helpers;
			sourceTree = "<group>";
		};
		013BE6CB15E146F80002F51E /* Lumberjack */ = {
			isa = PBXGroup;
			children = (
				013BE6EB15E14F7E0002F51E /* DDLog.h */,
				013BE6E615E14F7E0002F51E /* DDLog.m */,
				013BE6EA15E14F7E0002F51E /* DDFileLogger.h */,
				013BE6E515E14F7E0002F51E /* DDFileLogger.m */,
				013BE6EC15E14F7E0002F51E /* DDTTYLogger.h */,
				013BE6E715E14F7E0002F51E /* DDTTYLogger.m */,
				013BE6E815E14F7E0002F51E /* DDASLLogger.m */,
				013BE6E915E14F7E0002F51E /* DDASLLogger.h */,
			);
			name = Lumberjack;
			path = Lumberjack/Lumberjack;
			sourceTree = "<group>";
		};
		014147A71486B258000D63E5 /* Hpple */ = {
			isa = PBXGroup;
			children = (
				014147A81486B258000D63E5 /* TFHpple.h */,
				014147A91486B258000D63E5 /* TFHpple.m */,
				014147AA1486B258000D63E5 /* TFHppleElement.h */,
				014147AB1486B258000D63E5 /* TFHppleElement.m */,
				014147AC1486B258000D63E5 /* XPathQuery.h */,
				014147AD1486B258000D63E5 /* XPathQuery.m */,
			);
			path = Hpple;
			sourceTree = "<group>";
		};
		015D789E13C6733D00BCD7C4 /* Service Icons */ = {
			isa = PBXGroup;
			children = (
				013B1ACA15E8451D008E9ACB /* Basecamp.png */,
				013B1ACB15E8451D008E9ACB /* Basecamp@2x.png */,
				013B1ACC15E8451D008E9ACB /* BasecampAccount.png */,
				013B1ACD15E8451D008E9ACB /* BasecampAccount@2x.png */,
				013B1ACE15E8451D008E9ACB /* BasecampNotify.png */,
				013B1ACF15E8451D008E9ACB /* BasecampNotify@2x.png */,
				013B1AD015E8451D008E9ACB /* Beanstalk.png */,
				013B1AD115E8451D008E9ACB /* Beanstalk@2x.png */,
				013B1AD215E8451D008E9ACB /* BeanstalkAccount.png */,
				013B1AD315E8451D008E9ACB /* BeanstalkAccount@2x.png */,
				013B1AD415E8451D008E9ACB /* BeanstalkNotify.png */,
				013B1AD515E8451D008E9ACB /* BeanstalkNotify@2x.png */,
				013B1AD615E8451D008E9ACB /* Default.png */,
				013B1AD715E8451D008E9ACB /* Dribbble.png */,
				013B1AD815E8451D008E9ACB /* Dribbble@2x.png */,
				013B1AD915E8451D008E9ACB /* DribbbleAccount.png */,
				013B1ADA15E8451D008E9ACB /* DribbbleAccount@2x.png */,
				013B1ADB15E8451D008E9ACB /* DribbbleNotify.png */,
				013B1ADC15E8451D008E9ACB /* DribbbleNotify@2x.png */,
				013B1ADD15E8451D008E9ACB /* Dropmark.png */,
				013B1ADE15E8451D008E9ACB /* Dropmark@2x.png */,
				013B1ADF15E8451D008E9ACB /* DropmarkAccount.png */,
				013B1AE015E8451D008E9ACB /* DropmarkAccount@2x.png */,
				013B1AE115E8451D008E9ACB /* DropmarkNotify.png */,
				013B1AE215E8451D008E9ACB /* DropmarkNotify@2x.png */,
				013B1AE315E8451D008E9ACB /* Github.png */,
				013B1AE415E8451D008E9ACB /* Github@2x.png */,
				013B1AE515E8451D008E9ACB /* GithubAccount.png */,
				013B1AE615E8451D008E9ACB /* GithubAccount@2x.png */,
				013B1AE715E8451D008E9ACB /* GithubNotify.png */,
				013B1AE815E8451D008E9ACB /* GithubNotify@2x.png */,
				013B1AE915E8451D008E9ACB /* Highrise.png */,
				013B1AEA15E8451D008E9ACB /* Highrise@2x.png */,
				013B1AEB15E8451D008E9ACB /* HighriseAccount.png */,
				013B1AEC15E8451D008E9ACB /* HighriseAccount@2x.png */,
				013B1AED15E8451D008E9ACB /* HighriseNotify.png */,
				013B1AEE15E8451D008E9ACB /* HighriseNotify@2x.png */,
				013B1AEF15E8451D008E9ACB /* PivotalTracker.png */,
				013B1AF015E8451D008E9ACB /* PivotalTracker@2x.png */,
				013B1AF115E8451D008E9ACB /* PivotalTrackerAccount.png */,
				013B1AF215E8451D008E9ACB /* PivotalTrackerAccount@2x.png */,
				013B1AF315E8451D008E9ACB /* PivotalTrackerNotify.png */,
				013B1AF415E8451D008E9ACB /* PivotalTrackerNotify@2x.png */,
				013B1AF515E8451D008E9ACB /* RSSAtom.png */,
				013B1AF615E8451D008E9ACB /* RSSAtom@2x.png */,
				013B1AF715E8451D008E9ACB /* RSSAtomAccount.png */,
				013B1AF815E8451D008E9ACB /* RSSAtomAccount@2x.png */,
				013B1AF915E8451D008E9ACB /* RSSAtomNotify.png */,
				013B1AFA15E8451D008E9ACB /* RSSAtomNotify@2x.png */,
				013B1AFB15E8451D008E9ACB /* Trello.png */,
				013B1AFC15E8451D008E9ACB /* Trello@2x.png */,
				013B1AFD15E8451D008E9ACB /* TrelloAccount.png */,
				013B1AFE15E8451D008E9ACB /* TrelloAccount@2x.png */,
				013B1AFF15E8451D008E9ACB /* TrelloNotify.png */,
				013B1B0015E8451D008E9ACB /* TrelloNotify@2x.png */,
				013B1B0115E8451D008E9ACB /* UserVoice.png */,
				013B1B0215E8451D008E9ACB /* UserVoice@2x.png */,
				013B1B0315E8451D008E9ACB /* UserVoiceAccount.png */,
				013B1B0415E8451D008E9ACB /* UserVoiceAccount@2x.png */,
				013B1B0515E8451D008E9ACB /* UserVoiceNotify.png */,
				013B1B0615E8451D008E9ACB /* UserVoiceNotify@2x.png */,
				013B1B0715E8451D008E9ACB /* Zendesk.png */,
				013B1B0815E8451D008E9ACB /* Zendesk@2x.png */,
				013B1B0915E8451D008E9ACB /* ZendeskAccount.png */,
				013B1B0A15E8451D008E9ACB /* ZendeskAccount@2x.png */,
				013B1B0B15E8451D008E9ACB /* ZendeskNotify.png */,
				013B1B0C15E8451D008E9ACB /* ZendeskNotify@2x.png */,
			);
			name = "Service Icons";
			sourceTree = "<group>";
		};
		01937C7313A03F5000BCE1D4 = {
			isa = PBXGroup;
			children = (
				01937C8813A03F5000BCE1D4 /* Feeds */,
				01937CB213A05A5100BCE1D4 /* Libraries */,
				01937C8113A03F5000BCE1D4 /* Frameworks */,
				01937C7F13A03F5000BCE1D4 /* Products */,
			);
			sourceTree = "<group>";
		};
		01937C7F13A03F5000BCE1D4 /* Products */ = {
			isa = PBXGroup;
			children = (
				01937C7E13A03F5000BCE1D4 /* Feeds.app */,
			);
			name = Products;
			sourceTree = "<group>";
		};
		01937C8113A03F5000BCE1D4 /* Frameworks */ = {
			isa = PBXGroup;
			children = (
				019EE0ED147034E400B67B74 /* ShortcutRecorder.framework */,
				019EE0C214701FA500B67B74 /* Growl.framework */,
				01C4F93213C597AC00DB0CCB /* WebKit.framework */,
				01EB9C3B13C4F35A00A9C131 /* libicucore.dylib */,
				014147B11486B27F000D63E5 /* libxml2.2.dylib */,
				0108CEDC13BB8CB80000ECE1 /* Security.framework */,
				01937C8213A03F5000BCE1D4 /* Cocoa.framework */,
				01F616E713AE504000EBB24E /* SystemConfiguration.framework */,
				01D7CB7E13AFDFBE001B133A /* Carbon.framework */,
				01937C8413A03F5000BCE1D4 /* Other Frameworks */,
			);
			name = Frameworks;
			sourceTree = "<group>";
		};
		01937C8413A03F5000BCE1D4 /* Other Frameworks */ = {
			isa = PBXGroup;
			children = (
				01937C8513A03F5000BCE1D4 /* AppKit.framework */,
				01937C8613A03F5000BCE1D4 /* CoreData.framework */,
				01937C8713A03F5000BCE1D4 /* Foundation.framework */,
			);
			name = "Other Frameworks";
			sourceTree = "<group>";
		};
		01937C8813A03F5000BCE1D4 /* Feeds */ = {
			isa = PBXGroup;
			children = (
				014C022A15ED43F100D5BD76 /* Feeds.entitlements */,
				01937C9713A03F5000BCE1D4 /* App.xib */,
				01937C9413A03F5000BCE1D4 /* AppDelegate.h */,
				01937C9513A03F5000BCE1D4 /* AppDelegate.m */,
				01D7CB8213B02C92001B133A /* Model */,
				0108CECC13BB1B080000ECE1 /* Accounts */,
				01D7CB9213B104DA001B133A /* Views */,
				01D7CB8113B02C74001B133A /* Controllers */,
				0117B30313AD27640018AB7C /* Helpers */,
				01937C8913A03F5000BCE1D4 /* Supporting Files */,
			);
			path = Feeds;
			sourceTree = "<group>";
		};
		01937C8913A03F5000BCE1D4 /* Supporting Files */ = {
			isa = PBXGroup;
			children = (
				01937CA713A057FA00BCE1D4 /* Graphics */,
				01937C8A13A03F5000BCE1D4 /* Feeds-Info.plist */,
				01F616B213AD4EC800EBB24E /* Growl Registration Ticket.growlRegDict */,
				01937C8B13A03F5000BCE1D4 /* InfoPlist.strings */,
				01937C8E13A03F5000BCE1D4 /* Feeds-Prefix.pch */,
				01937C8F13A03F5000BCE1D4 /* main.m */,
				01937C9113A03F5000BCE1D4 /* Credits.rtf */,
				015D788E13C6394600BCD7C4 /* Popover.html */,
				01D84E3D15308E3900267C15 /* Popover.css */,
				01B7FBE213FDB60200ACC29B /* ApplicationIcon.icns */,
				01F2ABB115E15FA400AE57F0 /* ErrorReport.txt */,
				01A93AB01652B62C00B96B79 /* Prefs.h */,
				01A93AB11652B63B00B96B79 /* PrefsExample.h */,
			);
			name = "Supporting Files";
			sourceTree = "<group>";
		};
		01937CA713A057FA00BCE1D4 /* Graphics */ = {
			isa = PBXGroup;
			children = (
				015D789E13C6733D00BCD7C4 /* Service Icons */,
				013B1AAE15E83BAC008E9ACB /* StatusItem.png */,
				013B1AAF15E83BAC008E9ACB /* StatusItem@2x.png */,
				013B1AB015E83BAC008E9ACB /* StatusItemInactive.png */,
				013B1AB115E83BAC008E9ACB /* StatusItemInactive@2x.png */,
				013B1AB215E83BAC008E9ACB /* StatusItemSelected.png */,
				013B1AB315E83BAC008E9ACB /* StatusItemSelected@2x.png */,
				013B1AB415E83BAC008E9ACB /* StatusItemUnread.png */,
				013B1AB515E83BAC008E9ACB /* StatusItemUnread@2x.png */,
				013B1ABE15E83BBB008E9ACB /* Unread.png */,
				013B1ABF15E83BBB008E9ACB /* Unread@2x.png */,
				013B1AC415E843BD008E9ACB /* AlertCautionIcon.icns */,
				013B1AC615E84490008E9ACB /* Accounts.icns */,
				013B1AC715E84490008E9ACB /* General.icns */,
			);
			path = Graphics;
			sourceTree = "<group>";
		};
		01937CB113A05A3E00BCE1D4 /* Web Request */ = {
			isa = PBXGroup;
			children = (
				01937CAF13A05A3A00BCE1D4 /* SMWebRequest.h */,
				01937CAE13A05A3A00BCE1D4 /* SMWebRequest.m */,
			);
			name = "Web Request";
			path = WebRequest;
			sourceTree = "<group>";
		};
		01937CB213A05A5100BCE1D4 /* Libraries */ = {
			isa = PBXGroup;
			children = (
				013BE6CB15E146F80002F51E /* Lumberjack */,
				01937CB313A05A6300BCE1D4 /* XML Document */,
				01937CB113A05A3E00BCE1D4 /* Web Request */,
				01B2BE7B13C4E89D00304D6A /* JSONKit */,
				019EE0C4147023B800B67B74 /* DDHotKey */,
				014147A71486B258000D63E5 /* Hpple */,
			);
			name = Libraries;
			sourceTree = "<group>";
		};
		01937CB313A05A6300BCE1D4 /* XML Document */ = {
			isa = PBXGroup;
			children = (
				01937CB513A05A6C00BCE1D4 /* SMXMLDocument.h */,
				01937CB413A05A6C00BCE1D4 /* SMXMLDocument.m */,
			);
			name = "XML Document";
			path = XMLDocument;
			sourceTree = "<group>";
		};
		019EE0C4147023B800B67B74 /* DDHotKey */ = {
			isa = PBXGroup;
			children = (
				019EE0CD147023B800B67B74 /* DDHotKeyCenter.h */,
				019EE0CE147023B800B67B74 /* DDHotKeyCenter.m */,
			);
			path = DDHotKey;
			sourceTree = "<group>";
		};
		01B2BE7B13C4E89D00304D6A /* JSONKit */ = {
			isa = PBXGroup;
			children = (
				015E0EE414478DB6000A611D /* JSONKit.h */,
				015E0EE514478DB6000A611D /* JSONKit.m */,
			);
			path = JSONKit;
			sourceTree = "<group>";
		};
		01D7CB8113B02C74001B133A /* Controllers */ = {
			isa = PBXGroup;
			children = (
				01F616EF13AEAA2400EBB24E /* PreferencesController.h */,
				01F616F013AEAA2500EBB24E /* PreferencesController.m */,
				01F616F113AEAA2600EBB24E /* PreferencesController.xib */,
				01D7CB8A13B02F4A001B133A /* NewAccountController.h */,
				01D7CB8B13B02F4A001B133A /* NewAccountController.m */,
				01D7CB8D13B02F62001B133A /* NewAccountController.xib */,
			);
			name = Controllers;
			sourceTree = "<group>";
		};
		01D7CB8213B02C92001B133A /* Model */ = {
			isa = PBXGroup;
			children = (
				0108CECE13BB1B4F0000ECE1 /* Account.h */,
				0108CECF13BB1B4F0000ECE1 /* Account.m */,
				01937CB713A05B8600BCE1D4 /* Feed.h */,
				01937CB813A05B8700BCE1D4 /* Feed.m */,
				01D84E19152F33F900267C15 /* OAuth2Token.h */,
				01D84E1A152F33FA00267C15 /* OAuth2Token.m */,
			);
			name = Model;
			sourceTree = "<group>";
		};
		01D7CB9213B104DA001B133A /* Views */ = {
			isa = PBXGroup;
			children = (
				01F5D6C613B3B89600EA479D /* StatusItemView.h */,
				01F5D6C513B3B89600EA479D /* StatusItemView.m */,
				015E0ED614475D2E000A611D /* AccountCell.h */,
				015E0ED714475D2E000A611D /* AccountCell.m */,
			);
			name = Views;
			sourceTree = "<group>";
		};
/* End PBXGroup section */

/* Begin PBXNativeTarget section */
		01937C7D13A03F5000BCE1D4 /* Feeds */ = {
			isa = PBXNativeTarget;
			buildConfigurationList = 01937C9C13A03F5000BCE1D4 /* Build configuration list for PBXNativeTarget "Feeds" */;
			buildPhases = (
				01937C7A13A03F5000BCE1D4 /* Sources */,
				01937C7C13A03F5000BCE1D4 /* Resources */,
				01F616A713AD4A5700EBB24E /* Copy Frameworks */,
				01937C7B13A03F5000BCE1D4 /* Frameworks */,
			);
			buildRules = (
			);
			dependencies = (
			);
			name = Feeds;
			productName = RSSMenu;
			productReference = 01937C7E13A03F5000BCE1D4 /* Feeds.app */;
			productType = "com.apple.product-type.application";
		};
/* End PBXNativeTarget section */

/* Begin PBXProject section */
		01937C7513A03F5000BCE1D4 /* Project object */ = {
			isa = PBXProject;
			attributes = {
				LastUpgradeCheck = 0450;
				ORGANIZATIONNAME = "Spotlight Mobile";
			};
			buildConfigurationList = 01937C7813A03F5000BCE1D4 /* Build configuration list for PBXProject "Feeds" */;
			compatibilityVersion = "Xcode 3.2";
			developmentRegion = English;
			hasScannedForEncodings = 0;
			knownRegions = (
				en,
				English,
			);
			mainGroup = 01937C7313A03F5000BCE1D4;
			productRefGroup = 01937C7F13A03F5000BCE1D4 /* Products */;
			projectDirPath = "";
			projectRoot = "";
			targets = (
				01937C7D13A03F5000BCE1D4 /* Feeds */,
			);
		};
/* End PBXProject section */

/* Begin PBXResourcesBuildPhase section */
		01937C7C13A03F5000BCE1D4 /* Resources */ = {
			isa = PBXResourcesBuildPhase;
			buildActionMask = 2147483647;
			files = (
				01937C8D13A03F5000BCE1D4 /* InfoPlist.strings in Resources */,
				01937C9313A03F5000BCE1D4 /* Credits.rtf in Resources */,
				01937C9913A03F5000BCE1D4 /* App.xib in Resources */,
				01F616B313AD4EC800EBB24E /* Growl Registration Ticket.growlRegDict in Resources */,
				01F616F313AEAA2700EBB24E /* PreferencesController.xib in Resources */,
				01D7CB8E13B02F62001B133A /* NewAccountController.xib in Resources */,
				015D788F13C6394600BCD7C4 /* Popover.html in Resources */,
				01B7FBE313FDB60200ACC29B /* ApplicationIcon.icns in Resources */,
				01D84E3E15308E3900267C15 /* Popover.css in Resources */,
				01F2ABB215E15FA400AE57F0 /* ErrorReport.txt in Resources */,
				013B1AB615E83BAC008E9ACB /* StatusItem.png in Resources */,
				013B1AB715E83BAC008E9ACB /* StatusItem@2x.png in Resources */,
				013B1AB815E83BAC008E9ACB /* StatusItemInactive.png in Resources */,
				013B1AB915E83BAC008E9ACB /* StatusItemInactive@2x.png in Resources */,
				013B1ABA15E83BAC008E9ACB /* StatusItemSelected.png in Resources */,
				013B1ABB15E83BAC008E9ACB /* StatusItemSelected@2x.png in Resources */,
				013B1ABC15E83BAC008E9ACB /* StatusItemUnread.png in Resources */,
				013B1ABD15E83BAC008E9ACB /* StatusItemUnread@2x.png in Resources */,
				013B1AC015E83BBB008E9ACB /* Unread.png in Resources */,
				013B1AC115E83BBB008E9ACB /* Unread@2x.png in Resources */,
				013B1AC515E843BD008E9ACB /* AlertCautionIcon.icns in Resources */,
				013B1AC815E84490008E9ACB /* Accounts.icns in Resources */,
				013B1AC915E84490008E9ACB /* General.icns in Resources */,
				013B1B0D15E8451D008E9ACB /* Basecamp.png in Resources */,
				013B1B0E15E8451D008E9ACB /* Basecamp@2x.png in Resources */,
				013B1B0F15E8451D008E9ACB /* BasecampAccount.png in Resources */,
				013B1B1015E8451D008E9ACB /* BasecampAccount@2x.png in Resources */,
				013B1B1115E8451D008E9ACB /* BasecampNotify.png in Resources */,
				013B1B1215E8451D008E9ACB /* BasecampNotify@2x.png in Resources */,
				013B1B1315E8451D008E9ACB /* Beanstalk.png in Resources */,
				013B1B1415E8451D008E9ACB /* Beanstalk@2x.png in Resources */,
				013B1B1515E8451D008E9ACB /* BeanstalkAccount.png in Resources */,
				013B1B1615E8451D008E9ACB /* BeanstalkAccount@2x.png in Resources */,
				013B1B1715E8451D008E9ACB /* BeanstalkNotify.png in Resources */,
				013B1B1815E8451D008E9ACB /* BeanstalkNotify@2x.png in Resources */,
				013B1B1915E8451D008E9ACB /* Default.png in Resources */,
				013B1B1A15E8451D008E9ACB /* Dribbble.png in Resources */,
				013B1B1B15E8451D008E9ACB /* Dribbble@2x.png in Resources */,
				013B1B1C15E8451D008E9ACB /* DribbbleAccount.png in Resources */,
				013B1B1D15E8451D008E9ACB /* DribbbleAccount@2x.png in Resources */,
				013B1B1E15E8451D008E9ACB /* DribbbleNotify.png in Resources */,
				013B1B1F15E8451D008E9ACB /* DribbbleNotify@2x.png in Resources */,
				013B1B2015E8451D008E9ACB /* Dropmark.png in Resources */,
				013B1B2115E8451D008E9ACB /* Dropmark@2x.png in Resources */,
				013B1B2215E8451D008E9ACB /* DropmarkAccount.png in Resources */,
				013B1B2315E8451D008E9ACB /* DropmarkAccount@2x.png in Resources */,
				013B1B2415E8451D008E9ACB /* DropmarkNotify.png in Resources */,
				013B1B2515E8451D008E9ACB /* DropmarkNotify@2x.png in Resources */,
				013B1B2615E8451D008E9ACB /* Github.png in Resources */,
				013B1B2715E8451D008E9ACB /* Github@2x.png in Resources */,
				013B1B2815E8451D008E9ACB /* GithubAccount.png in Resources */,
				013B1B2915E8451D008E9ACB /* GithubAccount@2x.png in Resources */,
				013B1B2A15E8451D008E9ACB /* GithubNotify.png in Resources */,
				013B1B2B15E8451D008E9ACB /* GithubNotify@2x.png in Resources */,
				013B1B2C15E8451D008E9ACB /* Highrise.png in Resources */,
				013B1B2D15E8451D008E9ACB /* Highrise@2x.png in Resources */,
				013B1B2E15E8451D008E9ACB /* HighriseAccount.png in Resources */,
				013B1B2F15E8451D008E9ACB /* HighriseAccount@2x.png in Resources */,
				013B1B3015E8451D008E9ACB /* HighriseNotify.png in Resources */,
				013B1B3115E8451D008E9ACB /* HighriseNotify@2x.png in Resources */,
				013B1B3215E8451D008E9ACB /* PivotalTracker.png in Resources */,
				013B1B3315E8451D008E9ACB /* PivotalTracker@2x.png in Resources */,
				013B1B3415E8451D008E9ACB /* PivotalTrackerAccount.png in Resources */,
				013B1B3515E8451D008E9ACB /* PivotalTrackerAccount@2x.png in Resources */,
				013B1B3615E8451D008E9ACB /* PivotalTrackerNotify.png in Resources */,
				013B1B3715E8451D008E9ACB /* PivotalTrackerNotify@2x.png in Resources */,
				013B1B3815E8451D008E9ACB /* RSSAtom.png in Resources */,
				013B1B3915E8451D008E9ACB /* RSSAtom@2x.png in Resources */,
				013B1B3A15E8451D008E9ACB /* RSSAtomAccount.png in Resources */,
				013B1B3B15E8451D008E9ACB /* RSSAtomAccount@2x.png in Resources */,
				013B1B3C15E8451D008E9ACB /* RSSAtomNotify.png in Resources */,
				013B1B3D15E8451D008E9ACB /* RSSAtomNotify@2x.png in Resources */,
				013B1B3E15E8451D008E9ACB /* Trello.png in Resources */,
				013B1B3F15E8451D008E9ACB /* Trello@2x.png in Resources */,
				013B1B4015E8451D008E9ACB /* TrelloAccount.png in Resources */,
				013B1B4115E8451D008E9ACB /* TrelloAccount@2x.png in Resources */,
				013B1B4215E8451D008E9ACB /* TrelloNotify.png in Resources */,
				013B1B4315E8451D008E9ACB /* TrelloNotify@2x.png in Resources */,
				013B1B4415E8451D008E9ACB /* UserVoice.png in Resources */,
				013B1B4515E8451D008E9ACB /* UserVoice@2x.png in Resources */,
				013B1B4615E8451D008E9ACB /* UserVoiceAccount.png in Resources */,
				013B1B4715E8451D008E9ACB /* UserVoiceAccount@2x.png in Resources */,
				013B1B4815E8451D008E9ACB /* UserVoiceNotify.png in Resources */,
				013B1B4915E8451D008E9ACB /* UserVoiceNotify@2x.png in Resources */,
				013B1B4A15E8451D008E9ACB /* Zendesk.png in Resources */,
				013B1B4B15E8451D008E9ACB /* Zendesk@2x.png in Resources */,
				013B1B4C15E8451D008E9ACB /* ZendeskAccount.png in Resources */,
				013B1B4D15E8451D008E9ACB /* ZendeskAccount@2x.png in Resources */,
				013B1B4E15E8451D008E9ACB /* ZendeskNotify.png in Resources */,
				013B1B4F15E8451D008E9ACB /* ZendeskNotify@2x.png in Resources */,
			);
			runOnlyForDeploymentPostprocessing = 0;
		};
/* End PBXResourcesBuildPhase section */

/* Begin PBXSourcesBuildPhase section */
		01937C7A13A03F5000BCE1D4 /* Sources */ = {
			isa = PBXSourcesBuildPhase;
			buildActionMask = 2147483647;
			files = (
				01F7120714F9551700A32AB9 /* NSDate+TimeAgo.m in Sources */,
				01937C9013A03F5000BCE1D4 /* main.m in Sources */,
				01937C9613A03F5000BCE1D4 /* AppDelegate.m in Sources */,
				01937CB013A05A3A00BCE1D4 /* SMWebRequest.m in Sources */,
				01937CB613A05A6C00BCE1D4 /* SMXMLDocument.m in Sources */,
				01937CB913A05B8700BCE1D4 /* Feed.m in Sources */,
				0117B30613AD27CB0018AB7C /* NSArray+Linqish.m in Sources */,
				01F616B713AD502300EBB24E /* NSString+EntityDecoding.m in Sources */,
				01F616E613AE4F8D00EBB24E /* Reachability.m in Sources */,
				01F616F213AEAA2700EBB24E /* PreferencesController.m in Sources */,
				01D7CB8C13B02F4A001B133A /* NewAccountController.m in Sources */,
				01F5D6C713B3B89600EA479D /* StatusItemView.m in Sources */,
				0108CED013BB1B4F0000ECE1 /* Account.m in Sources */,
				0108CED313BB1EC00000ECE1 /* BasecampAccount.m in Sources */,
				0108CEE013BBA3AC0000ECE1 /* NSString+Base64.m in Sources */,
				01D4A3BC13C434B400CE07CC /* NSURLRequest+Authorization.m in Sources */,
				01C359B113C4B6C400D803BD /* HighriseAccount.m in Sources */,
				01B2BE7313C4BBE900304D6A /* NSString+Truncated.m in Sources */,
				01B2BE7713C4C39B00304D6A /* DribbbleAccount.m in Sources */,
				01B2BE7A13C4E76400304D6A /* GithubAccount.m in Sources */,
				01EB9C3913C4F26E00A9C131 /* RegexKitLite.m in Sources */,
				01518F7E13C54F480043AB98 /* CG+Geometry.m in Sources */,
				0125C6CD13C7C8B10006BB1A /* NSView+PrintHierarchy.m in Sources */,
				015E0ED814475D2E000A611D /* AccountCell.m in Sources */,
				015E0EE614478DB6000A611D /* JSONKit.m in Sources */,
				019EE0DC147023B800B67B74 /* DDHotKeyCenter.m in Sources */,
				019EE0F2147044CA00B67B74 /* LoginItems.m in Sources */,
				014147A01486B019000D63E5 /* UserVoiceAccount.m in Sources */,
				014147AE1486B258000D63E5 /* TFHpple.m in Sources */,
				014147AF1486B258000D63E5 /* TFHppleElement.m in Sources */,
				014147B01486B258000D63E5 /* XPathQuery.m in Sources */,
				014147B81486B575000D63E5 /* NSString+English.m in Sources */,
				014147BB1486BAB5000D63E5 /* ISO8601DateFormatter.m in Sources */,
				01524F4514BFB45F00913D84 /* TrelloAccount.m in Sources */,
				01F64A2B14C2318B00AAABD7 /* BeanstalkAccount.m in Sources */,
				0181D973152492D400D1E78B /* BasecampNextAccount.m in Sources */,
				01D84E1B152F33FA00267C15 /* OAuth2Token.m in Sources */,
				01D84E2A152F442900267C15 /* NSString+URLArgument.m in Sources */,
				01D84E3A153018D100267C15 /* DropmarkAccount.m in Sources */,
				0133CEA61530974B00CF6647 /* NSAlert+Foreground.m in Sources */,
				01BD35E2154D985200170BDD /* ZendeskAccount.m in Sources */,
				012734BE15DFFB4E00512361 /* RSSAtomAccount.m in Sources */,
				013BE6ED15E14F7E0002F51E /* DDFileLogger.m in Sources */,
				013BE6EE15E14F7E0002F51E /* DDLog.m in Sources */,
				013BE6EF15E14F7E0002F51E /* DDTTYLogger.m in Sources */,
				013BE6F015E14F7E0002F51E /* DDASLLogger.m in Sources */,
				01F2ABB615E176D500AE57F0 /* PivotalTrackerAccount.m in Sources */,
				013B1AA815E703F3008E9ACB /* NSDate+InternetDateTime.m in Sources */,
				01A93AAE1652B36A00B96B79 /* NSString+EmailValidation.m in Sources */,
			);
			runOnlyForDeploymentPostprocessing = 0;
		};
/* End PBXSourcesBuildPhase section */

/* Begin PBXVariantGroup section */
		01937C8B13A03F5000BCE1D4 /* InfoPlist.strings */ = {
			isa = PBXVariantGroup;
			children = (
				01937C8C13A03F5000BCE1D4 /* en */,
			);
			name = InfoPlist.strings;
			sourceTree = "<group>";
		};
		01937C9113A03F5000BCE1D4 /* Credits.rtf */ = {
			isa = PBXVariantGroup;
			children = (
				01937C9213A03F5000BCE1D4 /* en */,
			);
			name = Credits.rtf;
			sourceTree = "<group>";
		};
		01937C9713A03F5000BCE1D4 /* App.xib */ = {
			isa = PBXVariantGroup;
			children = (
				01937C9813A03F5000BCE1D4 /* en */,
			);
			name = App.xib;
			sourceTree = "<group>";
		};
/* End PBXVariantGroup section */

/* Begin XCBuildConfiguration section */
		01937C9A13A03F5000BCE1D4 /* Debug */ = {
			isa = XCBuildConfiguration;
			buildSettings = {
				ARCHS = "$(ARCHS_STANDARD_32_64_BIT)";
				CODE_SIGN_IDENTITY = "3rd Party Mac Developer Application";
				COMBINE_HIDPI_IMAGES = YES;
				GCC_C_LANGUAGE_STANDARD = gnu99;
				GCC_OPTIMIZATION_LEVEL = 0;
				GCC_PREPROCESSOR_DEFINITIONS = DEBUG;
				GCC_SYMBOLS_PRIVATE_EXTERN = NO;
				GCC_TREAT_WARNINGS_AS_ERRORS = YES;
				GCC_VERSION = "";
				GCC_WARN_64_TO_32_BIT_CONVERSION = YES;
				GCC_WARN_ABOUT_RETURN_TYPE = YES;
				GCC_WARN_UNUSED_VARIABLE = YES;
				MACOSX_DEPLOYMENT_TARGET = 10.6;
				ONLY_ACTIVE_ARCH = YES;
				PROVISIONING_PROFILE = "";
				SDKROOT = macosx;
			};
			name = Debug;
		};
		01937C9B13A03F5000BCE1D4 /* Release */ = {
			isa = XCBuildConfiguration;
			buildSettings = {
				ARCHS = "$(ARCHS_STANDARD_32_64_BIT)";
				CODE_SIGN_IDENTITY = "3rd Party Mac Developer Application";
				COMBINE_HIDPI_IMAGES = YES;
				GCC_C_LANGUAGE_STANDARD = gnu99;
				GCC_TREAT_WARNINGS_AS_ERRORS = YES;
				GCC_VERSION = "";
				GCC_WARN_64_TO_32_BIT_CONVERSION = YES;
				GCC_WARN_ABOUT_RETURN_TYPE = YES;
				GCC_WARN_UNUSED_VARIABLE = YES;
				MACOSX_DEPLOYMENT_TARGET = 10.6;
				PROVISIONING_PROFILE = "";
				SDKROOT = macosx;
			};
			name = Release;
		};
		01937C9D13A03F5000BCE1D4 /* Debug */ = {
			isa = XCBuildConfiguration;
			buildSettings = {
				ALWAYS_SEARCH_USER_PATHS = NO;
				CODE_SIGN_ENTITLEMENTS = Feeds/Feeds.entitlements;
				COPY_PHASE_STRIP = NO;
				FRAMEWORK_SEARCH_PATHS = (
					"$(inherited)",
					"\"$(SRCROOT)\"",
				);
				GCC_DYNAMIC_NO_PIC = NO;
				GCC_ENABLE_OBJC_EXCEPTIONS = YES;
				GCC_PRECOMPILE_PREFIX_HEADER = YES;
				GCC_PREFIX_HEADER = "Feeds/Feeds-Prefix.pch";
				HEADER_SEARCH_PATHS = "$(SDKROOT)/usr/include/libxml2";
				INFOPLIST_FILE = "Feeds/Feeds-Info.plist";
				MACOSX_DEPLOYMENT_TARGET = 10.6;
				PRODUCT_NAME = Feeds;
				WRAPPER_EXTENSION = app;
			};
			name = Debug;
		};
		01937C9E13A03F5000BCE1D4 /* Release */ = {
			isa = XCBuildConfiguration;
			buildSettings = {
				ALWAYS_SEARCH_USER_PATHS = NO;
				CODE_SIGN_ENTITLEMENTS = Feeds/Feeds.entitlements;
				COPY_PHASE_STRIP = NO;
				DEBUG_INFORMATION_FORMAT = "dwarf-with-dsym";
				FRAMEWORK_SEARCH_PATHS = (
					"$(inherited)",
					"\"$(SRCROOT)\"",
				);
				GCC_ENABLE_OBJC_EXCEPTIONS = YES;
				GCC_PRECOMPILE_PREFIX_HEADER = YES;
				GCC_PREFIX_HEADER = "Feeds/Feeds-Prefix.pch";
				HEADER_SEARCH_PATHS = "$(SDKROOT)/usr/include/libxml2";
				INFOPLIST_FILE = "Feeds/Feeds-Info.plist";
				MACOSX_DEPLOYMENT_TARGET = 10.6;
				PRODUCT_NAME = Feeds;
				WRAPPER_EXTENSION = app;
			};
			name = Release;
		};
/* End XCBuildConfiguration section */

/* Begin XCConfigurationList section */
		01937C7813A03F5000BCE1D4 /* Build configuration list for PBXProject "Feeds" */ = {
			isa = XCConfigurationList;
			buildConfigurations = (
				01937C9A13A03F5000BCE1D4 /* Debug */,
				01937C9B13A03F5000BCE1D4 /* Release */,
			);
			defaultConfigurationIsVisible = 0;
			defaultConfigurationName = Release;
		};
		01937C9C13A03F5000BCE1D4 /* Build configuration list for PBXNativeTarget "Feeds" */ = {
			isa = XCConfigurationList;
			buildConfigurations = (
				01937C9D13A03F5000BCE1D4 /* Debug */,
				01937C9E13A03F5000BCE1D4 /* Release */,
			);
			defaultConfigurationIsVisible = 0;
			defaultConfigurationName = Release;
		};
/* End XCConfigurationList section */
	};
	rootObject = 01937C7513A03F5000BCE1D4 /* Project object */;
}
