// !$*UTF8*$!
{
	archiveVersion = 1;
	classes = {
	};
	objectVersion = 46;
	objects = {

/* Begin PBXBuildFile section */
		0108CED013BB1B4F0000ECE1 /* Account.m in Sources */ = {isa = PBXBuildFile; fileRef = 0108CECF13BB1B4F0000ECE1 /* Account.m */; };
		0108CED313BB1EC00000ECE1 /* BasecampAccount.m in Sources */ = {isa = PBXBuildFile; fileRef = 0108CED213BB1EC00000ECE1 /* BasecampAccount.m */; };
		0108CEDD13BB8CB90000ECE1 /* Security.framework in Frameworks */ = {isa = PBXBuildFile; fileRef = 0108CEDC13BB8CB80000ECE1 /* Security.framework */; };
		0108CEE013BBA3AC0000ECE1 /* NSString+Base64.m in Sources */ = {isa = PBXBuildFile; fileRef = 0108CEDF13BBA3AC0000ECE1 /* NSString+Base64.m */; };
		0117B30613AD27CB0018AB7C /* NSArray+Linqish.m in Sources */ = {isa = PBXBuildFile; fileRef = 0117B30513AD27CB0018AB7C /* NSArray+Linqish.m */; };
		0125C6CD13C7C8B10006BB1A /* NSView+PrintHierarchy.m in Sources */ = {isa = PBXBuildFile; fileRef = 0125C6CC13C7C8B10006BB1A /* NSView+PrintHierarchy.m */; };
		01518F7E13C54F480043AB98 /* CG+Geometry.m in Sources */ = {isa = PBXBuildFile; fileRef = 01518F7D13C54F480043AB98 /* CG+Geometry.m */; };
		015D788F13C6394600BCD7C4 /* Popover.html in Resources */ = {isa = PBXBuildFile; fileRef = 015D788E13C6394600BCD7C4 /* Popover.html */; };
		015D789513C6536400BCD7C4 /* Unread.png in Resources */ = {isa = PBXBuildFile; fileRef = 015D789413C6536400BCD7C4 /* Unread.png */; };
		015D78A113C6747100BCD7C4 /* Basecamp.png in Resources */ = {isa = PBXBuildFile; fileRef = 015D78A013C6747100BCD7C4 /* Basecamp.png */; };
		015D78A513C6753500BCD7C4 /* Dribbble.png in Resources */ = {isa = PBXBuildFile; fileRef = 015D78A213C6753500BCD7C4 /* Dribbble.png */; };
		015D78A613C6753500BCD7C4 /* Highrise.png in Resources */ = {isa = PBXBuildFile; fileRef = 015D78A313C6753500BCD7C4 /* Highrise.png */; };
		015D78A713C6753500BCD7C4 /* Github.png in Resources */ = {isa = PBXBuildFile; fileRef = 015D78A413C6753500BCD7C4 /* Github.png */; };
		01937C8313A03F5000BCE1D4 /* Cocoa.framework in Frameworks */ = {isa = PBXBuildFile; fileRef = 01937C8213A03F5000BCE1D4 /* Cocoa.framework */; };
		01937C8D13A03F5000BCE1D4 /* InfoPlist.strings in Resources */ = {isa = PBXBuildFile; fileRef = 01937C8B13A03F5000BCE1D4 /* InfoPlist.strings */; };
		01937C9013A03F5000BCE1D4 /* main.m in Sources */ = {isa = PBXBuildFile; fileRef = 01937C8F13A03F5000BCE1D4 /* main.m */; };
		01937C9313A03F5000BCE1D4 /* Credits.rtf in Resources */ = {isa = PBXBuildFile; fileRef = 01937C9113A03F5000BCE1D4 /* Credits.rtf */; };
		01937C9613A03F5000BCE1D4 /* AppDelegate.m in Sources */ = {isa = PBXBuildFile; fileRef = 01937C9513A03F5000BCE1D4 /* AppDelegate.m */; };
		01937C9913A03F5000BCE1D4 /* App.xib in Resources */ = {isa = PBXBuildFile; fileRef = 01937C9713A03F5000BCE1D4 /* App.xib */; };
		01937CB013A05A3A00BCE1D4 /* SMWebRequest.m in Sources */ = {isa = PBXBuildFile; fileRef = 01937CAE13A05A3A00BCE1D4 /* SMWebRequest.m */; };
		01937CB613A05A6C00BCE1D4 /* SMXMLDocument.m in Sources */ = {isa = PBXBuildFile; fileRef = 01937CB413A05A6C00BCE1D4 /* SMXMLDocument.m */; };
		01937CB913A05B8700BCE1D4 /* Feed.m in Sources */ = {isa = PBXBuildFile; fileRef = 01937CB813A05B8700BCE1D4 /* Feed.m */; };
		01937CBD13A08A9A00BCE1D4 /* basecamp.xml in Resources */ = {isa = PBXBuildFile; fileRef = 01937CBC13A08A9A00BCE1D4 /* basecamp.xml */; };
		01937CBF13A08AAB00BCE1D4 /* highrise.xml in Resources */ = {isa = PBXBuildFile; fileRef = 01937CBE13A08AAB00BCE1D4 /* highrise.xml */; };
		01937CC113A08AC200BCE1D4 /* dribbble.xml in Resources */ = {isa = PBXBuildFile; fileRef = 01937CC013A08AC200BCE1D4 /* dribbble.xml */; };
		01937CC313A08ACE00BCE1D4 /* github.xml in Resources */ = {isa = PBXBuildFile; fileRef = 01937CC213A08ACE00BCE1D4 /* github.xml */; };
		01AD75C413C3F8010092E790 /* AlertCautionIcon.png in Resources */ = {isa = PBXBuildFile; fileRef = 01AD75C313C3F8010092E790 /* AlertCautionIcon.png */; };
		01B2BE7313C4BBE900304D6A /* NSString+Truncated.m in Sources */ = {isa = PBXBuildFile; fileRef = 01B2BE7213C4BBE900304D6A /* NSString+Truncated.m */; };
		01B2BE7713C4C39B00304D6A /* DribbbleAccount.m in Sources */ = {isa = PBXBuildFile; fileRef = 01B2BE7613C4C39B00304D6A /* DribbbleAccount.m */; };
		01B2BE7A13C4E76400304D6A /* GithubAccount.m in Sources */ = {isa = PBXBuildFile; fileRef = 01B2BE7913C4E76400304D6A /* GithubAccount.m */; };
		01B2BE8913C4E89D00304D6A /* NSObject+SBJSON.m in Sources */ = {isa = PBXBuildFile; fileRef = 01B2BE7E13C4E89D00304D6A /* NSObject+SBJSON.m */; };
		01B2BE8A13C4E89D00304D6A /* NSString+SBJSON.m in Sources */ = {isa = PBXBuildFile; fileRef = 01B2BE8013C4E89D00304D6A /* NSString+SBJSON.m */; };
		01B2BE8B13C4E89D00304D6A /* SBJSON.m in Sources */ = {isa = PBXBuildFile; fileRef = 01B2BE8213C4E89D00304D6A /* SBJSON.m */; };
		01B2BE8C13C4E89D00304D6A /* SBJsonBase.m in Sources */ = {isa = PBXBuildFile; fileRef = 01B2BE8413C4E89D00304D6A /* SBJsonBase.m */; };
		01B2BE8D13C4E89D00304D6A /* SBJsonParser.m in Sources */ = {isa = PBXBuildFile; fileRef = 01B2BE8613C4E89D00304D6A /* SBJsonParser.m */; };
		01B2BE8E13C4E89D00304D6A /* SBJsonWriter.m in Sources */ = {isa = PBXBuildFile; fileRef = 01B2BE8813C4E89D00304D6A /* SBJsonWriter.m */; };
		01B2BE9113C4E9C500304D6A /* NSData+JSONValue.m in Sources */ = {isa = PBXBuildFile; fileRef = 01B2BE9013C4E9C400304D6A /* NSData+JSONValue.m */; };
		01B7FBE313FDB60200ACC29B /* ApplicationIcon.icns in Resources */ = {isa = PBXBuildFile; fileRef = 01B7FBE213FDB60200ACC29B /* ApplicationIcon.icns */; };
		01C359B113C4B6C400D803BD /* HighriseAccount.m in Sources */ = {isa = PBXBuildFile; fileRef = 01C359B013C4B6C400D803BD /* HighriseAccount.m */; };
		01C4F93513C597C000DB0CCB /* WebKit.framework in Frameworks */ = {isa = PBXBuildFile; fileRef = 01C4F93213C597AC00DB0CCB /* WebKit.framework */; };
		01D4A3BC13C434B400CE07CC /* NSURLRequest+Authorization.m in Sources */ = {isa = PBXBuildFile; fileRef = 01D4A3BB13C434B400CE07CC /* NSURLRequest+Authorization.m */; };
		01D7CB7613AFDE7F001B133A /* HotKeys.m in Sources */ = {isa = PBXBuildFile; fileRef = 01D7CB7413AFDE7F001B133A /* HotKeys.m */; };
		01D7CB8013AFDFCD001B133A /* Carbon.framework in Frameworks */ = {isa = PBXBuildFile; fileRef = 01D7CB7E13AFDFBE001B133A /* Carbon.framework */; };
		01D7CB8C13B02F4A001B133A /* NewAccountController.m in Sources */ = {isa = PBXBuildFile; fileRef = 01D7CB8B13B02F4A001B133A /* NewAccountController.m */; };
		01D7CB8E13B02F62001B133A /* NewAccountController.xib in Resources */ = {isa = PBXBuildFile; fileRef = 01D7CB8D13B02F62001B133A /* NewAccountController.xib */; };
		01EB9C3913C4F26E00A9C131 /* RegexKitLite.m in Sources */ = {isa = PBXBuildFile; fileRef = 01EB9C3713C4F26E00A9C131 /* RegexKitLite.m */; };
		01EB9C3D13C4F36E00A9C131 /* libicucore.dylib in Frameworks */ = {isa = PBXBuildFile; fileRef = 01EB9C3B13C4F35A00A9C131 /* libicucore.dylib */; };
		01F5D6C713B3B89600EA479D /* StatusItemView.m in Sources */ = {isa = PBXBuildFile; fileRef = 01F5D6C513B3B89600EA479D /* StatusItemView.m */; };
		01F6169713AD3DCB00EBB24E /* StatusItem.png in Resources */ = {isa = PBXBuildFile; fileRef = 01F6169413AD3DCB00EBB24E /* StatusItem.png */; };
		01F6169813AD3DCB00EBB24E /* StatusItemSelected.png in Resources */ = {isa = PBXBuildFile; fileRef = 01F6169513AD3DCB00EBB24E /* StatusItemSelected.png */; };
		01F6169913AD3DCB00EBB24E /* StatusItemUnread.png in Resources */ = {isa = PBXBuildFile; fileRef = 01F6169613AD3DCB00EBB24E /* StatusItemUnread.png */; };
		01F616B313AD4EC800EBB24E /* Growl Registration Ticket.growlRegDict in Resources */ = {isa = PBXBuildFile; fileRef = 01F616B213AD4EC800EBB24E /* Growl Registration Ticket.growlRegDict */; };
		01F616B713AD502300EBB24E /* NSString+EntityDecoding.m in Sources */ = {isa = PBXBuildFile; fileRef = 01F616B613AD502300EBB24E /* NSString+EntityDecoding.m */; };
		01F616C313AD672000EBB24E /* Growl-WithInstaller.framework in Copy Frameworks */ = {isa = PBXBuildFile; fileRef = 01F616C113AD670300EBB24E /* Growl-WithInstaller.framework */; };
		01F616C413AD67A000EBB24E /* Growl-WithInstaller.framework in Frameworks */ = {isa = PBXBuildFile; fileRef = 01F616C113AD670300EBB24E /* Growl-WithInstaller.framework */; };
		01F616DA13AE4B5F00EBB24E /* StatusItemInactive.png in Resources */ = {isa = PBXBuildFile; fileRef = 01F616D913AE4B5F00EBB24E /* StatusItemInactive.png */; };
		01F616E613AE4F8D00EBB24E /* Reachability.m in Sources */ = {isa = PBXBuildFile; fileRef = 01F616E413AE4F8D00EBB24E /* Reachability.m */; };
		01F616E813AE504000EBB24E /* SystemConfiguration.framework in Frameworks */ = {isa = PBXBuildFile; fileRef = 01F616E713AE504000EBB24E /* SystemConfiguration.framework */; };
		01F616F213AEAA2700EBB24E /* PreferencesController.m in Sources */ = {isa = PBXBuildFile; fileRef = 01F616F013AEAA2500EBB24E /* PreferencesController.m */; };
		01F616F313AEAA2700EBB24E /* PreferencesController.xib in Resources */ = {isa = PBXBuildFile; fileRef = 01F616F113AEAA2600EBB24E /* PreferencesController.xib */; };
		01F616F613AFA14F00EBB24E /* General.icns in Resources */ = {isa = PBXBuildFile; fileRef = 01F616F413AFA14F00EBB24E /* General.icns */; };
		01F616F713AFA14F00EBB24E /* Accounts.icns in Resources */ = {isa = PBXBuildFile; fileRef = 01F616F513AFA14F00EBB24E /* Accounts.icns */; };
/* End PBXBuildFile section */

/* Begin PBXCopyFilesBuildPhase section */
		01F616A713AD4A5700EBB24E /* Copy Frameworks */ = {
			isa = PBXCopyFilesBuildPhase;
			buildActionMask = 2147483647;
			dstPath = "";
			dstSubfolderSpec = 10;
			files = (
				01F616C313AD672000EBB24E /* Growl-WithInstaller.framework in Copy Frameworks */,
			);
			name = "Copy Frameworks";
			runOnlyForDeploymentPostprocessing = 0;
		};
/* End PBXCopyFilesBuildPhase section */

/* Begin PBXFileReference section */
		0108CECE13BB1B4F0000ECE1 /* Account.h */ = {isa = PBXFileReference; fileEncoding = 4; lastKnownFileType = sourcecode.c.h; path = Account.h; sourceTree = "<group>"; };
		0108CECF13BB1B4F0000ECE1 /* Account.m */ = {isa = PBXFileReference; fileEncoding = 4; lastKnownFileType = sourcecode.c.objc; path = Account.m; sourceTree = "<group>"; };
		0108CED113BB1EC00000ECE1 /* BasecampAccount.h */ = {isa = PBXFileReference; fileEncoding = 4; lastKnownFileType = sourcecode.c.h; path = BasecampAccount.h; sourceTree = "<group>"; };
		0108CED213BB1EC00000ECE1 /* BasecampAccount.m */ = {isa = PBXFileReference; fileEncoding = 4; lastKnownFileType = sourcecode.c.objc; path = BasecampAccount.m; sourceTree = "<group>"; };
		0108CEDC13BB8CB80000ECE1 /* Security.framework */ = {isa = PBXFileReference; lastKnownFileType = wrapper.framework; name = Security.framework; path = System/Library/Frameworks/Security.framework; sourceTree = SDKROOT; };
		0108CEDE13BBA3AC0000ECE1 /* NSString+Base64.h */ = {isa = PBXFileReference; fileEncoding = 4; lastKnownFileType = sourcecode.c.h; path = "NSString+Base64.h"; sourceTree = "<group>"; };
		0108CEDF13BBA3AC0000ECE1 /* NSString+Base64.m */ = {isa = PBXFileReference; fileEncoding = 4; lastKnownFileType = sourcecode.c.objc; path = "NSString+Base64.m"; sourceTree = "<group>"; };
		0117B30413AD27CB0018AB7C /* NSArray+Linqish.h */ = {isa = PBXFileReference; fileEncoding = 4; lastKnownFileType = sourcecode.c.h; path = "NSArray+Linqish.h"; sourceTree = "<group>"; };
		0117B30513AD27CB0018AB7C /* NSArray+Linqish.m */ = {isa = PBXFileReference; fileEncoding = 4; lastKnownFileType = sourcecode.c.objc; path = "NSArray+Linqish.m"; sourceTree = "<group>"; };
		0125C6CB13C7C8B10006BB1A /* NSView+PrintHierarchy.h */ = {isa = PBXFileReference; fileEncoding = 4; lastKnownFileType = sourcecode.c.h; path = "NSView+PrintHierarchy.h"; sourceTree = "<group>"; };
		0125C6CC13C7C8B10006BB1A /* NSView+PrintHierarchy.m */ = {isa = PBXFileReference; fileEncoding = 4; lastKnownFileType = sourcecode.c.objc; path = "NSView+PrintHierarchy.m"; sourceTree = "<group>"; };
		01518F7C13C54F480043AB98 /* CG+Geometry.h */ = {isa = PBXFileReference; fileEncoding = 4; lastKnownFileType = sourcecode.c.h; path = "CG+Geometry.h"; sourceTree = "<group>"; };
		01518F7D13C54F480043AB98 /* CG+Geometry.m */ = {isa = PBXFileReference; fileEncoding = 4; lastKnownFileType = sourcecode.c.objc; path = "CG+Geometry.m"; sourceTree = "<group>"; };
		015D788E13C6394600BCD7C4 /* Popover.html */ = {isa = PBXFileReference; fileEncoding = 4; lastKnownFileType = text.html; path = Popover.html; sourceTree = "<group>"; };
		015D789413C6536400BCD7C4 /* Unread.png */ = {isa = PBXFileReference; lastKnownFileType = image.png; path = Unread.png; sourceTree = "<group>"; };
		015D78A013C6747100BCD7C4 /* Basecamp.png */ = {isa = PBXFileReference; lastKnownFileType = image.png; path = Basecamp.png; sourceTree = "<group>"; };
		015D78A213C6753500BCD7C4 /* Dribbble.png */ = {isa = PBXFileReference; lastKnownFileType = image.png; path = Dribbble.png; sourceTree = "<group>"; };
		015D78A313C6753500BCD7C4 /* Highrise.png */ = {isa = PBXFileReference; lastKnownFileType = image.png; path = Highrise.png; sourceTree = "<group>"; };
		015D78A413C6753500BCD7C4 /* Github.png */ = {isa = PBXFileReference; lastKnownFileType = image.png; path = Github.png; sourceTree = "<group>"; };
		01937C7E13A03F5000BCE1D4 /* Feeds.app */ = {isa = PBXFileReference; explicitFileType = wrapper.application; includeInIndex = 0; path = Feeds.app; sourceTree = BUILT_PRODUCTS_DIR; };
		01937C8213A03F5000BCE1D4 /* Cocoa.framework */ = {isa = PBXFileReference; lastKnownFileType = wrapper.framework; name = Cocoa.framework; path = System/Library/Frameworks/Cocoa.framework; sourceTree = SDKROOT; };
		01937C8513A03F5000BCE1D4 /* AppKit.framework */ = {isa = PBXFileReference; lastKnownFileType = wrapper.framework; name = AppKit.framework; path = System/Library/Frameworks/AppKit.framework; sourceTree = SDKROOT; };
		01937C8613A03F5000BCE1D4 /* CoreData.framework */ = {isa = PBXFileReference; lastKnownFileType = wrapper.framework; name = CoreData.framework; path = System/Library/Frameworks/CoreData.framework; sourceTree = SDKROOT; };
		01937C8713A03F5000BCE1D4 /* Foundation.framework */ = {isa = PBXFileReference; lastKnownFileType = wrapper.framework; name = Foundation.framework; path = System/Library/Frameworks/Foundation.framework; sourceTree = SDKROOT; };
		01937C8A13A03F5000BCE1D4 /* Feeds-Info.plist */ = {isa = PBXFileReference; lastKnownFileType = text.plist.xml; path = "Feeds-Info.plist"; sourceTree = "<group>"; };
		01937C8C13A03F5000BCE1D4 /* en */ = {isa = PBXFileReference; lastKnownFileType = text.plist.strings; name = en; path = en.lproj/InfoPlist.strings; sourceTree = "<group>"; };
		01937C8E13A03F5000BCE1D4 /* Feeds-Prefix.pch */ = {isa = PBXFileReference; lastKnownFileType = sourcecode.c.h; path = "Feeds-Prefix.pch"; sourceTree = "<group>"; };
		01937C8F13A03F5000BCE1D4 /* main.m */ = {isa = PBXFileReference; lastKnownFileType = sourcecode.c.objc; path = main.m; sourceTree = "<group>"; };
		01937C9213A03F5000BCE1D4 /* en */ = {isa = PBXFileReference; lastKnownFileType = text.rtf; name = en; path = en.lproj/Credits.rtf; sourceTree = "<group>"; };
		01937C9413A03F5000BCE1D4 /* AppDelegate.h */ = {isa = PBXFileReference; lastKnownFileType = sourcecode.c.h; path = AppDelegate.h; sourceTree = "<group>"; };
		01937C9513A03F5000BCE1D4 /* AppDelegate.m */ = {isa = PBXFileReference; lastKnownFileType = sourcecode.c.objc; path = AppDelegate.m; sourceTree = "<group>"; };
		01937C9813A03F5000BCE1D4 /* en */ = {isa = PBXFileReference; lastKnownFileType = file.xib; name = en; path = en.lproj/App.xib; sourceTree = "<group>"; };
		01937CAE13A05A3A00BCE1D4 /* SMWebRequest.m */ = {isa = PBXFileReference; fileEncoding = 4; lastKnownFileType = sourcecode.c.objc; path = SMWebRequest.m; sourceTree = "<group>"; };
		01937CAF13A05A3A00BCE1D4 /* SMWebRequest.h */ = {isa = PBXFileReference; fileEncoding = 4; lastKnownFileType = sourcecode.c.h; path = SMWebRequest.h; sourceTree = "<group>"; };
		01937CB413A05A6C00BCE1D4 /* SMXMLDocument.m */ = {isa = PBXFileReference; fileEncoding = 4; lastKnownFileType = sourcecode.c.objc; path = SMXMLDocument.m; sourceTree = "<group>"; };
		01937CB513A05A6C00BCE1D4 /* SMXMLDocument.h */ = {isa = PBXFileReference; fileEncoding = 4; lastKnownFileType = sourcecode.c.h; path = SMXMLDocument.h; sourceTree = "<group>"; };
		01937CB713A05B8600BCE1D4 /* Feed.h */ = {isa = PBXFileReference; fileEncoding = 4; lastKnownFileType = sourcecode.c.h; path = Feed.h; sourceTree = "<group>"; };
		01937CB813A05B8700BCE1D4 /* Feed.m */ = {isa = PBXFileReference; fileEncoding = 4; lastKnownFileType = sourcecode.c.objc; path = Feed.m; sourceTree = "<group>"; };
		01937CBC13A08A9A00BCE1D4 /* basecamp.xml */ = {isa = PBXFileReference; fileEncoding = 4; lastKnownFileType = text.xml; path = basecamp.xml; sourceTree = "<group>"; };
		01937CBE13A08AAB00BCE1D4 /* highrise.xml */ = {isa = PBXFileReference; fileEncoding = 4; lastKnownFileType = text.xml; path = highrise.xml; sourceTree = "<group>"; };
		01937CC013A08AC200BCE1D4 /* dribbble.xml */ = {isa = PBXFileReference; fileEncoding = 4; lastKnownFileType = text.xml; path = dribbble.xml; sourceTree = "<group>"; };
		01937CC213A08ACE00BCE1D4 /* github.xml */ = {isa = PBXFileReference; fileEncoding = 4; lastKnownFileType = text.xml; path = github.xml; sourceTree = "<group>"; };
		01AD75C313C3F8010092E790 /* AlertCautionIcon.png */ = {isa = PBXFileReference; lastKnownFileType = image.png; path = AlertCautionIcon.png; sourceTree = "<group>"; };
		01B2BE7113C4BBE900304D6A /* NSString+Truncated.h */ = {isa = PBXFileReference; fileEncoding = 4; lastKnownFileType = sourcecode.c.h; path = "NSString+Truncated.h"; sourceTree = "<group>"; };
		01B2BE7213C4BBE900304D6A /* NSString+Truncated.m */ = {isa = PBXFileReference; fileEncoding = 4; lastKnownFileType = sourcecode.c.objc; path = "NSString+Truncated.m"; sourceTree = "<group>"; };
		01B2BE7513C4C39A00304D6A /* DribbbleAccount.h */ = {isa = PBXFileReference; fileEncoding = 4; lastKnownFileType = sourcecode.c.h; path = DribbbleAccount.h; sourceTree = "<group>"; };
		01B2BE7613C4C39B00304D6A /* DribbbleAccount.m */ = {isa = PBXFileReference; fileEncoding = 4; lastKnownFileType = sourcecode.c.objc; path = DribbbleAccount.m; sourceTree = "<group>"; };
		01B2BE7813C4E76400304D6A /* GithubAccount.h */ = {isa = PBXFileReference; fileEncoding = 4; lastKnownFileType = sourcecode.c.h; path = GithubAccount.h; sourceTree = "<group>"; };
		01B2BE7913C4E76400304D6A /* GithubAccount.m */ = {isa = PBXFileReference; fileEncoding = 4; lastKnownFileType = sourcecode.c.objc; path = GithubAccount.m; sourceTree = "<group>"; };
		01B2BE7C13C4E89D00304D6A /* JSON.h */ = {isa = PBXFileReference; fileEncoding = 4; lastKnownFileType = sourcecode.c.h; path = JSON.h; sourceTree = "<group>"; };
		01B2BE7D13C4E89D00304D6A /* NSObject+SBJSON.h */ = {isa = PBXFileReference; fileEncoding = 4; lastKnownFileType = sourcecode.c.h; path = "NSObject+SBJSON.h"; sourceTree = "<group>"; };
		01B2BE7E13C4E89D00304D6A /* NSObject+SBJSON.m */ = {isa = PBXFileReference; fileEncoding = 4; lastKnownFileType = sourcecode.c.objc; path = "NSObject+SBJSON.m"; sourceTree = "<group>"; };
		01B2BE7F13C4E89D00304D6A /* NSString+SBJSON.h */ = {isa = PBXFileReference; fileEncoding = 4; lastKnownFileType = sourcecode.c.h; path = "NSString+SBJSON.h"; sourceTree = "<group>"; };
		01B2BE8013C4E89D00304D6A /* NSString+SBJSON.m */ = {isa = PBXFileReference; fileEncoding = 4; lastKnownFileType = sourcecode.c.objc; path = "NSString+SBJSON.m"; sourceTree = "<group>"; };
		01B2BE8113C4E89D00304D6A /* SBJSON.h */ = {isa = PBXFileReference; fileEncoding = 4; lastKnownFileType = sourcecode.c.h; path = SBJSON.h; sourceTree = "<group>"; };
		01B2BE8213C4E89D00304D6A /* SBJSON.m */ = {isa = PBXFileReference; fileEncoding = 4; lastKnownFileType = sourcecode.c.objc; path = SBJSON.m; sourceTree = "<group>"; };
		01B2BE8313C4E89D00304D6A /* SBJsonBase.h */ = {isa = PBXFileReference; fileEncoding = 4; lastKnownFileType = sourcecode.c.h; path = SBJsonBase.h; sourceTree = "<group>"; };
		01B2BE8413C4E89D00304D6A /* SBJsonBase.m */ = {isa = PBXFileReference; fileEncoding = 4; lastKnownFileType = sourcecode.c.objc; path = SBJsonBase.m; sourceTree = "<group>"; };
		01B2BE8513C4E89D00304D6A /* SBJsonParser.h */ = {isa = PBXFileReference; fileEncoding = 4; lastKnownFileType = sourcecode.c.h; path = SBJsonParser.h; sourceTree = "<group>"; };
		01B2BE8613C4E89D00304D6A /* SBJsonParser.m */ = {isa = PBXFileReference; fileEncoding = 4; lastKnownFileType = sourcecode.c.objc; path = SBJsonParser.m; sourceTree = "<group>"; };
		01B2BE8713C4E89D00304D6A /* SBJsonWriter.h */ = {isa = PBXFileReference; fileEncoding = 4; lastKnownFileType = sourcecode.c.h; path = SBJsonWriter.h; sourceTree = "<group>"; };
		01B2BE8813C4E89D00304D6A /* SBJsonWriter.m */ = {isa = PBXFileReference; fileEncoding = 4; lastKnownFileType = sourcecode.c.objc; path = SBJsonWriter.m; sourceTree = "<group>"; };
		01B2BE8F13C4E9C400304D6A /* NSData+JSONValue.h */ = {isa = PBXFileReference; fileEncoding = 4; lastKnownFileType = sourcecode.c.h; path = "NSData+JSONValue.h"; sourceTree = "<group>"; };
		01B2BE9013C4E9C400304D6A /* NSData+JSONValue.m */ = {isa = PBXFileReference; fileEncoding = 4; lastKnownFileType = sourcecode.c.objc; path = "NSData+JSONValue.m"; sourceTree = "<group>"; };
		01B7FBE213FDB60200ACC29B /* ApplicationIcon.icns */ = {isa = PBXFileReference; lastKnownFileType = image.icns; name = ApplicationIcon.icns; path = ../ApplicationIcon.icns; sourceTree = "<group>"; };
		01C359AF13C4B6C400D803BD /* HighriseAccount.h */ = {isa = PBXFileReference; fileEncoding = 4; lastKnownFileType = sourcecode.c.h; path = HighriseAccount.h; sourceTree = "<group>"; };
		01C359B013C4B6C400D803BD /* HighriseAccount.m */ = {isa = PBXFileReference; fileEncoding = 4; lastKnownFileType = sourcecode.c.objc; path = HighriseAccount.m; sourceTree = "<group>"; };
		01C4F93213C597AC00DB0CCB /* WebKit.framework */ = {isa = PBXFileReference; lastKnownFileType = wrapper.framework; name = WebKit.framework; path = System/Library/Frameworks/WebKit.framework; sourceTree = SDKROOT; };
		01D4A3BA13C434B400CE07CC /* NSURLRequest+Authorization.h */ = {isa = PBXFileReference; fileEncoding = 4; lastKnownFileType = sourcecode.c.h; path = "NSURLRequest+Authorization.h"; sourceTree = "<group>"; };
		01D4A3BB13C434B400CE07CC /* NSURLRequest+Authorization.m */ = {isa = PBXFileReference; fileEncoding = 4; lastKnownFileType = sourcecode.c.objc; path = "NSURLRequest+Authorization.m"; sourceTree = "<group>"; };
		01D7CB7413AFDE7F001B133A /* HotKeys.m */ = {isa = PBXFileReference; fileEncoding = 4; lastKnownFileType = sourcecode.c.objc; path = HotKeys.m; sourceTree = "<group>"; };
		01D7CB7513AFDE7F001B133A /* HotKeys.h */ = {isa = PBXFileReference; fileEncoding = 4; lastKnownFileType = sourcecode.c.h; path = HotKeys.h; sourceTree = "<group>"; };
		01D7CB7E13AFDFBE001B133A /* Carbon.framework */ = {isa = PBXFileReference; lastKnownFileType = wrapper.framework; name = Carbon.framework; path = System/Library/Frameworks/Carbon.framework; sourceTree = SDKROOT; };
		01D7CB8A13B02F4A001B133A /* NewAccountController.h */ = {isa = PBXFileReference; fileEncoding = 4; lastKnownFileType = sourcecode.c.h; path = NewAccountController.h; sourceTree = "<group>"; };
		01D7CB8B13B02F4A001B133A /* NewAccountController.m */ = {isa = PBXFileReference; fileEncoding = 4; lastKnownFileType = sourcecode.c.objc; path = NewAccountController.m; sourceTree = "<group>"; };
		01D7CB8D13B02F62001B133A /* NewAccountController.xib */ = {isa = PBXFileReference; fileEncoding = 4; lastKnownFileType = file.xib; path = NewAccountController.xib; sourceTree = "<group>"; };
		01EB9C3713C4F26E00A9C131 /* RegexKitLite.m */ = {isa = PBXFileReference; fileEncoding = 4; lastKnownFileType = sourcecode.c.objc; path = RegexKitLite.m; sourceTree = "<group>"; };
		01EB9C3813C4F26E00A9C131 /* RegexKitLite.h */ = {isa = PBXFileReference; fileEncoding = 4; lastKnownFileType = sourcecode.c.h; path = RegexKitLite.h; sourceTree = "<group>"; };
		01EB9C3B13C4F35A00A9C131 /* libicucore.dylib */ = {isa = PBXFileReference; lastKnownFileType = "compiled.mach-o.dylib"; name = libicucore.dylib; path = usr/lib/libicucore.dylib; sourceTree = SDKROOT; };
		01F5D6C513B3B89600EA479D /* StatusItemView.m */ = {isa = PBXFileReference; fileEncoding = 4; lastKnownFileType = sourcecode.c.objc; path = StatusItemView.m; sourceTree = "<group>"; };
		01F5D6C613B3B89600EA479D /* StatusItemView.h */ = {isa = PBXFileReference; fileEncoding = 4; lastKnownFileType = sourcecode.c.h; path = StatusItemView.h; sourceTree = "<group>"; };
		01F6169413AD3DCB00EBB24E /* StatusItem.png */ = {isa = PBXFileReference; lastKnownFileType = image.png; path = StatusItem.png; sourceTree = "<group>"; };
		01F6169513AD3DCB00EBB24E /* StatusItemSelected.png */ = {isa = PBXFileReference; lastKnownFileType = image.png; path = StatusItemSelected.png; sourceTree = "<group>"; };
		01F6169613AD3DCB00EBB24E /* StatusItemUnread.png */ = {isa = PBXFileReference; lastKnownFileType = image.png; path = StatusItemUnread.png; sourceTree = "<group>"; };
		01F616B213AD4EC800EBB24E /* Growl Registration Ticket.growlRegDict */ = {isa = PBXFileReference; fileEncoding = 4; lastKnownFileType = text.xml; path = "Growl Registration Ticket.growlRegDict"; sourceTree = "<group>"; };
		01F616B513AD502300EBB24E /* NSString+EntityDecoding.h */ = {isa = PBXFileReference; fileEncoding = 4; lastKnownFileType = sourcecode.c.h; path = "NSString+EntityDecoding.h"; sourceTree = "<group>"; };
		01F616B613AD502300EBB24E /* NSString+EntityDecoding.m */ = {isa = PBXFileReference; fileEncoding = 4; lastKnownFileType = sourcecode.c.objc; path = "NSString+EntityDecoding.m"; sourceTree = "<group>"; };
		01F616C113AD670300EBB24E /* Growl-WithInstaller.framework */ = {isa = PBXFileReference; lastKnownFileType = wrapper.framework; path = "Growl-WithInstaller.framework"; sourceTree = "<group>"; };
		01F616D913AE4B5F00EBB24E /* StatusItemInactive.png */ = {isa = PBXFileReference; lastKnownFileType = image.png; path = StatusItemInactive.png; sourceTree = "<group>"; };
		01F616E413AE4F8D00EBB24E /* Reachability.m */ = {isa = PBXFileReference; fileEncoding = 4; lastKnownFileType = sourcecode.c.objc; path = Reachability.m; sourceTree = "<group>"; };
		01F616E513AE4F8D00EBB24E /* Reachability.h */ = {isa = PBXFileReference; fileEncoding = 4; lastKnownFileType = sourcecode.c.h; path = Reachability.h; sourceTree = "<group>"; };
		01F616E713AE504000EBB24E /* SystemConfiguration.framework */ = {isa = PBXFileReference; lastKnownFileType = wrapper.framework; name = SystemConfiguration.framework; path = System/Library/Frameworks/SystemConfiguration.framework; sourceTree = SDKROOT; };
		01F616EF13AEAA2400EBB24E /* PreferencesController.h */ = {isa = PBXFileReference; fileEncoding = 4; lastKnownFileType = sourcecode.c.h; path = PreferencesController.h; sourceTree = "<group>"; };
		01F616F013AEAA2500EBB24E /* PreferencesController.m */ = {isa = PBXFileReference; fileEncoding = 4; lastKnownFileType = sourcecode.c.objc; path = PreferencesController.m; sourceTree = "<group>"; };
		01F616F113AEAA2600EBB24E /* PreferencesController.xib */ = {isa = PBXFileReference; fileEncoding = 4; lastKnownFileType = file.xib; name = PreferencesController.xib; path = en.lproj/PreferencesController.xib; sourceTree = "<group>"; };
		01F616F413AFA14F00EBB24E /* General.icns */ = {isa = PBXFileReference; lastKnownFileType = image.icns; path = General.icns; sourceTree = "<group>"; };
		01F616F513AFA14F00EBB24E /* Accounts.icns */ = {isa = PBXFileReference; lastKnownFileType = image.icns; path = Accounts.icns; sourceTree = "<group>"; };
/* End PBXFileReference section */

/* Begin PBXFrameworksBuildPhase section */
		01937C7B13A03F5000BCE1D4 /* Frameworks */ = {
			isa = PBXFrameworksBuildPhase;
			buildActionMask = 2147483647;
			files = (
				01C4F93513C597C000DB0CCB /* WebKit.framework in Frameworks */,
				01EB9C3D13C4F36E00A9C131 /* libicucore.dylib in Frameworks */,
				0108CEDD13BB8CB90000ECE1 /* Security.framework in Frameworks */,
				01937C8313A03F5000BCE1D4 /* Cocoa.framework in Frameworks */,
				01F616E813AE504000EBB24E /* SystemConfiguration.framework in Frameworks */,
				01D7CB8013AFDFCD001B133A /* Carbon.framework in Frameworks */,
				01F616C413AD67A000EBB24E /* Growl-WithInstaller.framework in Frameworks */,
			);
			runOnlyForDeploymentPostprocessing = 0;
		};
/* End PBXFrameworksBuildPhase section */

/* Begin PBXGroup section */
		0108CECC13BB1B080000ECE1 /* Accounts */ = {
			isa = PBXGroup;
			children = (
				0108CED113BB1EC00000ECE1 /* BasecampAccount.h */,
				0108CED213BB1EC00000ECE1 /* BasecampAccount.m */,
				01C359AF13C4B6C400D803BD /* HighriseAccount.h */,
				01C359B013C4B6C400D803BD /* HighriseAccount.m */,
				01B2BE7513C4C39A00304D6A /* DribbbleAccount.h */,
				01B2BE7613C4C39B00304D6A /* DribbbleAccount.m */,
				01B2BE7813C4E76400304D6A /* GithubAccount.h */,
				01B2BE7913C4E76400304D6A /* GithubAccount.m */,
			);
			name = Accounts;
			sourceTree = "<group>";
		};
		0117B30313AD27640018AB7C /* Helpers */ = {
			isa = PBXGroup;
			children = (
				0117B30413AD27CB0018AB7C /* NSArray+Linqish.h */,
				0117B30513AD27CB0018AB7C /* NSArray+Linqish.m */,
				01F616B513AD502300EBB24E /* NSString+EntityDecoding.h */,
				01F616B613AD502300EBB24E /* NSString+EntityDecoding.m */,
				01F616E513AE4F8D00EBB24E /* Reachability.h */,
				01F616E413AE4F8D00EBB24E /* Reachability.m */,
				0108CEDE13BBA3AC0000ECE1 /* NSString+Base64.h */,
				0108CEDF13BBA3AC0000ECE1 /* NSString+Base64.m */,
				01D4A3BA13C434B400CE07CC /* NSURLRequest+Authorization.h */,
				01D4A3BB13C434B400CE07CC /* NSURLRequest+Authorization.m */,
				01B2BE7113C4BBE900304D6A /* NSString+Truncated.h */,
				01B2BE7213C4BBE900304D6A /* NSString+Truncated.m */,
				01B2BE8F13C4E9C400304D6A /* NSData+JSONValue.h */,
				01B2BE9013C4E9C400304D6A /* NSData+JSONValue.m */,
				01EB9C3813C4F26E00A9C131 /* RegexKitLite.h */,
				01EB9C3713C4F26E00A9C131 /* RegexKitLite.m */,
				01518F7C13C54F480043AB98 /* CG+Geometry.h */,
				01518F7D13C54F480043AB98 /* CG+Geometry.m */,
				0125C6CB13C7C8B10006BB1A /* NSView+PrintHierarchy.h */,
				0125C6CC13C7C8B10006BB1A /* NSView+PrintHierarchy.m */,
			);
			name = Helpers;
			sourceTree = "<group>";
		};
		015D789E13C6733D00BCD7C4 /* Service Icons */ = {
			isa = PBXGroup;
			children = (
				015D78A013C6747100BCD7C4 /* Basecamp.png */,
				015D78A213C6753500BCD7C4 /* Dribbble.png */,
				015D78A313C6753500BCD7C4 /* Highrise.png */,
				015D78A413C6753500BCD7C4 /* Github.png */,
			);
			name = "Service Icons";
			sourceTree = "<group>";
		};
		01937C7313A03F5000BCE1D4 = {
			isa = PBXGroup;
			children = (
				01937C8813A03F5000BCE1D4 /* Feeds */,
				01937CB213A05A5100BCE1D4 /* Libraries */,
				01937C8113A03F5000BCE1D4 /* Frameworks */,
				01937C7F13A03F5000BCE1D4 /* Products */,
			);
			sourceTree = "<group>";
		};
		01937C7F13A03F5000BCE1D4 /* Products */ = {
			isa = PBXGroup;
			children = (
				01937C7E13A03F5000BCE1D4 /* Feeds.app */,
			);
			name = Products;
			sourceTree = "<group>";
		};
		01937C8113A03F5000BCE1D4 /* Frameworks */ = {
			isa = PBXGroup;
			children = (
				01C4F93213C597AC00DB0CCB /* WebKit.framework */,
				01EB9C3B13C4F35A00A9C131 /* libicucore.dylib */,
				0108CEDC13BB8CB80000ECE1 /* Security.framework */,
				01937C8213A03F5000BCE1D4 /* Cocoa.framework */,
				01F616E713AE504000EBB24E /* SystemConfiguration.framework */,
				01F616C113AD670300EBB24E /* Growl-WithInstaller.framework */,
				01D7CB7E13AFDFBE001B133A /* Carbon.framework */,
				01937C8413A03F5000BCE1D4 /* Other Frameworks */,
			);
			name = Frameworks;
			sourceTree = "<group>";
		};
		01937C8413A03F5000BCE1D4 /* Other Frameworks */ = {
			isa = PBXGroup;
			children = (
				01937C8513A03F5000BCE1D4 /* AppKit.framework */,
				01937C8613A03F5000BCE1D4 /* CoreData.framework */,
				01937C8713A03F5000BCE1D4 /* Foundation.framework */,
			);
			name = "Other Frameworks";
			sourceTree = "<group>";
		};
		01937C8813A03F5000BCE1D4 /* Feeds */ = {
			isa = PBXGroup;
			children = (
				01937C9713A03F5000BCE1D4 /* App.xib */,
				01937C9413A03F5000BCE1D4 /* AppDelegate.h */,
				01937C9513A03F5000BCE1D4 /* AppDelegate.m */,
				01D7CB8213B02C92001B133A /* Model */,
				01D7CB9213B104DA001B133A /* Views */,
				01D7CB8113B02C74001B133A /* Controllers */,
				01D7CB7513AFDE7F001B133A /* HotKeys.h */,
				01D7CB7413AFDE7F001B133A /* HotKeys.m */,
				0117B30313AD27640018AB7C /* Helpers */,
				01937C8913A03F5000BCE1D4 /* Supporting Files */,
			);
			path = Feeds;
			sourceTree = "<group>";
		};
		01937C8913A03F5000BCE1D4 /* Supporting Files */ = {
			isa = PBXGroup;
			children = (
				01937CBB13A08A7500BCE1D4 /* Samples */,
				01937CA713A057FA00BCE1D4 /* Graphics */,
				01937C8A13A03F5000BCE1D4 /* Feeds-Info.plist */,
				01F616B213AD4EC800EBB24E /* Growl Registration Ticket.growlRegDict */,
				01937C8B13A03F5000BCE1D4 /* InfoPlist.strings */,
				01937C8E13A03F5000BCE1D4 /* Feeds-Prefix.pch */,
				01937C8F13A03F5000BCE1D4 /* main.m */,
				01937C9113A03F5000BCE1D4 /* Credits.rtf */,
				015D788E13C6394600BCD7C4 /* Popover.html */,
				01B7FBE213FDB60200ACC29B /* ApplicationIcon.icns */,
			);
			name = "Supporting Files";
			sourceTree = "<group>";
		};
		01937CA713A057FA00BCE1D4 /* Graphics */ = {
			isa = PBXGroup;
			children = (
				015D789E13C6733D00BCD7C4 /* Service Icons */,
				01AD75C313C3F8010092E790 /* AlertCautionIcon.png */,
				01F6169413AD3DCB00EBB24E /* StatusItem.png */,
				01F616D913AE4B5F00EBB24E /* StatusItemInactive.png */,
				01F6169513AD3DCB00EBB24E /* StatusItemSelected.png */,
				01F6169613AD3DCB00EBB24E /* StatusItemUnread.png */,
				01F616F413AFA14F00EBB24E /* General.icns */,
				01F616F513AFA14F00EBB24E /* Accounts.icns */,
				015D789413C6536400BCD7C4 /* Unread.png */,
			);
			path = Graphics;
			sourceTree = "<group>";
		};
		01937CB113A05A3E00BCE1D4 /* Web Request */ = {
			isa = PBXGroup;
			children = (
				01937CAF13A05A3A00BCE1D4 /* SMWebRequest.h */,
				01937CAE13A05A3A00BCE1D4 /* SMWebRequest.m */,
			);
			name = "Web Request";
			path = WebRequest;
			sourceTree = "<group>";
		};
		01937CB213A05A5100BCE1D4 /* Libraries */ = {
			isa = PBXGroup;
			children = (
				01937CB313A05A6300BCE1D4 /* XML Document */,
				01937CB113A05A3E00BCE1D4 /* Web Request */,
				01B2BE7B13C4E89D00304D6A /* JSON */,
			);
			name = Libraries;
			sourceTree = "<group>";
		};
		01937CB313A05A6300BCE1D4 /* XML Document */ = {
			isa = PBXGroup;
			children = (
				01937CB513A05A6C00BCE1D4 /* SMXMLDocument.h */,
				01937CB413A05A6C00BCE1D4 /* SMXMLDocument.m */,
			);
			name = "XML Document";
			path = XMLDocument;
			sourceTree = "<group>";
		};
		01937CBB13A08A7500BCE1D4 /* Samples */ = {
			isa = PBXGroup;
			children = (
				01937CBC13A08A9A00BCE1D4 /* basecamp.xml */,
				01937CBE13A08AAB00BCE1D4 /* highrise.xml */,
				01937CC013A08AC200BCE1D4 /* dribbble.xml */,
				01937CC213A08ACE00BCE1D4 /* github.xml */,
			);
			path = Samples;
			sourceTree = "<group>";
		};
		01B2BE7B13C4E89D00304D6A /* JSON */ = {
			isa = PBXGroup;
			children = (
				01B2BE7C13C4E89D00304D6A /* JSON.h */,
				01B2BE7D13C4E89D00304D6A /* NSObject+SBJSON.h */,
				01B2BE7E13C4E89D00304D6A /* NSObject+SBJSON.m */,
				01B2BE7F13C4E89D00304D6A /* NSString+SBJSON.h */,
				01B2BE8013C4E89D00304D6A /* NSString+SBJSON.m */,
				01B2BE8113C4E89D00304D6A /* SBJSON.h */,
				01B2BE8213C4E89D00304D6A /* SBJSON.m */,
				01B2BE8313C4E89D00304D6A /* SBJsonBase.h */,
				01B2BE8413C4E89D00304D6A /* SBJsonBase.m */,
				01B2BE8513C4E89D00304D6A /* SBJsonParser.h */,
				01B2BE8613C4E89D00304D6A /* SBJsonParser.m */,
				01B2BE8713C4E89D00304D6A /* SBJsonWriter.h */,
				01B2BE8813C4E89D00304D6A /* SBJsonWriter.m */,
			);
			path = JSON;
			sourceTree = "<group>";
		};
		01D7CB8113B02C74001B133A /* Controllers */ = {
			isa = PBXGroup;
			children = (
				01F616EF13AEAA2400EBB24E /* PreferencesController.h */,
				01F616F013AEAA2500EBB24E /* PreferencesController.m */,
				01F616F113AEAA2600EBB24E /* PreferencesController.xib */,
				01D7CB8A13B02F4A001B133A /* NewAccountController.h */,
				01D7CB8B13B02F4A001B133A /* NewAccountController.m */,
				01D7CB8D13B02F62001B133A /* NewAccountController.xib */,
			);
			name = Controllers;
			sourceTree = "<group>";
		};
		01D7CB8213B02C92001B133A /* Model */ = {
			isa = PBXGroup;
			children = (
				0108CECE13BB1B4F0000ECE1 /* Account.h */,
				0108CECF13BB1B4F0000ECE1 /* Account.m */,
				01937CB713A05B8600BCE1D4 /* Feed.h */,
				01937CB813A05B8700BCE1D4 /* Feed.m */,
				0108CECC13BB1B080000ECE1 /* Accounts */,
			);
			name = Model;
			sourceTree = "<group>";
		};
		01D7CB9213B104DA001B133A /* Views */ = {
			isa = PBXGroup;
			children = (
				01F5D6C613B3B89600EA479D /* StatusItemView.h */,
				01F5D6C513B3B89600EA479D /* StatusItemView.m */,
			);
			name = Views;
			sourceTree = "<group>";
		};
/* End PBXGroup section */

/* Begin PBXNativeTarget section */
		01937C7D13A03F5000BCE1D4 /* Feeds */ = {
			isa = PBXNativeTarget;
			buildConfigurationList = 01937C9C13A03F5000BCE1D4 /* Build configuration list for PBXNativeTarget "Feeds" */;
			buildPhases = (
				01937C7A13A03F5000BCE1D4 /* Sources */,
				01937C7C13A03F5000BCE1D4 /* Resources */,
				01F616A713AD4A5700EBB24E /* Copy Frameworks */,
				01937C7B13A03F5000BCE1D4 /* Frameworks */,
			);
			buildRules = (
			);
			dependencies = (
			);
			name = Feeds;
			productName = RSSMenu;
			productReference = 01937C7E13A03F5000BCE1D4 /* Feeds.app */;
			productType = "com.apple.product-type.application";
		};
/* End PBXNativeTarget section */

/* Begin PBXProject section */
		01937C7513A03F5000BCE1D4 /* Project object */ = {
			isa = PBXProject;
			attributes = {
				LastUpgradeCheck = 0420;
				ORGANIZATIONNAME = "Spotlight Mobile";
			};
			buildConfigurationList = 01937C7813A03F5000BCE1D4 /* Build configuration list for PBXProject "Feeds" */;
			compatibilityVersion = "Xcode 3.2";
			developmentRegion = English;
			hasScannedForEncodings = 0;
			knownRegions = (
				en,
			);
			mainGroup = 01937C7313A03F5000BCE1D4;
			productRefGroup = 01937C7F13A03F5000BCE1D4 /* Products */;
			projectDirPath = "";
			projectRoot = "";
			targets = (
				01937C7D13A03F5000BCE1D4 /* Feeds */,
			);
		};
/* End PBXProject section */

/* Begin PBXResourcesBuildPhase section */
		01937C7C13A03F5000BCE1D4 /* Resources */ = {
			isa = PBXResourcesBuildPhase;
			buildActionMask = 2147483647;
			files = (
				01937C8D13A03F5000BCE1D4 /* InfoPlist.strings in Resources */,
				01937C9313A03F5000BCE1D4 /* Credits.rtf in Resources */,
				01937C9913A03F5000BCE1D4 /* App.xib in Resources */,
				01937CBD13A08A9A00BCE1D4 /* basecamp.xml in Resources */,
				01937CBF13A08AAB00BCE1D4 /* highrise.xml in Resources */,
				01937CC113A08AC200BCE1D4 /* dribbble.xml in Resources */,
				01937CC313A08ACE00BCE1D4 /* github.xml in Resources */,
				01F6169713AD3DCB00EBB24E /* StatusItem.png in Resources */,
				01F6169813AD3DCB00EBB24E /* StatusItemSelected.png in Resources */,
				01F6169913AD3DCB00EBB24E /* StatusItemUnread.png in Resources */,
				01F616B313AD4EC800EBB24E /* Growl Registration Ticket.growlRegDict in Resources */,
				01F616DA13AE4B5F00EBB24E /* StatusItemInactive.png in Resources */,
				01F616F313AEAA2700EBB24E /* PreferencesController.xib in Resources */,
				01F616F613AFA14F00EBB24E /* General.icns in Resources */,
				01F616F713AFA14F00EBB24E /* Accounts.icns in Resources */,
				01D7CB8E13B02F62001B133A /* NewAccountController.xib in Resources */,
				01AD75C413C3F8010092E790 /* AlertCautionIcon.png in Resources */,
				015D788F13C6394600BCD7C4 /* Popover.html in Resources */,
				015D789513C6536400BCD7C4 /* Unread.png in Resources */,
				015D78A113C6747100BCD7C4 /* Basecamp.png in Resources */,
				015D78A513C6753500BCD7C4 /* Dribbble.png in Resources */,
				015D78A613C6753500BCD7C4 /* Highrise.png in Resources */,
				015D78A713C6753500BCD7C4 /* Github.png in Resources */,
				01B7FBE313FDB60200ACC29B /* ApplicationIcon.icns in Resources */,
			);
			runOnlyForDeploymentPostprocessing = 0;
		};
/* End PBXResourcesBuildPhase section */

/* Begin PBXSourcesBuildPhase section */
		01937C7A13A03F5000BCE1D4 /* Sources */ = {
			isa = PBXSourcesBuildPhase;
			buildActionMask = 2147483647;
			files = (
				01937C9013A03F5000BCE1D4 /* main.m in Sources */,
				01937C9613A03F5000BCE1D4 /* AppDelegate.m in Sources */,
				01937CB013A05A3A00BCE1D4 /* SMWebRequest.m in Sources */,
				01937CB613A05A6C00BCE1D4 /* SMXMLDocument.m in Sources */,
				01937CB913A05B8700BCE1D4 /* Feed.m in Sources */,
				0117B30613AD27CB0018AB7C /* NSArray+Linqish.m in Sources */,
				01F616B713AD502300EBB24E /* NSString+EntityDecoding.m in Sources */,
				01F616E613AE4F8D00EBB24E /* Reachability.m in Sources */,
				01F616F213AEAA2700EBB24E /* PreferencesController.m in Sources */,
				01D7CB7613AFDE7F001B133A /* HotKeys.m in Sources */,
				01D7CB8C13B02F4A001B133A /* NewAccountController.m in Sources */,
				01F5D6C713B3B89600EA479D /* StatusItemView.m in Sources */,
				0108CED013BB1B4F0000ECE1 /* Account.m in Sources */,
				0108CED313BB1EC00000ECE1 /* BasecampAccount.m in Sources */,
				0108CEE013BBA3AC0000ECE1 /* NSString+Base64.m in Sources */,
				01D4A3BC13C434B400CE07CC /* NSURLRequest+Authorization.m in Sources */,
				01C359B113C4B6C400D803BD /* HighriseAccount.m in Sources */,
				01B2BE7313C4BBE900304D6A /* NSString+Truncated.m in Sources */,
				01B2BE7713C4C39B00304D6A /* DribbbleAccount.m in Sources */,
				01B2BE7A13C4E76400304D6A /* GithubAccount.m in Sources */,
				01B2BE8913C4E89D00304D6A /* NSObject+SBJSON.m in Sources */,
				01B2BE8A13C4E89D00304D6A /* NSString+SBJSON.m in Sources */,
				01B2BE8B13C4E89D00304D6A /* SBJSON.m in Sources */,
				01B2BE8C13C4E89D00304D6A /* SBJsonBase.m in Sources */,
				01B2BE8D13C4E89D00304D6A /* SBJsonParser.m in Sources */,
				01B2BE8E13C4E89D00304D6A /* SBJsonWriter.m in Sources */,
				01B2BE9113C4E9C500304D6A /* NSData+JSONValue.m in Sources */,
				01EB9C3913C4F26E00A9C131 /* RegexKitLite.m in Sources */,
				01518F7E13C54F480043AB98 /* CG+Geometry.m in Sources */,
				0125C6CD13C7C8B10006BB1A /* NSView+PrintHierarchy.m in Sources */,
			);
			runOnlyForDeploymentPostprocessing = 0;
		};
/* End PBXSourcesBuildPhase section */

/* Begin PBXVariantGroup section */
		01937C8B13A03F5000BCE1D4 /* InfoPlist.strings */ = {
			isa = PBXVariantGroup;
			children = (
				01937C8C13A03F5000BCE1D4 /* en */,
			);
			name = InfoPlist.strings;
			sourceTree = "<group>";
		};
		01937C9113A03F5000BCE1D4 /* Credits.rtf */ = {
			isa = PBXVariantGroup;
			children = (
				01937C9213A03F5000BCE1D4 /* en */,
			);
			name = Credits.rtf;
			sourceTree = "<group>";
		};
		01937C9713A03F5000BCE1D4 /* App.xib */ = {
			isa = PBXVariantGroup;
			children = (
				01937C9813A03F5000BCE1D4 /* en */,
			);
			name = App.xib;
			sourceTree = "<group>";
		};
/* End PBXVariantGroup section */

/* Begin XCBuildConfiguration section */
		01937C9A13A03F5000BCE1D4 /* Debug */ = {
			isa = XCBuildConfiguration;
			buildSettings = {
				ARCHS = "$(ARCHS_STANDARD_32_64_BIT)";
				GCC_C_LANGUAGE_STANDARD = gnu99;
				GCC_OPTIMIZATION_LEVEL = 0;
				GCC_PREPROCESSOR_DEFINITIONS = DEBUG;
				GCC_SYMBOLS_PRIVATE_EXTERN = NO;
				GCC_TREAT_WARNINGS_AS_ERRORS = YES;
				GCC_VERSION = com.apple.compilers.llvm.clang.1_0;
				GCC_WARN_64_TO_32_BIT_CONVERSION = YES;
				GCC_WARN_ABOUT_RETURN_TYPE = YES;
				GCC_WARN_UNUSED_VARIABLE = YES;
				MACOSX_DEPLOYMENT_TARGET = 10.6;
				ONLY_ACTIVE_ARCH = YES;
				SDKROOT = macosx;
			};
			name = Debug;
		};
		01937C9B13A03F5000BCE1D4 /* Release */ = {
			isa = XCBuildConfiguration;
			buildSettings = {
				ARCHS = "$(ARCHS_STANDARD_32_64_BIT)";
				CODE_SIGN_IDENTITY = "3rd Party Mac Developer Application";
				GCC_C_LANGUAGE_STANDARD = gnu99;
				GCC_TREAT_WARNINGS_AS_ERRORS = YES;
				GCC_VERSION = com.apple.compilers.llvm.clang.1_0;
				GCC_WARN_64_TO_32_BIT_CONVERSION = YES;
				GCC_WARN_ABOUT_RETURN_TYPE = YES;
				GCC_WARN_UNUSED_VARIABLE = YES;
				MACOSX_DEPLOYMENT_TARGET = 10.6;
				PROVISIONING_PROFILE = "";
				SDKROOT = macosx;
			};
			name = Release;
		};
		01937C9D13A03F5000BCE1D4 /* Debug */ = {
			isa = XCBuildConfiguration;
			buildSettings = {
				ALWAYS_SEARCH_USER_PATHS = NO;
				COPY_PHASE_STRIP = NO;
				FRAMEWORK_SEARCH_PATHS = (
					"$(inherited)",
					"\"$(SRCROOT)\"",
				);
				GCC_DYNAMIC_NO_PIC = NO;
				GCC_ENABLE_OBJC_EXCEPTIONS = YES;
				GCC_PRECOMPILE_PREFIX_HEADER = YES;
				GCC_PREFIX_HEADER = "Feeds/Feeds-Prefix.pch";
				INFOPLIST_FILE = "Feeds/Feeds-Info.plist";
				PRODUCT_NAME = Feeds;
				WRAPPER_EXTENSION = app;
			};
			name = Debug;
		};
		01937C9E13A03F5000BCE1D4 /* Release */ = {
			isa = XCBuildConfiguration;
			buildSettings = {
				ALWAYS_SEARCH_USER_PATHS = NO;
				COPY_PHASE_STRIP = YES;
				DEBUG_INFORMATION_FORMAT = "dwarf-with-dsym";
				FRAMEWORK_SEARCH_PATHS = (
					"$(inherited)",
					"\"$(SRCROOT)\"",
				);
				GCC_ENABLE_OBJC_EXCEPTIONS = YES;
				GCC_PRECOMPILE_PREFIX_HEADER = YES;
				GCC_PREFIX_HEADER = "Feeds/Feeds-Prefix.pch";
				INFOPLIST_FILE = "Feeds/Feeds-Info.plist";
				PRODUCT_NAME = Feeds;
				WRAPPER_EXTENSION = app;
			};
			name = Release;
		};
/* End XCBuildConfiguration section */

/* Begin XCConfigurationList section */
		01937C7813A03F5000BCE1D4 /* Build configuration list for PBXProject "Feeds" */ = {
			isa = XCConfigurationList;
			buildConfigurations = (
				01937C9A13A03F5000BCE1D4 /* Debug */,
				01937C9B13A03F5000BCE1D4 /* Release */,
			);
			defaultConfigurationIsVisible = 0;
			defaultConfigurationName = Release;
		};
		01937C9C13A03F5000BCE1D4 /* Build configuration list for PBXNativeTarget "Feeds" */ = {
			isa = XCConfigurationList;
			buildConfigurations = (
				01937C9D13A03F5000BCE1D4 /* Debug */,
				01937C9E13A03F5000BCE1D4 /* Release */,
			);
			defaultConfigurationIsVisible = 0;
			defaultConfigurationName = Release;
		};
/* End XCConfigurationList section */
	};
	rootObject = 01937C7513A03F5000BCE1D4 /* Project object */;
}
