// !$*UTF8*$!
{
	archiveVersion = 1;
	classes = {
	};
	objectVersion = 46;
	objects = {

/* Begin PBXBuildFile section */
		0117B30613AD27CB0018AB7C /* NSArray+Linqish.m in Sources */ = {isa = PBXBuildFile; fileRef = 0117B30513AD27CB0018AB7C /* NSArray+Linqish.m */; };
		01937C8313A03F5000BCE1D4 /* Cocoa.framework in Frameworks */ = {isa = PBXBuildFile; fileRef = 01937C8213A03F5000BCE1D4 /* Cocoa.framework */; };
		01937C8D13A03F5000BCE1D4 /* InfoPlist.strings in Resources */ = {isa = PBXBuildFile; fileRef = 01937C8B13A03F5000BCE1D4 /* InfoPlist.strings */; };
		01937C9013A03F5000BCE1D4 /* main.m in Sources */ = {isa = PBXBuildFile; fileRef = 01937C8F13A03F5000BCE1D4 /* main.m */; };
		01937C9313A03F5000BCE1D4 /* Credits.rtf in Resources */ = {isa = PBXBuildFile; fileRef = 01937C9113A03F5000BCE1D4 /* Credits.rtf */; };
		01937C9613A03F5000BCE1D4 /* AppDelegate.m in Sources */ = {isa = PBXBuildFile; fileRef = 01937C9513A03F5000BCE1D4 /* AppDelegate.m */; };
		01937C9913A03F5000BCE1D4 /* MainMenu.xib in Resources */ = {isa = PBXBuildFile; fileRef = 01937C9713A03F5000BCE1D4 /* MainMenu.xib */; };
		01937CB013A05A3A00BCE1D4 /* SMWebRequest.m in Sources */ = {isa = PBXBuildFile; fileRef = 01937CAE13A05A3A00BCE1D4 /* SMWebRequest.m */; };
		01937CB613A05A6C00BCE1D4 /* SMXMLDocument.m in Sources */ = {isa = PBXBuildFile; fileRef = 01937CB413A05A6C00BCE1D4 /* SMXMLDocument.m */; };
		01937CB913A05B8700BCE1D4 /* RSSFeed.m in Sources */ = {isa = PBXBuildFile; fileRef = 01937CB813A05B8700BCE1D4 /* RSSFeed.m */; };
		01937CBD13A08A9A00BCE1D4 /* basecamp.xml in Resources */ = {isa = PBXBuildFile; fileRef = 01937CBC13A08A9A00BCE1D4 /* basecamp.xml */; };
		01937CBF13A08AAB00BCE1D4 /* highrise.xml in Resources */ = {isa = PBXBuildFile; fileRef = 01937CBE13A08AAB00BCE1D4 /* highrise.xml */; };
		01937CC113A08AC200BCE1D4 /* dribbble.xml in Resources */ = {isa = PBXBuildFile; fileRef = 01937CC013A08AC200BCE1D4 /* dribbble.xml */; };
		01937CC313A08ACE00BCE1D4 /* github.xml in Resources */ = {isa = PBXBuildFile; fileRef = 01937CC213A08ACE00BCE1D4 /* github.xml */; };
		01F6169713AD3DCB00EBB24E /* StatusItem.png in Resources */ = {isa = PBXBuildFile; fileRef = 01F6169413AD3DCB00EBB24E /* StatusItem.png */; };
		01F6169813AD3DCB00EBB24E /* StatusItemSelected.png in Resources */ = {isa = PBXBuildFile; fileRef = 01F6169513AD3DCB00EBB24E /* StatusItemSelected.png */; };
		01F6169913AD3DCB00EBB24E /* StatusItemUnread.png in Resources */ = {isa = PBXBuildFile; fileRef = 01F6169613AD3DCB00EBB24E /* StatusItemUnread.png */; };
		01F616A813AD4AB800EBB24E /* Growl-WithInstaller.framework in Frameworks */ = {isa = PBXBuildFile; fileRef = 01F616A213AD494800EBB24E /* Growl-WithInstaller.framework */; };
		01F616A913AD4AEF00EBB24E /* Growl-WithInstaller.framework in Copy Frameworks */ = {isa = PBXBuildFile; fileRef = 01F616A213AD494800EBB24E /* Growl-WithInstaller.framework */; };
/* End PBXBuildFile section */

/* Begin PBXCopyFilesBuildPhase section */
		01F616A713AD4A5700EBB24E /* Copy Frameworks */ = {
			isa = PBXCopyFilesBuildPhase;
			buildActionMask = 2147483647;
			dstPath = "";
			dstSubfolderSpec = 10;
			files = (
				01F616A913AD4AEF00EBB24E /* Growl-WithInstaller.framework in Copy Frameworks */,
			);
			name = "Copy Frameworks";
			runOnlyForDeploymentPostprocessing = 0;
		};
/* End PBXCopyFilesBuildPhase section */

/* Begin PBXFileReference section */
		0117B30413AD27CB0018AB7C /* NSArray+Linqish.h */ = {isa = PBXFileReference; fileEncoding = 4; lastKnownFileType = sourcecode.c.h; path = "NSArray+Linqish.h"; sourceTree = "<group>"; };
		0117B30513AD27CB0018AB7C /* NSArray+Linqish.m */ = {isa = PBXFileReference; fileEncoding = 4; lastKnownFileType = sourcecode.c.objc; path = "NSArray+Linqish.m"; sourceTree = "<group>"; };
		01937C7E13A03F5000BCE1D4 /* RSSMenu.app */ = {isa = PBXFileReference; explicitFileType = wrapper.application; includeInIndex = 0; path = RSSMenu.app; sourceTree = BUILT_PRODUCTS_DIR; };
		01937C8213A03F5000BCE1D4 /* Cocoa.framework */ = {isa = PBXFileReference; lastKnownFileType = wrapper.framework; name = Cocoa.framework; path = System/Library/Frameworks/Cocoa.framework; sourceTree = SDKROOT; };
		01937C8513A03F5000BCE1D4 /* AppKit.framework */ = {isa = PBXFileReference; lastKnownFileType = wrapper.framework; name = AppKit.framework; path = System/Library/Frameworks/AppKit.framework; sourceTree = SDKROOT; };
		01937C8613A03F5000BCE1D4 /* CoreData.framework */ = {isa = PBXFileReference; lastKnownFileType = wrapper.framework; name = CoreData.framework; path = System/Library/Frameworks/CoreData.framework; sourceTree = SDKROOT; };
		01937C8713A03F5000BCE1D4 /* Foundation.framework */ = {isa = PBXFileReference; lastKnownFileType = wrapper.framework; name = Foundation.framework; path = System/Library/Frameworks/Foundation.framework; sourceTree = SDKROOT; };
		01937C8A13A03F5000BCE1D4 /* RSSMenu-Info.plist */ = {isa = PBXFileReference; lastKnownFileType = text.plist.xml; path = "RSSMenu-Info.plist"; sourceTree = "<group>"; };
		01937C8C13A03F5000BCE1D4 /* en */ = {isa = PBXFileReference; lastKnownFileType = text.plist.strings; name = en; path = en.lproj/InfoPlist.strings; sourceTree = "<group>"; };
		01937C8E13A03F5000BCE1D4 /* RSSMenu-Prefix.pch */ = {isa = PBXFileReference; lastKnownFileType = sourcecode.c.h; path = "RSSMenu-Prefix.pch"; sourceTree = "<group>"; };
		01937C8F13A03F5000BCE1D4 /* main.m */ = {isa = PBXFileReference; lastKnownFileType = sourcecode.c.objc; path = main.m; sourceTree = "<group>"; };
		01937C9213A03F5000BCE1D4 /* en */ = {isa = PBXFileReference; lastKnownFileType = text.rtf; name = en; path = en.lproj/Credits.rtf; sourceTree = "<group>"; };
		01937C9413A03F5000BCE1D4 /* AppDelegate.h */ = {isa = PBXFileReference; lastKnownFileType = sourcecode.c.h; path = AppDelegate.h; sourceTree = "<group>"; };
		01937C9513A03F5000BCE1D4 /* AppDelegate.m */ = {isa = PBXFileReference; lastKnownFileType = sourcecode.c.objc; path = AppDelegate.m; sourceTree = "<group>"; };
		01937C9813A03F5000BCE1D4 /* en */ = {isa = PBXFileReference; lastKnownFileType = file.xib; name = en; path = en.lproj/MainMenu.xib; sourceTree = "<group>"; };
		01937CAE13A05A3A00BCE1D4 /* SMWebRequest.m */ = {isa = PBXFileReference; fileEncoding = 4; lastKnownFileType = sourcecode.c.objc; name = SMWebRequest.m; path = ../../Code/rssmenu/WebRequest/SMWebRequest.m; sourceTree = "<group>"; };
		01937CAF13A05A3A00BCE1D4 /* SMWebRequest.h */ = {isa = PBXFileReference; fileEncoding = 4; lastKnownFileType = sourcecode.c.h; name = SMWebRequest.h; path = ../../Code/rssmenu/WebRequest/SMWebRequest.h; sourceTree = "<group>"; };
		01937CB413A05A6C00BCE1D4 /* SMXMLDocument.m */ = {isa = PBXFileReference; fileEncoding = 4; lastKnownFileType = sourcecode.c.objc; name = SMXMLDocument.m; path = ../../Code/rssmenu/XMLDocument/SMXMLDocument.m; sourceTree = "<group>"; };
		01937CB513A05A6C00BCE1D4 /* SMXMLDocument.h */ = {isa = PBXFileReference; fileEncoding = 4; lastKnownFileType = sourcecode.c.h; name = SMXMLDocument.h; path = ../../Code/rssmenu/XMLDocument/SMXMLDocument.h; sourceTree = "<group>"; };
		01937CB713A05B8600BCE1D4 /* RSSFeed.h */ = {isa = PBXFileReference; fileEncoding = 4; lastKnownFileType = sourcecode.c.h; path = RSSFeed.h; sourceTree = "<group>"; };
		01937CB813A05B8700BCE1D4 /* RSSFeed.m */ = {isa = PBXFileReference; fileEncoding = 4; lastKnownFileType = sourcecode.c.objc; path = RSSFeed.m; sourceTree = "<group>"; };
		01937CBC13A08A9A00BCE1D4 /* basecamp.xml */ = {isa = PBXFileReference; fileEncoding = 4; lastKnownFileType = text.xml; path = basecamp.xml; sourceTree = "<group>"; };
		01937CBE13A08AAB00BCE1D4 /* highrise.xml */ = {isa = PBXFileReference; fileEncoding = 4; lastKnownFileType = text.xml; path = highrise.xml; sourceTree = "<group>"; };
		01937CC013A08AC200BCE1D4 /* dribbble.xml */ = {isa = PBXFileReference; fileEncoding = 4; lastKnownFileType = text.xml; path = dribbble.xml; sourceTree = "<group>"; };
		01937CC213A08ACE00BCE1D4 /* github.xml */ = {isa = PBXFileReference; fileEncoding = 4; lastKnownFileType = text.xml; path = github.xml; sourceTree = "<group>"; };
		01F6169413AD3DCB00EBB24E /* StatusItem.png */ = {isa = PBXFileReference; lastKnownFileType = image.png; path = StatusItem.png; sourceTree = "<group>"; };
		01F6169513AD3DCB00EBB24E /* StatusItemSelected.png */ = {isa = PBXFileReference; lastKnownFileType = image.png; path = StatusItemSelected.png; sourceTree = "<group>"; };
		01F6169613AD3DCB00EBB24E /* StatusItemUnread.png */ = {isa = PBXFileReference; lastKnownFileType = image.png; path = StatusItemUnread.png; sourceTree = "<group>"; };
		01F616A213AD494800EBB24E /* Growl-WithInstaller.framework */ = {isa = PBXFileReference; lastKnownFileType = wrapper.framework; name = "Growl-WithInstaller.framework"; path = "../rssmenu/Growl-WithInstaller.framework"; sourceTree = "<group>"; };
/* End PBXFileReference section */

/* Begin PBXFrameworksBuildPhase section */
		01937C7B13A03F5000BCE1D4 /* Frameworks */ = {
			isa = PBXFrameworksBuildPhase;
			buildActionMask = 2147483647;
			files = (
				01937C8313A03F5000BCE1D4 /* Cocoa.framework in Frameworks */,
				01F616A813AD4AB800EBB24E /* Growl-WithInstaller.framework in Frameworks */,
			);
			runOnlyForDeploymentPostprocessing = 0;
		};
/* End PBXFrameworksBuildPhase section */

/* Begin PBXGroup section */
		0117B30313AD27640018AB7C /* Helpers */ = {
			isa = PBXGroup;
			children = (
				0117B30413AD27CB0018AB7C /* NSArray+Linqish.h */,
				0117B30513AD27CB0018AB7C /* NSArray+Linqish.m */,
			);
			name = Helpers;
			sourceTree = "<group>";
		};
		01937C7313A03F5000BCE1D4 = {
			isa = PBXGroup;
			children = (
				01937C8813A03F5000BCE1D4 /* RSSMenu */,
				01937CB213A05A5100BCE1D4 /* Libraries */,
				01937C8113A03F5000BCE1D4 /* Frameworks */,
				01937C7F13A03F5000BCE1D4 /* Products */,
			);
			sourceTree = "<group>";
		};
		01937C7F13A03F5000BCE1D4 /* Products */ = {
			isa = PBXGroup;
			children = (
				01937C7E13A03F5000BCE1D4 /* RSSMenu.app */,
			);
			name = Products;
			sourceTree = "<group>";
		};
		01937C8113A03F5000BCE1D4 /* Frameworks */ = {
			isa = PBXGroup;
			children = (
				01937C8213A03F5000BCE1D4 /* Cocoa.framework */,
				01F616A213AD494800EBB24E /* Growl-WithInstaller.framework */,
				01937C8413A03F5000BCE1D4 /* Other Frameworks */,
			);
			name = Frameworks;
			sourceTree = "<group>";
		};
		01937C8413A03F5000BCE1D4 /* Other Frameworks */ = {
			isa = PBXGroup;
			children = (
				01937C8513A03F5000BCE1D4 /* AppKit.framework */,
				01937C8613A03F5000BCE1D4 /* CoreData.framework */,
				01937C8713A03F5000BCE1D4 /* Foundation.framework */,
			);
			name = "Other Frameworks";
			sourceTree = "<group>";
		};
		01937C8813A03F5000BCE1D4 /* RSSMenu */ = {
			isa = PBXGroup;
			children = (
				01937C9413A03F5000BCE1D4 /* AppDelegate.h */,
				01937C9513A03F5000BCE1D4 /* AppDelegate.m */,
				01937CB713A05B8600BCE1D4 /* RSSFeed.h */,
				01937CB813A05B8700BCE1D4 /* RSSFeed.m */,
				01937C9713A03F5000BCE1D4 /* MainMenu.xib */,
				0117B30313AD27640018AB7C /* Helpers */,
				01937C8913A03F5000BCE1D4 /* Supporting Files */,
			);
			path = RSSMenu;
			sourceTree = "<group>";
		};
		01937C8913A03F5000BCE1D4 /* Supporting Files */ = {
			isa = PBXGroup;
			children = (
				01937CBB13A08A7500BCE1D4 /* Samples */,
				01937CA713A057FA00BCE1D4 /* Graphics */,
				01937C8A13A03F5000BCE1D4 /* RSSMenu-Info.plist */,
				01937C8B13A03F5000BCE1D4 /* InfoPlist.strings */,
				01937C8E13A03F5000BCE1D4 /* RSSMenu-Prefix.pch */,
				01937C8F13A03F5000BCE1D4 /* main.m */,
				01937C9113A03F5000BCE1D4 /* Credits.rtf */,
			);
			name = "Supporting Files";
			sourceTree = "<group>";
		};
		01937CA713A057FA00BCE1D4 /* Graphics */ = {
			isa = PBXGroup;
			children = (
				01F6169413AD3DCB00EBB24E /* StatusItem.png */,
				01F6169513AD3DCB00EBB24E /* StatusItemSelected.png */,
				01F6169613AD3DCB00EBB24E /* StatusItemUnread.png */,
			);
			name = Graphics;
			path = ../../../Code/rssmenu/RSSMenu/Graphics;
			sourceTree = "<group>";
		};
		01937CB113A05A3E00BCE1D4 /* Web Request */ = {
			isa = PBXGroup;
			children = (
				01937CAE13A05A3A00BCE1D4 /* SMWebRequest.m */,
				01937CAF13A05A3A00BCE1D4 /* SMWebRequest.h */,
			);
			name = "Web Request";
			sourceTree = "<group>";
		};
		01937CB213A05A5100BCE1D4 /* Libraries */ = {
			isa = PBXGroup;
			children = (
				01937CB313A05A6300BCE1D4 /* XML Document */,
				01937CB113A05A3E00BCE1D4 /* Web Request */,
			);
			name = Libraries;
			sourceTree = "<group>";
		};
		01937CB313A05A6300BCE1D4 /* XML Document */ = {
			isa = PBXGroup;
			children = (
				01937CB413A05A6C00BCE1D4 /* SMXMLDocument.m */,
				01937CB513A05A6C00BCE1D4 /* SMXMLDocument.h */,
			);
			name = "XML Document";
			sourceTree = "<group>";
		};
		01937CBB13A08A7500BCE1D4 /* Samples */ = {
			isa = PBXGroup;
			children = (
				01937CBC13A08A9A00BCE1D4 /* basecamp.xml */,
				01937CBE13A08AAB00BCE1D4 /* highrise.xml */,
				01937CC013A08AC200BCE1D4 /* dribbble.xml */,
				01937CC213A08ACE00BCE1D4 /* github.xml */,
			);
			name = Samples;
			path = ../../../Code/rssmenu/RSSMenu/Samples;
			sourceTree = "<group>";
		};
/* End PBXGroup section */

/* Begin PBXNativeTarget section */
		01937C7D13A03F5000BCE1D4 /* RSSMenu */ = {
			isa = PBXNativeTarget;
			buildConfigurationList = 01937C9C13A03F5000BCE1D4 /* Build configuration list for PBXNativeTarget "RSSMenu" */;
			buildPhases = (
				01937C7A13A03F5000BCE1D4 /* Sources */,
				01937C7C13A03F5000BCE1D4 /* Resources */,
				01F616A713AD4A5700EBB24E /* Copy Frameworks */,
				01937C7B13A03F5000BCE1D4 /* Frameworks */,
			);
			buildRules = (
			);
			dependencies = (
			);
			name = RSSMenu;
			productName = RSSMenu;
			productReference = 01937C7E13A03F5000BCE1D4 /* RSSMenu.app */;
			productType = "com.apple.product-type.application";
		};
/* End PBXNativeTarget section */

/* Begin PBXProject section */
		01937C7513A03F5000BCE1D4 /* Project object */ = {
			isa = PBXProject;
			attributes = {
				ORGANIZATIONNAME = "Spotlight Mobile";
			};
			buildConfigurationList = 01937C7813A03F5000BCE1D4 /* Build configuration list for PBXProject "RSSMenu" */;
			compatibilityVersion = "Xcode 3.2";
			developmentRegion = English;
			hasScannedForEncodings = 0;
			knownRegions = (
				en,
			);
			mainGroup = 01937C7313A03F5000BCE1D4;
			productRefGroup = 01937C7F13A03F5000BCE1D4 /* Products */;
			projectDirPath = "";
			projectRoot = "";
			targets = (
				01937C7D13A03F5000BCE1D4 /* RSSMenu */,
			);
		};
/* End PBXProject section */

/* Begin PBXResourcesBuildPhase section */
		01937C7C13A03F5000BCE1D4 /* Resources */ = {
			isa = PBXResourcesBuildPhase;
			buildActionMask = 2147483647;
			files = (
				01937C8D13A03F5000BCE1D4 /* InfoPlist.strings in Resources */,
				01937C9313A03F5000BCE1D4 /* Credits.rtf in Resources */,
				01937C9913A03F5000BCE1D4 /* MainMenu.xib in Resources */,
				01937CBD13A08A9A00BCE1D4 /* basecamp.xml in Resources */,
				01937CBF13A08AAB00BCE1D4 /* highrise.xml in Resources */,
				01937CC113A08AC200BCE1D4 /* dribbble.xml in Resources */,
				01937CC313A08ACE00BCE1D4 /* github.xml in Resources */,
				01F6169713AD3DCB00EBB24E /* StatusItem.png in Resources */,
				01F6169813AD3DCB00EBB24E /* StatusItemSelected.png in Resources */,
				01F6169913AD3DCB00EBB24E /* StatusItemUnread.png in Resources */,
			);
			runOnlyForDeploymentPostprocessing = 0;
		};
/* End PBXResourcesBuildPhase section */

/* Begin PBXSourcesBuildPhase section */
		01937C7A13A03F5000BCE1D4 /* Sources */ = {
			isa = PBXSourcesBuildPhase;
			buildActionMask = 2147483647;
			files = (
				01937C9013A03F5000BCE1D4 /* main.m in Sources */,
				01937C9613A03F5000BCE1D4 /* AppDelegate.m in Sources */,
				01937CB013A05A3A00BCE1D4 /* SMWebRequest.m in Sources */,
				01937CB613A05A6C00BCE1D4 /* SMXMLDocument.m in Sources */,
				01937CB913A05B8700BCE1D4 /* RSSFeed.m in Sources */,
				0117B30613AD27CB0018AB7C /* NSArray+Linqish.m in Sources */,
			);
			runOnlyForDeploymentPostprocessing = 0;
		};
/* End PBXSourcesBuildPhase section */

/* Begin PBXVariantGroup section */
		01937C8B13A03F5000BCE1D4 /* InfoPlist.strings */ = {
			isa = PBXVariantGroup;
			children = (
				01937C8C13A03F5000BCE1D4 /* en */,
			);
			name = InfoPlist.strings;
			sourceTree = "<group>";
		};
		01937C9113A03F5000BCE1D4 /* Credits.rtf */ = {
			isa = PBXVariantGroup;
			children = (
				01937C9213A03F5000BCE1D4 /* en */,
			);
			name = Credits.rtf;
			sourceTree = "<group>";
		};
		01937C9713A03F5000BCE1D4 /* MainMenu.xib */ = {
			isa = PBXVariantGroup;
			children = (
				01937C9813A03F5000BCE1D4 /* en */,
			);
			name = MainMenu.xib;
			sourceTree = "<group>";
		};
/* End PBXVariantGroup section */

/* Begin XCBuildConfiguration section */
		01937C9A13A03F5000BCE1D4 /* Debug */ = {
			isa = XCBuildConfiguration;
			buildSettings = {
				ARCHS = "$(ARCHS_STANDARD_32_64_BIT)";
				GCC_C_LANGUAGE_STANDARD = gnu99;
				GCC_OPTIMIZATION_LEVEL = 0;
				GCC_PREPROCESSOR_DEFINITIONS = DEBUG;
				GCC_SYMBOLS_PRIVATE_EXTERN = NO;
				GCC_TREAT_WARNINGS_AS_ERRORS = YES;
				GCC_VERSION = com.apple.compilers.llvm.clang.1_0;
				GCC_WARN_64_TO_32_BIT_CONVERSION = YES;
				GCC_WARN_ABOUT_RETURN_TYPE = YES;
				GCC_WARN_UNUSED_VARIABLE = YES;
				MACOSX_DEPLOYMENT_TARGET = 10.6;
				ONLY_ACTIVE_ARCH = YES;
				SDKROOT = macosx;
			};
			name = Debug;
		};
		01937C9B13A03F5000BCE1D4 /* Release */ = {
			isa = XCBuildConfiguration;
			buildSettings = {
				ARCHS = "$(ARCHS_STANDARD_32_64_BIT)";
				GCC_C_LANGUAGE_STANDARD = gnu99;
				GCC_TREAT_WARNINGS_AS_ERRORS = YES;
				GCC_VERSION = com.apple.compilers.llvm.clang.1_0;
				GCC_WARN_64_TO_32_BIT_CONVERSION = YES;
				GCC_WARN_ABOUT_RETURN_TYPE = YES;
				GCC_WARN_UNUSED_VARIABLE = YES;
				MACOSX_DEPLOYMENT_TARGET = 10.6;
				SDKROOT = macosx;
			};
			name = Release;
		};
		01937C9D13A03F5000BCE1D4 /* Debug */ = {
			isa = XCBuildConfiguration;
			buildSettings = {
				ALWAYS_SEARCH_USER_PATHS = NO;
				COPY_PHASE_STRIP = NO;
				FRAMEWORK_SEARCH_PATHS = (
					"$(inherited)",
					"\"$(SRCROOT)/../rssmenu\"",
				);
				GCC_DYNAMIC_NO_PIC = NO;
				GCC_ENABLE_OBJC_EXCEPTIONS = YES;
				GCC_PRECOMPILE_PREFIX_HEADER = YES;
				GCC_PREFIX_HEADER = "RSSMenu/RSSMenu-Prefix.pch";
				INFOPLIST_FILE = "RSSMenu/RSSMenu-Info.plist";
				PRODUCT_NAME = "$(TARGET_NAME)";
				WRAPPER_EXTENSION = app;
			};
			name = Debug;
		};
		01937C9E13A03F5000BCE1D4 /* Release */ = {
			isa = XCBuildConfiguration;
			buildSettings = {
				ALWAYS_SEARCH_USER_PATHS = NO;
				COPY_PHASE_STRIP = YES;
				DEBUG_INFORMATION_FORMAT = "dwarf-with-dsym";
				FRAMEWORK_SEARCH_PATHS = (
					"$(inherited)",
					"\"$(SRCROOT)/../rssmenu\"",
				);
				GCC_ENABLE_OBJC_EXCEPTIONS = YES;
				GCC_PRECOMPILE_PREFIX_HEADER = YES;
				GCC_PREFIX_HEADER = "RSSMenu/RSSMenu-Prefix.pch";
				INFOPLIST_FILE = "RSSMenu/RSSMenu-Info.plist";
				PRODUCT_NAME = "$(TARGET_NAME)";
				WRAPPER_EXTENSION = app;
			};
			name = Release;
		};
/* End XCBuildConfiguration section */

/* Begin XCConfigurationList section */
		01937C7813A03F5000BCE1D4 /* Build configuration list for PBXProject "RSSMenu" */ = {
			isa = XCConfigurationList;
			buildConfigurations = (
				01937C9A13A03F5000BCE1D4 /* Debug */,
				01937C9B13A03F5000BCE1D4 /* Release */,
			);
			defaultConfigurationIsVisible = 0;
			defaultConfigurationName = Release;
		};
		01937C9C13A03F5000BCE1D4 /* Build configuration list for PBXNativeTarget "RSSMenu" */ = {
			isa = XCConfigurationList;
			buildConfigurations = (
				01937C9D13A03F5000BCE1D4 /* Debug */,
				01937C9E13A03F5000BCE1D4 /* Release */,
			);
			defaultConfigurationIsVisible = 0;
			defaultConfigurationName = Release;
		};
/* End XCConfigurationList section */
	};
	rootObject = 01937C7513A03F5000BCE1D4 /* Project object */;
}
